// !$*UTF8*$!
{
	archiveVersion = 1;
	classes = {
	};
	objectVersion = 46;
	objects = {

/* Begin PBXBuildFile section */
		B5E9B69D150C78EB00DF50F7 /* Foundation.framework in Frameworks */ = {isa = PBXBuildFile; fileRef = B5E9B69C150C78EB00DF50F7 /* Foundation.framework */; };
		B5E9B6A0150C78EB00DF50F7 /* main.m in Sources */ = {isa = PBXBuildFile; fileRef = B5E9B69F150C78EB00DF50F7 /* main.m */; };
		B5E9B6A4150C78EB00DF50F7 /* program1.1 in CopyFiles */ = {isa = PBXBuildFile; fileRef = B5E9B6A3150C78EB00DF50F7 /* program1.1 */; };
/* End PBXBuildFile section */

/* Begin PBXCopyFilesBuildPhase section */
		B5E9B696150C78EB00DF50F7 /* CopyFiles */ = {
			isa = PBXCopyFilesBuildPhase;
			buildActionMask = 2147483647;
			dstPath = /usr/share/man/man1/;
			dstSubfolderSpec = 0;
			files = (
				B5E9B6A4150C78EB00DF50F7 /* program1.1 in CopyFiles */,
			);
			runOnlyForDeploymentPostprocessing = 1;
		};
/* End PBXCopyFilesBuildPhase section */

/* Begin PBXFileReference section */
		B5E9B698150C78EB00DF50F7 /* program1 */ = {isa = PBXFileReference; explicitFileType = "compiled.mach-o.executable"; includeInIndex = 0; path = program1; sourceTree = BUILT_PRODUCTS_DIR; };
		B5E9B69C150C78EB00DF50F7 /* Foundation.framework */ = {isa = PBXFileReference; lastKnownFileType = wrapper.framework; name = Foundation.framework; path = System/Library/Frameworks/Foundation.framework; sourceTree = SDKROOT; };
		B5E9B69F150C78EB00DF50F7 /* main.m */ = {isa = PBXFileReference; lastKnownFileType = sourcecode.c.objc; path = main.m; sourceTree = "<group>"; };
		B5E9B6A2150C78EB00DF50F7 /* program1-Prefix.pch */ = {isa = PBXFileReference; path = "program1-Prefix.pch"; sourceTree = "<group>"; };
		B5E9B6A3150C78EB00DF50F7 /* program1.1 */ = {isa = PBXFileReference; lastKnownFileType = text.man; path = program1.1; sourceTree = "<group>"; };
/* End PBXFileReference section */

/* Begin PBXFrameworksBuildPhase section */
		B5E9B695150C78EB00DF50F7 /* Frameworks */ = {
			isa = PBXFrameworksBuildPhase;
			buildActionMask = 2147483647;
			files = (
				B5E9B69D150C78EB00DF50F7 /* Foundation.framework in Frameworks */,
			);
			runOnlyForDeploymentPostprocessing = 0;
		};
/* End PBXFrameworksBuildPhase section */

/* Begin PBXGroup section */
		B5E9B68D150C78EB00DF50F7 = {
			isa = PBXGroup;
			children = (
				B5E9B69E150C78EB00DF50F7 /* program1 */,
				B5E9B69B150C78EB00DF50F7 /* Frameworks */,
				B5E9B699150C78EB00DF50F7 /* Products */,
			);
			sourceTree = "<group>";
		};
		B5E9B699150C78EB00DF50F7 /* Products */ = {
			isa = PBXGroup;
			children = (
				B5E9B698150C78EB00DF50F7 /* program1 */,
			);
			name = Products;
			sourceTree = "<group>";
		};
		B5E9B69B150C78EB00DF50F7 /* Frameworks */ = {
			isa = PBXGroup;
			children = (
				B5E9B69C150C78EB00DF50F7 /* Foundation.framework */,
			);
			name = Frameworks;
			sourceTree = "<group>";
		};
		B5E9B69E150C78EB00DF50F7 /* program1 */ = {
			isa = PBXGroup;
			children = (
				B5E9B69F150C78EB00DF50F7 /* main.m */,
				B5E9B6A3150C78EB00DF50F7 /* program1.1 */,
				B5E9B6A1150C78EB00DF50F7 /* Supporting Files */,
			);
			path = program1;
			sourceTree = "<group>";
		};
		B5E9B6A1150C78EB00DF50F7 /* Supporting Files */ = {
			isa = PBXGroup;
			children = (
				B5E9B6A2150C78EB00DF50F7 /* program1-Prefix.pch */,
			);
			name = "Supporting Files";
			sourceTree = "<group>";
		};
/* End PBXGroup section */

/* Begin PBXNativeTarget section */
		B5E9B697150C78EB00DF50F7 /* program1 */ = {
			isa = PBXNativeTarget;
			buildConfigurationList = B5E9B6A7150C78EB00DF50F7 /* Build configuration list for PBXNativeTarget "program1" */;
			buildPhases = (
				B5E9B694150C78EB00DF50F7 /* Sources */,
				B5E9B695150C78EB00DF50F7 /* Frameworks */,
				B5E9B696150C78EB00DF50F7 /* CopyFiles */,
			);
			buildRules = (
			);
			dependencies = (
			);
			name = program1;
			productName = program1;
			productReference = B5E9B698150C78EB00DF50F7 /* program1 */;
			productType = "com.apple.product-type.tool";
		};
/* End PBXNativeTarget section */

/* Begin PBXProject section */
		B5E9B68F150C78EB00DF50F7 /* Project object */ = {
			isa = PBXProject;
			attributes = {
				LastUpgradeCheck = 0430;
			};
			buildConfigurationList = B5E9B692150C78EB00DF50F7 /* Build configuration list for PBXProject "program1" */;
			compatibilityVersion = "Xcode 3.2";
			developmentRegion = English;
			hasScannedForEncodings = 0;
			knownRegions = (
				en,
			);
			mainGroup = B5E9B68D150C78EB00DF50F7;
			productRefGroup = B5E9B699150C78EB00DF50F7 /* Products */;
			projectDirPath = "";
			projectRoot = "";
			targets = (
				B5E9B697150C78EB00DF50F7 /* program1 */,
			);
		};
/* End PBXProject section */

/* Begin PBXSourcesBuildPhase section */
		B5E9B694150C78EB00DF50F7 /* Sources */ = {
			isa = PBXSourcesBuildPhase;
			buildActionMask = 2147483647;
			files = (
				B5E9B6A0150C78EB00DF50F7 /* main.m in Sources */,
			);
			runOnlyForDeploymentPostprocessing = 0;
		};
/* End PBXSourcesBuildPhase section */

/* Begin XCBuildConfiguration section */
		B5E9B6A5150C78EB00DF50F7 /* Debug */ = {
			isa = XCBuildConfiguration;
			buildSettings = {
				ALWAYS_SEARCH_USER_PATHS = NO;
				ARCHS = "$(ARCHS_STANDARD_64_BIT)";
				CLANG_ENABLE_OBJC_ARC = YES;
				COPY_PHASE_STRIP = NO;
				GCC_C_LANGUAGE_STANDARD = gnu99;
				GCC_DYNAMIC_NO_PIC = NO;
				GCC_ENABLE_OBJC_EXCEPTIONS = YES;
				GCC_OPTIMIZATION_LEVEL = 0;
				GCC_PREPROCESSOR_DEFINITIONS = (
					"DEBUG=1",
					"$(inherited)",
				);
				GCC_SYMBOLS_PRIVATE_EXTERN = NO;
				GCC_VERSION = com.apple.compilers.llvm.clang.1_0;
				GCC_WARN_64_TO_32_BIT_CONVERSION = YES;
				GCC_WARN_ABOUT_RETURN_TYPE = YES;
				GCC_WARN_UNINITIALIZED_AUTOS = YES;
				GCC_WARN_UNUSED_VARIABLE = YES;
				MACOSX_DEPLOYMENT_TARGET = 10.7;
				ONLY_ACTIVE_ARCH = YES;
				SDKROOT = macosx;
			};
			name = Debug;
		};
		B5E9B6A6150C78EB00DF50F7 /* Release */ = {
			isa = XCBuildConfiguration;
			buildSettings = {
				ALWAYS_SEARCH_USER_PATHS = NO;
				ARCHS = "$(ARCHS_STANDARD_64_BIT)";
				CLANG_ENABLE_OBJC_ARC = YES;
				COPY_PHASE_STRIP = YES;
				DEBUG_INFORMATION_FORMAT = "dwarf-with-dsym";
				GCC_C_LANGUAGE_STANDARD = gnu99;
				GCC_ENABLE_OBJC_EXCEPTIONS = YES;
				GCC_VERSION = com.apple.compilers.llvm.clang.1_0;
				GCC_WARN_64_TO_32_BIT_CONVERSION = YES;
				GCC_WARN_ABOUT_RETURN_TYPE = YES;
				GCC_WARN_UNINITIALIZED_AUTOS = YES;
				GCC_WARN_UNUSED_VARIABLE = YES;
				MACOSX_DEPLOYMENT_TARGET = 10.7;
				SDKROOT = macosx;
			};
			name = Release;
		};
		B5E9B6A8150C78EB00DF50F7 /* Debug */ = {
			isa = XCBuildConfiguration;
			buildSettings = {
				GCC_PRECOMPILE_PREFIX_HEADER = YES;
				GCC_PREFIX_HEADER = "program1/program1-Prefix.pch";
				PRODUCT_NAME = "$(TARGET_NAME)";
			};
			name = Debug;
		};
		B5E9B6A9150C78EB00DF50F7 /* Release */ = {
			isa = XCBuildConfiguration;
			buildSettings = {
				GCC_PRECOMPILE_PREFIX_HEADER = YES;
				GCC_PREFIX_HEADER = "program1/program1-Prefix.pch";
				PRODUCT_NAME = "$(TARGET_NAME)";
			};
			name = Release;
		};
/* End XCBuildConfiguration section */

/* Begin XCConfigurationList section */
		B5E9B692150C78EB00DF50F7 /* Build configuration list for PBXProject "program1" */ = {
			isa = XCConfigurationList;
			buildConfigurations = (
				B5E9B6A5150C78EB00DF50F7 /* Debug */,
				B5E9B6A6150C78EB00DF50F7 /* Release */,
			);
			defaultConfigurationIsVisible = 0;
			defaultConfigurationName = Release;
		};
		B5E9B6A7150C78EB00DF50F7 /* Build configuration list for PBXNativeTarget "program1" */ = {
			isa = XCConfigurationList;
			buildConfigurations = (
				B5E9B6A8150C78EB00DF50F7 /* Debug */,
				B5E9B6A9150C78EB00DF50F7 /* Release */,
			);
			defaultConfigurationIsVisible = 0;
		};
/* End XCConfigurationList section */
	};
	rootObject = B5E9B68F150C78EB00DF50F7 /* Project object */;
}
