// !$*UTF8*$!
{
	archiveVersion = 1;
	classes = {
	};
	objectVersion = 45;
	objects = {

/* Begin PBXBuildFile section */
		1D3623260D0F684500981E51 /* BigBuckBunnyAppDelegate.m in Sources */ = {isa = PBXBuildFile; fileRef = 1D3623250D0F684500981E51 /* BigBuckBunnyAppDelegate.m */; };
		1D60589B0D05DD56006BFB54 /* main.m in Sources */ = {isa = PBXBuildFile; fileRef = 29B97316FDCFA39411CA2CEA /* main.m */; };
		1D60589F0D05DD5A006BFB54 /* Foundation.framework in Frameworks */ = {isa = PBXBuildFile; fileRef = 1D30AB110D05D00D00671497 /* Foundation.framework */; };
		1DF5F4E00D08C38300B7A737 /* UIKit.framework in Frameworks */ = {isa = PBXBuildFile; fileRef = 1DF5F4DF0D08C38300B7A737 /* UIKit.framework */; };
		22D8F51912734E9600561388 /* MediaPlayer.framework in Frameworks */ = {isa = PBXBuildFile; fileRef = 22D8F51812734E9600561388 /* MediaPlayer.framework */; };
		288765A50DF7441C002DB57D /* CoreGraphics.framework in Frameworks */ = {isa = PBXBuildFile; fileRef = 288765A40DF7441C002DB57D /* CoreGraphics.framework */; };
		2899E5220DE3E06400AC0155 /* BigBuckBunnyViewController.xib in Resources */ = {isa = PBXBuildFile; fileRef = 2899E5210DE3E06400AC0155 /* BigBuckBunnyViewController.xib */; };
		28AD733F0D9D9553002E5188 /* MainWindow.xib in Resources */ = {isa = PBXBuildFile; fileRef = 28AD733E0D9D9553002E5188 /* MainWindow.xib */; };
		28D7ACF80DDB3853001CB0EB /* BigBuckBunnyViewController.m in Sources */ = {isa = PBXBuildFile; fileRef = 28D7ACF70DDB3853001CB0EB /* BigBuckBunnyViewController.m */; };
		B54D91841519A1EE00569702 /* froggie-sophie.mp4 in Resources */ = {isa = PBXBuildFile; fileRef = B54D91831519A16F00569702 /* froggie-sophie.mp4 */; };
		B54D91871519A4B600569702 /* froggie-pressed.png in Resources */ = {isa = PBXBuildFile; fileRef = B54D91851519A4B600569702 /* froggie-pressed.png */; };
		B54D91881519A4B600569702 /* froggie-unpressed.png in Resources */ = {isa = PBXBuildFile; fileRef = B54D91861519A4B600569702 /* froggie-unpressed.png */; };
		B54D918B1519A55600569702 /* MainWindow-iPad.xib in Resources */ = {isa = PBXBuildFile; fileRef = B54D918A1519A55600569702 /* MainWindow-iPad.xib */; };
		B54D918D1519A60500569702 /* icon.png in Resources */ = {isa = PBXBuildFile; fileRef = B54D918C1519A60500569702 /* icon.png */; };
		B54D918F1519A6C000569702 /* icon-hires.png in Resources */ = {isa = PBXBuildFile; fileRef = B54D918E1519A6C000569702 /* icon-hires.png */; };
		B54D91911519A7A900569702 /* Default.png in Resources */ = {isa = PBXBuildFile; fileRef = B54D91901519A7A900569702 /* Default.png */; };
		B54D91931519A7B200569702 /* Default@2x.png in Resources */ = {isa = PBXBuildFile; fileRef = B54D91921519A7B200569702 /* Default@2x.png */; };
		B54D91951519A86E00569702 /* icon-72.png in Resources */ = {isa = PBXBuildFile; fileRef = B54D91941519A86E00569702 /* icon-72.png */; };
		B54D91971519A87200569702 /* icon-144.png in Resources */ = {isa = PBXBuildFile; fileRef = B54D91961519A87200569702 /* icon-144.png */; };
		B56485D6151AF5AE00A3A555 /* wheels.mp4 in Resources */ = {isa = PBXBuildFile; fileRef = B56485D5151AF5AE00A3A555 /* wheels.mp4 */; };
/* End PBXBuildFile section */

/* Begin PBXFileReference section */
		1D30AB110D05D00D00671497 /* Foundation.framework */ = {isa = PBXFileReference; lastKnownFileType = wrapper.framework; name = Foundation.framework; path = System/Library/Frameworks/Foundation.framework; sourceTree = SDKROOT; };
		1D3623240D0F684500981E51 /* BigBuckBunnyAppDelegate.h */ = {isa = PBXFileReference; fileEncoding = 4; lastKnownFileType = sourcecode.c.h; path = BigBuckBunnyAppDelegate.h; sourceTree = "<group>"; };
		1D3623250D0F684500981E51 /* BigBuckBunnyAppDelegate.m */ = {isa = PBXFileReference; fileEncoding = 4; lastKnownFileType = sourcecode.c.objc; path = BigBuckBunnyAppDelegate.m; sourceTree = "<group>"; };
		1D6058910D05DD3D006BFB54 /* SophieWorld.app */ = {isa = PBXFileReference; explicitFileType = wrapper.application; includeInIndex = 0; path = SophieWorld.app; sourceTree = BUILT_PRODUCTS_DIR; };
		1DF5F4DF0D08C38300B7A737 /* UIKit.framework */ = {isa = PBXFileReference; lastKnownFileType = wrapper.framework; name = UIKit.framework; path = System/Library/Frameworks/UIKit.framework; sourceTree = SDKROOT; };
		22D8F51812734E9600561388 /* MediaPlayer.framework */ = {isa = PBXFileReference; lastKnownFileType = wrapper.framework; name = MediaPlayer.framework; path = System/Library/Frameworks/MediaPlayer.framework; sourceTree = SDKROOT; };
		288765A40DF7441C002DB57D /* CoreGraphics.framework */ = {isa = PBXFileReference; lastKnownFileType = wrapper.framework; name = CoreGraphics.framework; path = System/Library/Frameworks/CoreGraphics.framework; sourceTree = SDKROOT; };
		2899E5210DE3E06400AC0155 /* BigBuckBunnyViewController.xib */ = {isa = PBXFileReference; lastKnownFileType = file.xib; path = BigBuckBunnyViewController.xib; sourceTree = "<group>"; };
		28AD733E0D9D9553002E5188 /* MainWindow.xib */ = {isa = PBXFileReference; lastKnownFileType = file.xib; path = MainWindow.xib; sourceTree = "<group>"; };
		28D7ACF60DDB3853001CB0EB /* BigBuckBunnyViewController.h */ = {isa = PBXFileReference; fileEncoding = 4; lastKnownFileType = sourcecode.c.h; path = BigBuckBunnyViewController.h; sourceTree = "<group>"; };
		28D7ACF70DDB3853001CB0EB /* BigBuckBunnyViewController.m */ = {isa = PBXFileReference; fileEncoding = 4; lastKnownFileType = sourcecode.c.objc; path = BigBuckBunnyViewController.m; sourceTree = "<group>"; };
		29B97316FDCFA39411CA2CEA /* main.m */ = {isa = PBXFileReference; fileEncoding = 4; lastKnownFileType = sourcecode.c.objc; path = main.m; sourceTree = "<group>"; };
		32CA4F630368D1EE00C91783 /* BigBuckBunny_Prefix.pch */ = {isa = PBXFileReference; fileEncoding = 4; lastKnownFileType = sourcecode.c.h; path = BigBuckBunny_Prefix.pch; sourceTree = "<group>"; };
		8D1107310486CEB800E47090 /* BigBuckBunny-Info.plist */ = {isa = PBXFileReference; fileEncoding = 4; lastKnownFileType = text.plist.xml; path = "BigBuckBunny-Info.plist"; plistStructureDefinitionIdentifier = "com.apple.xcode.plist.structure-definition.iphone.info-plist"; sourceTree = "<group>"; };
		B54D91831519A16F00569702 /* froggie-sophie.mp4 */ = {isa = PBXFileReference; lastKnownFileType = file; path = "froggie-sophie.mp4"; sourceTree = "<group>"; };
		B54D91851519A4B600569702 /* froggie-pressed.png */ = {isa = PBXFileReference; lastKnownFileType = image.png; path = "froggie-pressed.png"; sourceTree = "<group>"; };
		B54D91861519A4B600569702 /* froggie-unpressed.png */ = {isa = PBXFileReference; lastKnownFileType = image.png; path = "froggie-unpressed.png"; sourceTree = "<group>"; };
		B54D918A1519A55600569702 /* MainWindow-iPad.xib */ = {isa = PBXFileReference; lastKnownFileType = file.xib; name = "MainWindow-iPad.xib"; path = "iPad/MainWindow-iPad.xib"; sourceTree = "<group>"; };
		B54D918C1519A60500569702 /* icon.png */ = {isa = PBXFileReference; lastKnownFileType = image.png; path = icon.png; sourceTree = "<group>"; };
		B54D918E1519A6C000569702 /* icon-hires.png */ = {isa = PBXFileReference; lastKnownFileType = image.png; path = "icon-hires.png"; sourceTree = "<group>"; };
		B54D91901519A7A900569702 /* Default.png */ = {isa = PBXFileReference; lastKnownFileType = image.png; path = Default.png; sourceTree = "<group>"; };
		B54D91921519A7B200569702 /* Default@2x.png */ = {isa = PBXFileReference; lastKnownFileType = image.png; path = "Default@2x.png"; sourceTree = "<group>"; };
		B54D91941519A86E00569702 /* icon-72.png */ = {isa = PBXFileReference; lastKnownFileType = image.png; path = "icon-72.png"; sourceTree = "<group>"; };
		B54D91961519A87200569702 /* icon-144.png */ = {isa = PBXFileReference; lastKnownFileType = image.png; path = "icon-144.png"; sourceTree = "<group>"; };
		B56485D5151AF5AE00A3A555 /* wheels.mp4 */ = {isa = PBXFileReference; lastKnownFileType = file; path = wheels.mp4; sourceTree = "<group>"; };
/* End PBXFileReference section */

/* Begin PBXFrameworksBuildPhase section */
		1D60588F0D05DD3D006BFB54 /* Frameworks */ = {
			isa = PBXFrameworksBuildPhase;
			buildActionMask = 2147483647;
			files = (
				1D60589F0D05DD5A006BFB54 /* Foundation.framework in Frameworks */,
				1DF5F4E00D08C38300B7A737 /* UIKit.framework in Frameworks */,
				288765A50DF7441C002DB57D /* CoreGraphics.framework in Frameworks */,
				22D8F51912734E9600561388 /* MediaPlayer.framework in Frameworks */,
			);
			runOnlyForDeploymentPostprocessing = 0;
		};
/* End PBXFrameworksBuildPhase section */

/* Begin PBXGroup section */
		080E96DDFE201D6D7F000001 /* Classes */ = {
			isa = PBXGroup;
			children = (
				1D3623240D0F684500981E51 /* BigBuckBunnyAppDelegate.h */,
				1D3623250D0F684500981E51 /* BigBuckBunnyAppDelegate.m */,
				28D7ACF60DDB3853001CB0EB /* BigBuckBunnyViewController.h */,
				28D7ACF70DDB3853001CB0EB /* BigBuckBunnyViewController.m */,
			);
			path = Classes;
			sourceTree = "<group>";
		};
		19C28FACFE9D520D11CA2CBB /* Products */ = {
			isa = PBXGroup;
			children = (
				1D6058910D05DD3D006BFB54 /* SophieWorld.app */,
			);
			name = Products;
			sourceTree = "<group>";
		};
		22D8F4DD12734B4200561388 /* images */ = {
			isa = PBXGroup;
			children = (
				B54D91961519A87200569702 /* icon-144.png */,
				B54D91941519A86E00569702 /* icon-72.png */,
				B54D91921519A7B200569702 /* Default@2x.png */,
				B54D91901519A7A900569702 /* Default.png */,
				B54D918E1519A6C000569702 /* icon-hires.png */,
				B54D918C1519A60500569702 /* icon.png */,
				B54D91851519A4B600569702 /* froggie-pressed.png */,
				B54D91861519A4B600569702 /* froggie-unpressed.png */,
			);
			name = images;
			sourceTree = "<group>";
		};
		22D8F4DE12734B4700561388 /* video */ = {
			isa = PBXGroup;
			children = (
				B56485D5151AF5AE00A3A555 /* wheels.mp4 */,
				B54D91831519A16F00569702 /* froggie-sophie.mp4 */,
			);
			name = video;
			sourceTree = "<group>";
		};
		29B97314FDCFA39411CA2CEA /* CustomTemplate */ = {
			isa = PBXGroup;
			children = (
				080E96DDFE201D6D7F000001 /* Classes */,
				29B97315FDCFA39411CA2CEA /* Other Sources */,
				29B97317FDCFA39411CA2CEA /* Resources */,
				B54D91891519A55600569702 /* iPad */,
				29B97323FDCFA39411CA2CEA /* Frameworks */,
				19C28FACFE9D520D11CA2CBB /* Products */,
			);
			name = CustomTemplate;
			sourceTree = "<group>";
		};
		29B97315FDCFA39411CA2CEA /* Other Sources */ = {
			isa = PBXGroup;
			children = (
				32CA4F630368D1EE00C91783 /* BigBuckBunny_Prefix.pch */,
				29B97316FDCFA39411CA2CEA /* main.m */,
			);
			name = "Other Sources";
			sourceTree = "<group>";
		};
		29B97317FDCFA39411CA2CEA /* Resources */ = {
			isa = PBXGroup;
			children = (
				22D8F4DD12734B4200561388 /* images */,
				22D8F4DE12734B4700561388 /* video */,
				2899E5210DE3E06400AC0155 /* BigBuckBunnyViewController.xib */,
				28AD733E0D9D9553002E5188 /* MainWindow.xib */,
				8D1107310486CEB800E47090 /* BigBuckBunny-Info.plist */,
			);
			name = Resources;
			sourceTree = "<group>";
		};
		29B97323FDCFA39411CA2CEA /* Frameworks */ = {
			isa = PBXGroup;
			children = (
				22D8F51812734E9600561388 /* MediaPlayer.framework */,
				1DF5F4DF0D08C38300B7A737 /* UIKit.framework */,
				1D30AB110D05D00D00671497 /* Foundation.framework */,
				288765A40DF7441C002DB57D /* CoreGraphics.framework */,
			);
			name = Frameworks;
			sourceTree = "<group>";
		};
		B54D91891519A55600569702 /* iPad */ = {
			isa = PBXGroup;
			children = (
				B54D918A1519A55600569702 /* MainWindow-iPad.xib */,
			);
			name = iPad;
			sourceTree = "<group>";
		};
/* End PBXGroup section */

/* Begin PBXNativeTarget section */
		1D6058900D05DD3D006BFB54 /* BigBuckBunny */ = {
			isa = PBXNativeTarget;
			buildConfigurationList = 1D6058960D05DD3E006BFB54 /* Build configuration list for PBXNativeTarget "BigBuckBunny" */;
			buildPhases = (
				1D60588D0D05DD3D006BFB54 /* Resources */,
				1D60588E0D05DD3D006BFB54 /* Sources */,
				1D60588F0D05DD3D006BFB54 /* Frameworks */,
			);
			buildRules = (
			);
			dependencies = (
			);
			name = BigBuckBunny;
			productName = BigBuckBunny;
			productReference = 1D6058910D05DD3D006BFB54 /* SophieWorld.app */;
			productType = "com.apple.product-type.application";
		};
/* End PBXNativeTarget section */

/* Begin PBXProject section */
		29B97313FDCFA39411CA2CEA /* Project object */ = {
			isa = PBXProject;
			buildConfigurationList = C01FCF4E08A954540054247B /* Build configuration list for PBXProject "Sophie-World" */;
			compatibilityVersion = "Xcode 3.1";
			developmentRegion = English;
			hasScannedForEncodings = 1;
			knownRegions = (
				English,
				Japanese,
				French,
				German,
			);
			mainGroup = 29B97314FDCFA39411CA2CEA /* CustomTemplate */;
			projectDirPath = "";
			projectRoot = "";
			targets = (
				1D6058900D05DD3D006BFB54 /* BigBuckBunny */,
			);
		};
/* End PBXProject section */

/* Begin PBXResourcesBuildPhase section */
		1D60588D0D05DD3D006BFB54 /* Resources */ = {
			isa = PBXResourcesBuildPhase;
			buildActionMask = 2147483647;
			files = (
				28AD733F0D9D9553002E5188 /* MainWindow.xib in Resources */,
				2899E5220DE3E06400AC0155 /* BigBuckBunnyViewController.xib in Resources */,
				B54D91841519A1EE00569702 /* froggie-sophie.mp4 in Resources */,
				B54D91871519A4B600569702 /* froggie-pressed.png in Resources */,
				B54D91881519A4B600569702 /* froggie-unpressed.png in Resources */,
				B54D918B1519A55600569702 /* MainWindow-iPad.xib in Resources */,
				B54D918D1519A60500569702 /* icon.png in Resources */,
				B54D918F1519A6C000569702 /* icon-hires.png in Resources */,
				B54D91911519A7A900569702 /* Default.png in Resources */,
				B54D91931519A7B200569702 /* Default@2x.png in Resources */,
				B54D91951519A86E00569702 /* icon-72.png in Resources */,
				B54D91971519A87200569702 /* icon-144.png in Resources */,
				B56485D6151AF5AE00A3A555 /* wheels.mp4 in Resources */,
			);
			runOnlyForDeploymentPostprocessing = 0;
		};
/* End PBXResourcesBuildPhase section */

/* Begin PBXSourcesBuildPhase section */
		1D60588E0D05DD3D006BFB54 /* Sources */ = {
			isa = PBXSourcesBuildPhase;
			buildActionMask = 2147483647;
			files = (
				1D60589B0D05DD56006BFB54 /* main.m in Sources */,
				1D3623260D0F684500981E51 /* BigBuckBunnyAppDelegate.m in Sources */,
				28D7ACF80DDB3853001CB0EB /* BigBuckBunnyViewController.m in Sources */,
			);
			runOnlyForDeploymentPostprocessing = 0;
		};
/* End PBXSourcesBuildPhase section */

/* Begin XCBuildConfiguration section */
		1D6058940D05DD3E006BFB54 /* Debug */ = {
			isa = XCBuildConfiguration;
			buildSettings = {
				ALWAYS_SEARCH_USER_PATHS = NO;
				COPY_PHASE_STRIP = NO;
				GCC_DYNAMIC_NO_PIC = NO;
				GCC_OPTIMIZATION_LEVEL = 0;
				GCC_PRECOMPILE_PREFIX_HEADER = YES;
				GCC_PREFIX_HEADER = BigBuckBunny_Prefix.pch;
				INFOPLIST_FILE = "BigBuckBunny-Info.plist";
				IPHONEOS_DEPLOYMENT_TARGET = 5.1;
				PRODUCT_NAME = SophieWorld;
				TARGETED_DEVICE_FAMILY = "1,2";
			};
			name = Debug;
		};
		1D6058950D05DD3E006BFB54 /* Release */ = {
			isa = XCBuildConfiguration;
			buildSettings = {
				ALWAYS_SEARCH_USER_PATHS = NO;
				COPY_PHASE_STRIP = YES;
				GCC_PRECOMPILE_PREFIX_HEADER = YES;
				GCC_PREFIX_HEADER = BigBuckBunny_Prefix.pch;
				INFOPLIST_FILE = "BigBuckBunny-Info.plist";
				IPHONEOS_DEPLOYMENT_TARGET = 5.1;
				PRODUCT_NAME = SophieWorld;
				TARGETED_DEVICE_FAMILY = "1,2";
				VALIDATE_PRODUCT = YES;
			};
			name = Release;
		};
		B5CE03631519BF9700403C8F /* Distribution */ = {
			isa = XCBuildConfiguration;
			buildSettings = {
				ARCHS = "$(ARCHS_STANDARD_32_BIT)";
				CODE_SIGN_IDENTITY = "iPhone Distribution: Sophies World, LLC";
				"CODE_SIGN_IDENTITY[sdk=*]" = "iPhone Distribution: Sophies World, LLC";
				GCC_C_LANGUAGE_STANDARD = c99;
				GCC_WARN_ABOUT_RETURN_TYPE = YES;
				GCC_WARN_UNUSED_VARIABLE = YES;
				OTHER_CFLAGS = "-DNS_BLOCK_ASSERTIONS=1";
				PREBINDING = NO;
				PROVISIONING_PROFILE = "A5AF2771-E492-43D4-A311-55EB30872DD7";
				"PROVISIONING_PROFILE[sdk=*]" = "A5AF2771-E492-43D4-A311-55EB30872DD7";
				SDKROOT = iphoneos4.1;
			};
			name = Distribution;
		};
		B5CE03641519BF9700403C8F /* Distribution */ = {
			isa = XCBuildConfiguration;
			buildSettings = {
				ALWAYS_SEARCH_USER_PATHS = NO;
				COPY_PHASE_STRIP = YES;
				GCC_PRECOMPILE_PREFIX_HEADER = YES;
				GCC_PREFIX_HEADER = BigBuckBunny_Prefix.pch;
				INFOPLIST_FILE = "BigBuckBunny-Info.plist";
				IPHONEOS_DEPLOYMENT_TARGET = 5.1;
				PRODUCT_NAME = SophieWorld;
				TARGETED_DEVICE_FAMILY = "1,2";
				VALIDATE_PRODUCT = YES;
			};
			name = Distribution;
		};
		C01FCF4F08A954540054247B /* Debug */ = {
			isa = XCBuildConfiguration;
			buildSettings = {
				ARCHS = "$(ARCHS_STANDARD_32_BIT)";
				"CODE_SIGN_IDENTITY[sdk=iphoneos*]" = "";
				GCC_C_LANGUAGE_STANDARD = c99;
				GCC_WARN_ABOUT_RETURN_TYPE = YES;
				GCC_WARN_UNUSED_VARIABLE = YES;
				PREBINDING = NO;
				SDKROOT = iphoneos4.1;
			};
			name = Debug;
		};
		C01FCF5008A954540054247B /* Release */ = {
			isa = XCBuildConfiguration;
			buildSettings = {
				ARCHS = "$(ARCHS_STANDARD_32_BIT)";
				"CODE_SIGN_IDENTITY[sdk=iphoneos*]" = "iPhone Developer";
				GCC_C_LANGUAGE_STANDARD = c99;
				GCC_WARN_ABOUT_RETURN_TYPE = YES;
				GCC_WARN_UNUSED_VARIABLE = YES;
				OTHER_CFLAGS = "-DNS_BLOCK_ASSERTIONS=1";
				PREBINDING = NO;
				SDKROOT = iphoneos4.1;
			};
			name = Release;
		};
/* End XCBuildConfiguration section */

/* Begin XCConfigurationList section */
		1D6058960D05DD3E006BFB54 /* Build configuration list for PBXNativeTarget "BigBuckBunny" */ = {
			isa = XCConfigurationList;
			buildConfigurations = (
				1D6058940D05DD3E006BFB54 /* Debug */,
				1D6058950D05DD3E006BFB54 /* Release */,
				B5CE03641519BF9700403C8F /* Distribution */,
			);
			defaultConfigurationIsVisible = 0;
			defaultConfigurationName = Release;
		};
		C01FCF4E08A954540054247B /* Build configuration list for PBXProject "Sophie-World" */ = {
			isa = XCConfigurationList;
			buildConfigurations = (
				C01FCF4F08A954540054247B /* Debug */,
				C01FCF5008A954540054247B /* Release */,
				B5CE03631519BF9700403C8F /* Distribution */,
			);
			defaultConfigurationIsVisible = 0;
			defaultConfigurationName = Release;
		};
/* End XCConfigurationList section */
	};
	rootObject = 29B97313FDCFA39411CA2CEA /* Project object */;
}
