// !$*UTF8*$!
{
	archiveVersion = 1;
	classes = {
	};
	objectVersion = 46;
	objects = {

/* Begin PBXBuildFile section */
		B5046A6A1525856B001E258C /* UIKit.framework in Frameworks */ = {isa = PBXBuildFile; fileRef = B5046A691525856B001E258C /* UIKit.framework */; };
		B5046A6C1525856B001E258C /* Foundation.framework in Frameworks */ = {isa = PBXBuildFile; fileRef = B5046A6B1525856B001E258C /* Foundation.framework */; settings = {ATTRIBUTES = (Required, ); }; };
		B5046A6E1525856B001E258C /* CoreGraphics.framework in Frameworks */ = {isa = PBXBuildFile; fileRef = B5046A6D1525856B001E258C /* CoreGraphics.framework */; };
		B5046A741525856B001E258C /* InfoPlist.strings in Resources */ = {isa = PBXBuildFile; fileRef = B5046A721525856B001E258C /* InfoPlist.strings */; };
		B5046A761525856B001E258C /* main.m in Sources */ = {isa = PBXBuildFile; fileRef = B5046A751525856B001E258C /* main.m */; };
		B5046A7A1525856B001E258C /* SyncedVideoAppDelegate.m in Sources */ = {isa = PBXBuildFile; fileRef = B5046A791525856B001E258C /* SyncedVideoAppDelegate.m */; };
		B5046A831525856B001E258C /* SyncedVideoViewController.m in Sources */ = {isa = PBXBuildFile; fileRef = B5046A821525856B001E258C /* SyncedVideoViewController.m */; };
		B5046AA4152589BE001E258C /* MainWindow.xib in Resources */ = {isa = PBXBuildFile; fileRef = B5046AA1152589BE001E258C /* MainWindow.xib */; };
		B5046AA715258A06001E258C /* SyncedVideoViewController.xib in Resources */ = {isa = PBXBuildFile; fileRef = B5046AA615258A06001E258C /* SyncedVideoViewController.xib */; };
		B5046AA91525904B001E258C /* MainWindow-iPad.xib in Resources */ = {isa = PBXBuildFile; fileRef = B5046AA81525904B001E258C /* MainWindow-iPad.xib */; };
		B5046AAB152599E1001E258C /* wheels.mp4 in Resources */ = {isa = PBXBuildFile; fileRef = B5046A9E15258998001E258C /* wheels.mp4 */; };
		B5046AAC152599E7001E258C /* froggie-sophie.mp4 in Resources */ = {isa = PBXBuildFile; fileRef = B5046A9F15258998001E258C /* froggie-sophie.mp4 */; };
		B5046AAE15259D12001E258C /* AVFoundation.framework in Frameworks */ = {isa = PBXBuildFile; fileRef = B5046AAD15259D12001E258C /* AVFoundation.framework */; };
		B50CAC701535E6670066AC41 /* avatar_57.png in Resources */ = {isa = PBXBuildFile; fileRef = B50CAC6F1535E6670066AC41 /* avatar_57.png */; };
		B50CAC721535E6FD0066AC41 /* avatar_72.png in Resources */ = {isa = PBXBuildFile; fileRef = B50CAC711535E6FD0066AC41 /* avatar_72.png */; };
		B50CAC741535E8070066AC41 /* avatar_114.png in Resources */ = {isa = PBXBuildFile; fileRef = B50CAC731535E8070066AC41 /* avatar_114.png */; };
		B50CAC761535E8630066AC41 /* avatar_144.png in Resources */ = {isa = PBXBuildFile; fileRef = B50CAC751535E8630066AC41 /* avatar_144.png */; };
		B50DE9F4156174D200535213 /* VideoPlayerViewController-Phone.xib in Resources */ = {isa = PBXBuildFile; fileRef = B50DE9F3156174D200535213 /* VideoPlayerViewController-Phone.xib */; };
		B50DE9F6156176B800535213 /* header_video_sm.png in Resources */ = {isa = PBXBuildFile; fileRef = B50DE9F5156176B800535213 /* header_video_sm.png */; };
		B51CEADC1540ED1A008B673D /* froggie_lyrics_01.m4v in Resources */ = {isa = PBXBuildFile; fileRef = B51CEADB1540ED1A008B673D /* froggie_lyrics_01.m4v */; };
		B530175B155B9051002E7668 /* footer.png in Resources */ = {isa = PBXBuildFile; fileRef = B530175A155B9051002E7668 /* footer.png */; };
		B530175D155B9105002E7668 /* cartoon.png in Resources */ = {isa = PBXBuildFile; fileRef = B530175C155B9105002E7668 /* cartoon.png */; };
		B54B8B7B1560DAA500834530 /* VideoPlayerViewController.m in Sources */ = {isa = PBXBuildFile; fileRef = B54B8B791560DAA500834530 /* VideoPlayerViewController.m */; };
		B54B8B7C1560DAA500834530 /* VideoPlayerViewController.xib in Resources */ = {isa = PBXBuildFile; fileRef = B54B8B7A1560DAA500834530 /* VideoPlayerViewController.xib */; };
		B55D7CBF155CE717002A2DB2 /* cork_board_wide.png in Resources */ = {isa = PBXBuildFile; fileRef = B55D7CBE155CE717002A2DB2 /* cork_board_wide.png */; };
		B55D7CD3155D8A2C002A2DB2 /* VideoControlView.m in Sources */ = {isa = PBXBuildFile; fileRef = B55D7CD2155D8A2C002A2DB2 /* VideoControlView.m */; };
		B55D7CD5155DCB2D002A2DB2 /* post_it_big.png in Resources */ = {isa = PBXBuildFile; fileRef = B55D7CD4155DCB2D002A2DB2 /* post_it_big.png */; };
		B575A2CB1540DF3900349E74 /* cork_board_1000x800.jpg in Resources */ = {isa = PBXBuildFile; fileRef = B575A2CA1540DF3900349E74 /* cork_board_1000x800.jpg */; };
		B5C0FE61156047E400051E89 /* control_panel.png in Resources */ = {isa = PBXBuildFile; fileRef = B5C0FE60156047E400051E89 /* control_panel.png */; };
		B5C0FE6315604AC100051E89 /* back_button.png in Resources */ = {isa = PBXBuildFile; fileRef = B5C0FE6215604AC100051E89 /* back_button.png */; };
		B5C0FE6615604ADB00051E89 /* header_video.png in Resources */ = {isa = PBXBuildFile; fileRef = B5C0FE6415604ADB00051E89 /* header_video.png */; };
		B5C0FE6715604ADB00051E89 /* header.png in Resources */ = {isa = PBXBuildFile; fileRef = B5C0FE6515604ADB00051E89 /* header.png */; };
		B5E606BF155EC6370050C39D /* Default.png in Resources */ = {isa = PBXBuildFile; fileRef = B5E606BE155EC6370050C39D /* Default.png */; };
		B5E606C1155EC6530050C39D /* Default@2x.png in Resources */ = {isa = PBXBuildFile; fileRef = B5E606C0155EC6530050C39D /* Default@2x.png */; };
		B5E606C8155ED1AF0050C39D /* movie_fastforward.png in Resources */ = {isa = PBXBuildFile; fileRef = B5E606C3155ED1AF0050C39D /* movie_fastforward.png */; };
		B5E606C9155ED1AF0050C39D /* movie_lower-controls_background.png in Resources */ = {isa = PBXBuildFile; fileRef = B5E606C4155ED1AF0050C39D /* movie_lower-controls_background.png */; };
		B5E606CA155ED1AF0050C39D /* movie_pause.png in Resources */ = {isa = PBXBuildFile; fileRef = B5E606C5155ED1AF0050C39D /* movie_pause.png */; };
		B5E606CB155ED1AF0050C39D /* movie_play.png in Resources */ = {isa = PBXBuildFile; fileRef = B5E606C6155ED1AF0050C39D /* movie_play.png */; };
		B5E606CC155ED1AF0050C39D /* movie_rewind.png in Resources */ = {isa = PBXBuildFile; fileRef = B5E606C7155ED1AF0050C39D /* movie_rewind.png */; };
		B5E606D2155F2F9A0050C39D /* CoreMedia.framework in Frameworks */ = {isa = PBXBuildFile; fileRef = B5E606D1155F2F9A0050C39D /* CoreMedia.framework */; };
		B5F494071527BE73005DE192 /* IPadController.xib in Resources */ = {isa = PBXBuildFile; fileRef = B5F494061527BE73005DE192 /* IPadController.xib */; };
		B5F4940A1527CDC1005DE192 /* cork_board_800x1000.jpg in Resources */ = {isa = PBXBuildFile; fileRef = B5F494091527CDC1005DE192 /* cork_board_800x1000.jpg */; };
/* End PBXBuildFile section */

/* Begin PBXFileReference section */
		B5046A651525856B001E258C /* SyncedVideo.app */ = {isa = PBXFileReference; explicitFileType = wrapper.application; includeInIndex = 0; path = SyncedVideo.app; sourceTree = BUILT_PRODUCTS_DIR; };
		B5046A691525856B001E258C /* UIKit.framework */ = {isa = PBXFileReference; lastKnownFileType = wrapper.framework; name = UIKit.framework; path = System/Library/Frameworks/UIKit.framework; sourceTree = SDKROOT; };
		B5046A6B1525856B001E258C /* Foundation.framework */ = {isa = PBXFileReference; lastKnownFileType = wrapper.framework; name = Foundation.framework; path = System/Library/Frameworks/Foundation.framework; sourceTree = SDKROOT; };
		B5046A6D1525856B001E258C /* CoreGraphics.framework */ = {isa = PBXFileReference; lastKnownFileType = wrapper.framework; name = CoreGraphics.framework; path = System/Library/Frameworks/CoreGraphics.framework; sourceTree = SDKROOT; };
		B5046A711525856B001E258C /* SyncedVideo-Info.plist */ = {isa = PBXFileReference; lastKnownFileType = text.plist.xml; path = "SyncedVideo-Info.plist"; sourceTree = "<group>"; };
		B5046A731525856B001E258C /* en */ = {isa = PBXFileReference; lastKnownFileType = text.plist.strings; name = en; path = en.lproj/InfoPlist.strings; sourceTree = "<group>"; };
		B5046A751525856B001E258C /* main.m */ = {isa = PBXFileReference; lastKnownFileType = sourcecode.c.objc; path = main.m; sourceTree = "<group>"; };
		B5046A771525856B001E258C /* SyncedVideo-Prefix.pch */ = {isa = PBXFileReference; lastKnownFileType = sourcecode.c.h; path = "SyncedVideo-Prefix.pch"; sourceTree = "<group>"; };
		B5046A781525856B001E258C /* SyncedVideoAppDelegate.h */ = {isa = PBXFileReference; lastKnownFileType = sourcecode.c.h; path = SyncedVideoAppDelegate.h; sourceTree = "<group>"; };
		B5046A791525856B001E258C /* SyncedVideoAppDelegate.m */ = {isa = PBXFileReference; lastKnownFileType = sourcecode.c.objc; path = SyncedVideoAppDelegate.m; sourceTree = "<group>"; };
		B5046A811525856B001E258C /* SyncedVideoViewController.h */ = {isa = PBXFileReference; lastKnownFileType = sourcecode.c.h; path = SyncedVideoViewController.h; sourceTree = "<group>"; };
		B5046A821525856B001E258C /* SyncedVideoViewController.m */ = {isa = PBXFileReference; lastKnownFileType = sourcecode.c.objc; path = SyncedVideoViewController.m; sourceTree = "<group>"; };
		B5046A89152588F8001E258C /* MediaPlayer.framework */ = {isa = PBXFileReference; lastKnownFileType = wrapper.framework; name = MediaPlayer.framework; path = System/Library/Frameworks/MediaPlayer.framework; sourceTree = SDKROOT; };
		B5046A9E15258998001E258C /* wheels.mp4 */ = {isa = PBXFileReference; lastKnownFileType = file; path = wheels.mp4; sourceTree = "<group>"; };
		B5046A9F15258998001E258C /* froggie-sophie.mp4 */ = {isa = PBXFileReference; lastKnownFileType = file; path = "froggie-sophie.mp4"; sourceTree = "<group>"; };
		B5046AA1152589BE001E258C /* MainWindow.xib */ = {isa = PBXFileReference; fileEncoding = 4; lastKnownFileType = file.xib; path = MainWindow.xib; sourceTree = "<group>"; };
		B5046AA615258A06001E258C /* SyncedVideoViewController.xib */ = {isa = PBXFileReference; fileEncoding = 4; lastKnownFileType = file.xib; path = SyncedVideoViewController.xib; sourceTree = "<group>"; };
		B5046AA81525904B001E258C /* MainWindow-iPad.xib */ = {isa = PBXFileReference; fileEncoding = 4; lastKnownFileType = file.xib; path = "MainWindow-iPad.xib"; sourceTree = "<group>"; };
		B5046AAD15259D12001E258C /* AVFoundation.framework */ = {isa = PBXFileReference; lastKnownFileType = wrapper.framework; name = AVFoundation.framework; path = System/Library/Frameworks/AVFoundation.framework; sourceTree = SDKROOT; };
		B50CAC6F1535E6670066AC41 /* avatar_57.png */ = {isa = PBXFileReference; lastKnownFileType = image.png; name = avatar_57.png; path = ../avatar_57.png; sourceTree = "<group>"; };
		B50CAC711535E6FD0066AC41 /* avatar_72.png */ = {isa = PBXFileReference; lastKnownFileType = image.png; name = avatar_72.png; path = ../avatar_72.png; sourceTree = "<group>"; };
		B50CAC731535E8070066AC41 /* avatar_114.png */ = {isa = PBXFileReference; lastKnownFileType = image.png; name = avatar_114.png; path = ../avatar_114.png; sourceTree = "<group>"; };
		B50CAC751535E8630066AC41 /* avatar_144.png */ = {isa = PBXFileReference; lastKnownFileType = image.png; name = avatar_144.png; path = ../avatar_144.png; sourceTree = "<group>"; };
		B50DE9F3156174D200535213 /* VideoPlayerViewController-Phone.xib */ = {isa = PBXFileReference; fileEncoding = 4; lastKnownFileType = file.xib; path = "VideoPlayerViewController-Phone.xib"; sourceTree = "<group>"; };
		B50DE9F5156176B800535213 /* header_video_sm.png */ = {isa = PBXFileReference; lastKnownFileType = image.png; name = header_video_sm.png; path = "../../../../../../Desktop/sophie work/wireframes/header_video_sm.png"; sourceTree = "<group>"; };
		B51CEADB1540ED1A008B673D /* froggie_lyrics_01.m4v */ = {isa = PBXFileReference; lastKnownFileType = file; path = froggie_lyrics_01.m4v; sourceTree = "<group>"; };
		B530175A155B9051002E7668 /* footer.png */ = {isa = PBXFileReference; lastKnownFileType = image.png; path = footer.png; sourceTree = "<group>"; };
		B530175C155B9105002E7668 /* cartoon.png */ = {isa = PBXFileReference; lastKnownFileType = image.png; path = cartoon.png; sourceTree = "<group>"; };
		B54B8B781560DAA500834530 /* VideoPlayerViewController.h */ = {isa = PBXFileReference; fileEncoding = 4; lastKnownFileType = sourcecode.c.h; path = VideoPlayerViewController.h; sourceTree = "<group>"; };
		B54B8B791560DAA500834530 /* VideoPlayerViewController.m */ = {isa = PBXFileReference; fileEncoding = 4; lastKnownFileType = sourcecode.c.objc; path = VideoPlayerViewController.m; sourceTree = "<group>"; };
		B54B8B7A1560DAA500834530 /* VideoPlayerViewController.xib */ = {isa = PBXFileReference; fileEncoding = 4; lastKnownFileType = file.xib; path = VideoPlayerViewController.xib; sourceTree = "<group>"; };
		B55D7CBE155CE717002A2DB2 /* cork_board_wide.png */ = {isa = PBXFileReference; lastKnownFileType = image.png; path = cork_board_wide.png; sourceTree = "<group>"; };
		B55D7CCE155D7692002A2DB2 /* VideoControlView.h */ = {isa = PBXFileReference; fileEncoding = 4; lastKnownFileType = sourcecode.c.h; path = VideoControlView.h; sourceTree = "<group>"; };
		B55D7CD2155D8A2C002A2DB2 /* VideoControlView.m */ = {isa = PBXFileReference; fileEncoding = 4; lastKnownFileType = sourcecode.c.objc; path = VideoControlView.m; sourceTree = "<group>"; };
		B55D7CD4155DCB2D002A2DB2 /* post_it_big.png */ = {isa = PBXFileReference; lastKnownFileType = image.png; path = post_it_big.png; sourceTree = "<group>"; };
		B575A2CA1540DF3900349E74 /* cork_board_1000x800.jpg */ = {isa = PBXFileReference; lastKnownFileType = image.jpeg; path = cork_board_1000x800.jpg; sourceTree = "<group>"; };
		B5C0FE60156047E400051E89 /* control_panel.png */ = {isa = PBXFileReference; lastKnownFileType = image.png; name = control_panel.png; path = "../../../../../../Desktop/sophie work/wireframes/control_panel.png"; sourceTree = "<group>"; };
		B5C0FE6215604AC100051E89 /* back_button.png */ = {isa = PBXFileReference; lastKnownFileType = image.png; name = back_button.png; path = "../../../../../../Desktop/sophie work/wireframes/back_button.png"; sourceTree = "<group>"; };
		B5C0FE6415604ADB00051E89 /* header_video.png */ = {isa = PBXFileReference; lastKnownFileType = image.png; name = header_video.png; path = "../../../../../../Desktop/sophie work/wireframes/header_video.png"; sourceTree = "<group>"; };
		B5C0FE6515604ADB00051E89 /* header.png */ = {isa = PBXFileReference; lastKnownFileType = image.png; name = header.png; path = "../../../../../../Desktop/sophie work/wireframes/header.png"; sourceTree = "<group>"; };
		B5E606BE155EC6370050C39D /* Default.png */ = {isa = PBXFileReference; lastKnownFileType = image.png; name = Default.png; path = ../Default.png; sourceTree = "<group>"; };
		B5E606C0155EC6530050C39D /* Default@2x.png */ = {isa = PBXFileReference; lastKnownFileType = image.png; name = "Default@2x.png"; path = "../Default@2x.png"; sourceTree = "<group>"; };
		B5E606C3155ED1AF0050C39D /* movie_fastforward.png */ = {isa = PBXFileReference; lastKnownFileType = image.png; name = movie_fastforward.png; path = "../../../../../../Desktop/sophie work/images/controls/movie_fastforward.png"; sourceTree = "<group>"; };
		B5E606C4155ED1AF0050C39D /* movie_lower-controls_background.png */ = {isa = PBXFileReference; lastKnownFileType = image.png; name = "movie_lower-controls_background.png"; path = "../../../../../../Desktop/sophie work/images/controls/movie_lower-controls_background.png"; sourceTree = "<group>"; };
		B5E606C5155ED1AF0050C39D /* movie_pause.png */ = {isa = PBXFileReference; lastKnownFileType = image.png; name = movie_pause.png; path = "../../../../../../Desktop/sophie work/images/controls/movie_pause.png"; sourceTree = "<group>"; };
		B5E606C6155ED1AF0050C39D /* movie_play.png */ = {isa = PBXFileReference; lastKnownFileType = image.png; name = movie_play.png; path = "../../../../../../Desktop/sophie work/images/controls/movie_play.png"; sourceTree = "<group>"; };
		B5E606C7155ED1AF0050C39D /* movie_rewind.png */ = {isa = PBXFileReference; lastKnownFileType = image.png; name = movie_rewind.png; path = "../../../../../../Desktop/sophie work/images/controls/movie_rewind.png"; sourceTree = "<group>"; };
		B5E606D1155F2F9A0050C39D /* CoreMedia.framework */ = {isa = PBXFileReference; lastKnownFileType = wrapper.framework; name = CoreMedia.framework; path = System/Library/Frameworks/CoreMedia.framework; sourceTree = SDKROOT; };
		B5F494061527BE73005DE192 /* IPadController.xib */ = {isa = PBXFileReference; fileEncoding = 4; lastKnownFileType = file.xib; path = IPadController.xib; sourceTree = "<group>"; };
		B5F494091527CDC1005DE192 /* cork_board_800x1000.jpg */ = {isa = PBXFileReference; lastKnownFileType = image.jpeg; path = cork_board_800x1000.jpg; sourceTree = "<group>"; };
/* End PBXFileReference section */

/* Begin PBXFrameworksBuildPhase section */
		B5046A621525856B001E258C /* Frameworks */ = {
			isa = PBXFrameworksBuildPhase;
			buildActionMask = 2147483647;
			files = (
				B5046A6C1525856B001E258C /* Foundation.framework in Frameworks */,
				B5046A6A1525856B001E258C /* UIKit.framework in Frameworks */,
				B5046A6E1525856B001E258C /* CoreGraphics.framework in Frameworks */,
				B5046AAE15259D12001E258C /* AVFoundation.framework in Frameworks */,
				B5E606D2155F2F9A0050C39D /* CoreMedia.framework in Frameworks */,
			);
			runOnlyForDeploymentPostprocessing = 0;
		};
/* End PBXFrameworksBuildPhase section */

/* Begin PBXGroup section */
		B5046A5A1525856B001E258C = {
			isa = PBXGroup;
			children = (
				B5046A6F1525856B001E258C /* SyncedVideo */,
				B5046A8B1525893B001E258C /* Resources */,
				B5046A681525856B001E258C /* Frameworks */,
				B5046A661525856B001E258C /* Products */,
			);
			sourceTree = "<group>";
		};
		B5046A661525856B001E258C /* Products */ = {
			isa = PBXGroup;
			children = (
				B5046A651525856B001E258C /* SyncedVideo.app */,
			);
			name = Products;
			sourceTree = "<group>";
		};
		B5046A681525856B001E258C /* Frameworks */ = {
			isa = PBXGroup;
			children = (
				B5E606D1155F2F9A0050C39D /* CoreMedia.framework */,
				B5046AAD15259D12001E258C /* AVFoundation.framework */,
				B5046A89152588F8001E258C /* MediaPlayer.framework */,
				B5046A691525856B001E258C /* UIKit.framework */,
				B5046A6B1525856B001E258C /* Foundation.framework */,
				B5046A6D1525856B001E258C /* CoreGraphics.framework */,
			);
			name = Frameworks;
			sourceTree = "<group>";
		};
		B5046A6F1525856B001E258C /* SyncedVideo */ = {
			isa = PBXGroup;
			children = (
				B5046A781525856B001E258C /* SyncedVideoAppDelegate.h */,
				B5046A791525856B001E258C /* SyncedVideoAppDelegate.m */,
				B5046A811525856B001E258C /* SyncedVideoViewController.h */,
				B5046A821525856B001E258C /* SyncedVideoViewController.m */,
				B54B8B781560DAA500834530 /* VideoPlayerViewController.h */,
				B54B8B791560DAA500834530 /* VideoPlayerViewController.m */,
				B55D7CCE155D7692002A2DB2 /* VideoControlView.h */,
				B55D7CD2155D8A2C002A2DB2 /* VideoControlView.m */,
				B5046A701525856B001E258C /* Supporting Files */,
			);
			path = SyncedVideo;
			sourceTree = "<group>";
		};
		B5046A701525856B001E258C /* Supporting Files */ = {
			isa = PBXGroup;
			children = (
				B5046A711525856B001E258C /* SyncedVideo-Info.plist */,
				B5046A721525856B001E258C /* InfoPlist.strings */,
				B5046A751525856B001E258C /* main.m */,
				B5046A771525856B001E258C /* SyncedVideo-Prefix.pch */,
			);
			name = "Supporting Files";
			sourceTree = "<group>";
		};
		B5046A8B1525893B001E258C /* Resources */ = {
			isa = PBXGroup;
			children = (
				B5F494061527BE73005DE192 /* IPadController.xib */,
				B5046AA615258A06001E258C /* SyncedVideoViewController.xib */,
				B54B8B7A1560DAA500834530 /* VideoPlayerViewController.xib */,
				B50DE9F3156174D200535213 /* VideoPlayerViewController-Phone.xib */,
				B5046AA81525904B001E258C /* MainWindow-iPad.xib */,
				B5046AA1152589BE001E258C /* MainWindow.xib */,
				B5046A8C1525895F001E258C /* images */,
				B5046A8D1525896A001E258C /* video */,
			);
			name = Resources;
			path = SyncedVideo;
			sourceTree = "<group>";
		};
		B5046A8C1525895F001E258C /* images */ = {
			isa = PBXGroup;
			children = (
				B50DE9F5156176B800535213 /* header_video_sm.png */,
				B5C0FE6415604ADB00051E89 /* header_video.png */,
				B5C0FE6515604ADB00051E89 /* header.png */,
				B5C0FE6215604AC100051E89 /* back_button.png */,
				B5E606C2155ED1A00050C39D /* controls */,
				B5E606C0155EC6530050C39D /* Default@2x.png */,
				B5E606BE155EC6370050C39D /* Default.png */,
				B55D7CD4155DCB2D002A2DB2 /* post_it_big.png */,
				B50CAC751535E8630066AC41 /* avatar_144.png */,
				B50CAC731535E8070066AC41 /* avatar_114.png */,
				B50CAC711535E6FD0066AC41 /* avatar_72.png */,
				B55D7CBE155CE717002A2DB2 /* cork_board_wide.png */,
				B530175C155B9105002E7668 /* cartoon.png */,
				B530175A155B9051002E7668 /* footer.png */,
				B575A2CA1540DF3900349E74 /* cork_board_1000x800.jpg */,
				B50CAC6F1535E6670066AC41 /* avatar_57.png */,
				B5F494091527CDC1005DE192 /* cork_board_800x1000.jpg */,
			);
			name = images;
			sourceTree = "<group>";
		};
		B5046A8D1525896A001E258C /* video */ = {
			isa = PBXGroup;
			children = (
				B51CEADB1540ED1A008B673D /* froggie_lyrics_01.m4v */,
				B5046A9E15258998001E258C /* wheels.mp4 */,
				B5046A9F15258998001E258C /* froggie-sophie.mp4 */,
			);
			name = video;
			sourceTree = "<group>";
		};
		B5E606C2155ED1A00050C39D /* controls */ = {
			isa = PBXGroup;
			children = (
				B5C0FE60156047E400051E89 /* control_panel.png */,
				B5E606C3155ED1AF0050C39D /* movie_fastforward.png */,
				B5E606C4155ED1AF0050C39D /* movie_lower-controls_background.png */,
				B5E606C5155ED1AF0050C39D /* movie_pause.png */,
				B5E606C6155ED1AF0050C39D /* movie_play.png */,
				B5E606C7155ED1AF0050C39D /* movie_rewind.png */,
			);
			name = controls;
			sourceTree = "<group>";
		};
/* End PBXGroup section */

/* Begin PBXNativeTarget section */
		B5046A641525856B001E258C /* SyncedVideo */ = {
			isa = PBXNativeTarget;
			buildConfigurationList = B5046A861525856B001E258C /* Build configuration list for PBXNativeTarget "SyncedVideo" */;
			buildPhases = (
				B5046A611525856B001E258C /* Sources */,
				B5046A621525856B001E258C /* Frameworks */,
				B5046A631525856B001E258C /* Resources */,
			);
			buildRules = (
			);
			dependencies = (
			);
			name = SyncedVideo;
			productName = SyncedVideo;
			productReference = B5046A651525856B001E258C /* SyncedVideo.app */;
			productType = "com.apple.product-type.application";
		};
/* End PBXNativeTarget section */

/* Begin PBXProject section */
		B5046A5C1525856B001E258C /* Project object */ = {
			isa = PBXProject;
			attributes = {
				CLASSPREFIX = SyncedVideo;
				LastUpgradeCheck = 0430;
			};
			buildConfigurationList = B5046A5F1525856B001E258C /* Build configuration list for PBXProject "SyncedVideo" */;
			compatibilityVersion = "Xcode 3.2";
			developmentRegion = English;
			hasScannedForEncodings = 0;
			knownRegions = (
				en,
			);
			mainGroup = B5046A5A1525856B001E258C;
			productRefGroup = B5046A661525856B001E258C /* Products */;
			projectDirPath = "";
			projectRoot = "";
			targets = (
				B5046A641525856B001E258C /* SyncedVideo */,
			);
		};
/* End PBXProject section */

/* Begin PBXResourcesBuildPhase section */
		B5046A631525856B001E258C /* Resources */ = {
			isa = PBXResourcesBuildPhase;
			buildActionMask = 2147483647;
			files = (
				B5046A741525856B001E258C /* InfoPlist.strings in Resources */,
				B5046AA4152589BE001E258C /* MainWindow.xib in Resources */,
				B5046AA715258A06001E258C /* SyncedVideoViewController.xib in Resources */,
				B5046AA91525904B001E258C /* MainWindow-iPad.xib in Resources */,
				B5046AAB152599E1001E258C /* wheels.mp4 in Resources */,
				B5046AAC152599E7001E258C /* froggie-sophie.mp4 in Resources */,
				B5F494071527BE73005DE192 /* IPadController.xib in Resources */,
				B5F4940A1527CDC1005DE192 /* cork_board_800x1000.jpg in Resources */,
				B50CAC701535E6670066AC41 /* avatar_57.png in Resources */,
				B50CAC721535E6FD0066AC41 /* avatar_72.png in Resources */,
				B50CAC741535E8070066AC41 /* avatar_114.png in Resources */,
				B50CAC761535E8630066AC41 /* avatar_144.png in Resources */,
				B575A2CB1540DF3900349E74 /* cork_board_1000x800.jpg in Resources */,
				B51CEADC1540ED1A008B673D /* froggie_lyrics_01.m4v in Resources */,
				B530175B155B9051002E7668 /* footer.png in Resources */,
				B530175D155B9105002E7668 /* cartoon.png in Resources */,
				B55D7CBF155CE717002A2DB2 /* cork_board_wide.png in Resources */,
				B55D7CD5155DCB2D002A2DB2 /* post_it_big.png in Resources */,
				B5E606BF155EC6370050C39D /* Default.png in Resources */,
				B5E606C1155EC6530050C39D /* Default@2x.png in Resources */,
				B5E606C8155ED1AF0050C39D /* movie_fastforward.png in Resources */,
				B5E606C9155ED1AF0050C39D /* movie_lower-controls_background.png in Resources */,
				B5E606CA155ED1AF0050C39D /* movie_pause.png in Resources */,
				B5E606CB155ED1AF0050C39D /* movie_play.png in Resources */,
				B5E606CC155ED1AF0050C39D /* movie_rewind.png in Resources */,
				B5C0FE61156047E400051E89 /* control_panel.png in Resources */,
				B5C0FE6315604AC100051E89 /* back_button.png in Resources */,
				B5C0FE6615604ADB00051E89 /* header_video.png in Resources */,
				B5C0FE6715604ADB00051E89 /* header.png in Resources */,
				B54B8B7C1560DAA500834530 /* VideoPlayerViewController.xib in Resources */,
				B50DE9F4156174D200535213 /* VideoPlayerViewController-Phone.xib in Resources */,
				B50DE9F6156176B800535213 /* header_video_sm.png in Resources */,
			);
			runOnlyForDeploymentPostprocessing = 0;
		};
/* End PBXResourcesBuildPhase section */

/* Begin PBXSourcesBuildPhase section */
		B5046A611525856B001E258C /* Sources */ = {
			isa = PBXSourcesBuildPhase;
			buildActionMask = 2147483647;
			files = (
				B5046A761525856B001E258C /* main.m in Sources */,
				B5046A7A1525856B001E258C /* SyncedVideoAppDelegate.m in Sources */,
				B5046A831525856B001E258C /* SyncedVideoViewController.m in Sources */,
				B55D7CD3155D8A2C002A2DB2 /* VideoControlView.m in Sources */,
				B54B8B7B1560DAA500834530 /* VideoPlayerViewController.m in Sources */,
			);
			runOnlyForDeploymentPostprocessing = 0;
		};
/* End PBXSourcesBuildPhase section */

/* Begin PBXVariantGroup section */
		B5046A721525856B001E258C /* InfoPlist.strings */ = {
			isa = PBXVariantGroup;
			children = (
				B5046A731525856B001E258C /* en */,
			);
			name = InfoPlist.strings;
			sourceTree = "<group>";
		};
/* End PBXVariantGroup section */

/* Begin XCBuildConfiguration section */
		B5046A841525856B001E258C /* Debug */ = {
			isa = XCBuildConfiguration;
			buildSettings = {
				ALWAYS_SEARCH_USER_PATHS = NO;
				ARCHS = "$(ARCHS_STANDARD_32_BIT)";
				CLANG_ENABLE_OBJC_ARC = NO;
				"CODE_SIGN_IDENTITY[sdk=iphoneos*]" = "iPhone Developer";
				COPY_PHASE_STRIP = NO;
				GCC_C_LANGUAGE_STANDARD = gnu99;
				GCC_DYNAMIC_NO_PIC = NO;
				GCC_OPTIMIZATION_LEVEL = 0;
				GCC_PREPROCESSOR_DEFINITIONS = (
					"DEBUG=1",
					"$(inherited)",
				);
				GCC_SYMBOLS_PRIVATE_EXTERN = NO;
				GCC_VERSION = com.apple.compilers.llvmgcc42;
				GCC_WARN_ABOUT_RETURN_TYPE = YES;
				GCC_WARN_UNINITIALIZED_AUTOS = YES;
				GCC_WARN_UNUSED_VARIABLE = YES;
				INFOPLIST_FILE = "SyncedVideo-Info.plist";
				INSTALL_PATH = /Applications;
				IPHONEOS_DEPLOYMENT_TARGET = 5.1;
				MACH_O_TYPE = mh_execute;
				SDKROOT = iphoneos;
				TARGETED_DEVICE_FAMILY = "1,2";
				WRAPPER_EXTENSION = "";
			};
			name = Debug;
		};
		B5046A851525856B001E258C /* Release */ = {
			isa = XCBuildConfiguration;
			buildSettings = {
				ALWAYS_SEARCH_USER_PATHS = NO;
				ARCHS = "$(ARCHS_STANDARD_32_BIT)";
				CLANG_ENABLE_OBJC_ARC = NO;
				CODE_SIGN_IDENTITY = "iPhone Developer: Ben Gardella (B8X2F269VW)";
				"CODE_SIGN_IDENTITY[sdk=iphoneos*]" = "iPhone Developer: Ben Gardella (B8X2F269VW)";
				COPY_PHASE_STRIP = YES;
				GCC_C_LANGUAGE_STANDARD = gnu99;
				GCC_VERSION = com.apple.compilers.llvmgcc42;
				GCC_WARN_ABOUT_RETURN_TYPE = YES;
				GCC_WARN_UNINITIALIZED_AUTOS = YES;
				GCC_WARN_UNUSED_VARIABLE = YES;
				INFOPLIST_FILE = "SyncedVideo-Info.plist";
				INSTALL_PATH = /Applications;
				IPHONEOS_DEPLOYMENT_TARGET = 5.1;
				MACH_O_TYPE = mh_execute;
				OTHER_CFLAGS = "-DNS_BLOCK_ASSERTIONS=1";
				PROVISIONING_PROFILE = "0BB4EBCA-0354-4260-B375-87F065727172";
				"PROVISIONING_PROFILE[sdk=iphoneos*]" = "0BB4EBCA-0354-4260-B375-87F065727172";
				SDKROOT = iphoneos;
				TARGETED_DEVICE_FAMILY = "1,2";
				VALIDATE_PRODUCT = YES;
				WRAPPER_EXTENSION = "";
			};
			name = Release;
		};
		B5046A871525856B001E258C /* Debug */ = {
			isa = XCBuildConfiguration;
			buildSettings = {
				GCC_PRECOMPILE_PREFIX_HEADER = YES;
				GCC_PREFIX_HEADER = "SyncedVideo/SyncedVideo-Prefix.pch";
				GCC_VERSION = com.apple.compilers.llvm.clang.1_0;
				INFOPLIST_FILE = "SyncedVideo/SyncedVideo-Info.plist";
				PRODUCT_NAME = "$(TARGET_NAME)";
				WRAPPER_EXTENSION = app;
			};
			name = Debug;
		};
		B5046A881525856B001E258C /* Release */ = {
			isa = XCBuildConfiguration;
			buildSettings = {
				GCC_PRECOMPILE_PREFIX_HEADER = YES;
				GCC_PREFIX_HEADER = "SyncedVideo/SyncedVideo-Prefix.pch";
				GCC_VERSION = com.apple.compilers.llvm.clang.1_0;
				INFOPLIST_FILE = "SyncedVideo/SyncedVideo-Info.plist";
				PRODUCT_NAME = "$(TARGET_NAME)";
				WRAPPER_EXTENSION = app;
			};
			name = Release;
		};
		B59304311528E157000D4C3D /* Distribution */ = {
			isa = XCBuildConfiguration;
			buildSettings = {
				ALWAYS_SEARCH_USER_PATHS = NO;
				ARCHS = "$(ARCHS_STANDARD_32_BIT)";
				CLANG_ENABLE_OBJC_ARC = NO;
				"CODE_SIGN_IDENTITY[sdk=iphoneos*]" = "iPhone Developer";
				COPY_PHASE_STRIP = YES;
				GCC_C_LANGUAGE_STANDARD = gnu99;
				GCC_VERSION = com.apple.compilers.llvmgcc42;
				GCC_WARN_ABOUT_RETURN_TYPE = YES;
				GCC_WARN_UNINITIALIZED_AUTOS = YES;
				GCC_WARN_UNUSED_VARIABLE = YES;
				INFOPLIST_FILE = "SyncedVideo-Info.plist";
				INSTALL_PATH = /Applications;
				IPHONEOS_DEPLOYMENT_TARGET = 5.1;
				MACH_O_TYPE = mh_execute;
				OTHER_CFLAGS = "-DNS_BLOCK_ASSERTIONS=1";
				SDKROOT = iphoneos;
				TARGETED_DEVICE_FAMILY = "1,2";
				VALIDATE_PRODUCT = YES;
				WRAPPER_EXTENSION = "";
			};
			name = Distribution;
		};
		B59304321528E157000D4C3D /* Distribution */ = {
			isa = XCBuildConfiguration;
			buildSettings = {
				GCC_PRECOMPILE_PREFIX_HEADER = YES;
				GCC_PREFIX_HEADER = "SyncedVideo/SyncedVideo-Prefix.pch";
				GCC_VERSION = com.apple.compilers.llvm.clang.1_0;
				INFOPLIST_FILE = "SyncedVideo/SyncedVideo-Info.plist";
				PRODUCT_NAME = "$(TARGET_NAME)";
				WRAPPER_EXTENSION = app;
			};
			name = Distribution;
		};
/* End XCBuildConfiguration section */

/* Begin XCConfigurationList section */
		B5046A5F1525856B001E258C /* Build configuration list for PBXProject "SyncedVideo" */ = {
			isa = XCConfigurationList;
			buildConfigurations = (
				B5046A841525856B001E258C /* Debug */,
				B5046A851525856B001E258C /* Release */,
				B59304311528E157000D4C3D /* Distribution */,
			);
			defaultConfigurationIsVisible = 0;
			defaultConfigurationName = Release;
		};
		B5046A861525856B001E258C /* Build configuration list for PBXNativeTarget "SyncedVideo" */ = {
			isa = XCConfigurationList;
			buildConfigurations = (
				B5046A871525856B001E258C /* Debug */,
				B5046A881525856B001E258C /* Release */,
				B59304321528E157000D4C3D /* Distribution */,
			);
			defaultConfigurationIsVisible = 0;
			defaultConfigurationName = Release;
		};
/* End XCConfigurationList section */
	};
	rootObject = B5046A5C1525856B001E258C /* Project object */;
}
