// !$*UTF8*$!
{
	archiveVersion = 1;
	classes = {
	};
	objectVersion = 46;
	objects = {

/* Begin PBXBuildFile section */
		B501D1561563A78D000550D5 /* KaraokeView.m in Sources */ = {isa = PBXBuildFile; fileRef = B501D1551563A78D000550D5 /* KaraokeView.m */; };
		B501D1581564DEAF000550D5 /* wheels.lrc in Resources */ = {isa = PBXBuildFile; fileRef = B501D1571564DEAF000550D5 /* wheels.lrc */; };
		B5046A6A1525856B001E258C /* UIKit.framework in Frameworks */ = {isa = PBXBuildFile; fileRef = B5046A691525856B001E258C /* UIKit.framework */; };
		B5046A6C1525856B001E258C /* Foundation.framework in Frameworks */ = {isa = PBXBuildFile; fileRef = B5046A6B1525856B001E258C /* Foundation.framework */; settings = {ATTRIBUTES = (Required, ); }; };
		B5046A6E1525856B001E258C /* CoreGraphics.framework in Frameworks */ = {isa = PBXBuildFile; fileRef = B5046A6D1525856B001E258C /* CoreGraphics.framework */; };
		B5046A741525856B001E258C /* InfoPlist.strings in Resources */ = {isa = PBXBuildFile; fileRef = B5046A721525856B001E258C /* InfoPlist.strings */; };
		B5046A761525856B001E258C /* main.m in Sources */ = {isa = PBXBuildFile; fileRef = B5046A751525856B001E258C /* main.m */; };
		B5046A7A1525856B001E258C /* SyncedVideoAppDelegate.m in Sources */ = {isa = PBXBuildFile; fileRef = B5046A791525856B001E258C /* SyncedVideoAppDelegate.m */; };
		B5046A831525856B001E258C /* SyncedVideoViewController.m in Sources */ = {isa = PBXBuildFile; fileRef = B5046A821525856B001E258C /* SyncedVideoViewController.m */; };
		B5046AA4152589BE001E258C /* MainWindow.xib in Resources */ = {isa = PBXBuildFile; fileRef = B5046AA1152589BE001E258C /* MainWindow.xib */; };
		B5046AA715258A06001E258C /* SyncedVideoViewController.xib in Resources */ = {isa = PBXBuildFile; fileRef = B5046AA615258A06001E258C /* SyncedVideoViewController.xib */; };
		B5046AA91525904B001E258C /* MainWindow-iPad.xib in Resources */ = {isa = PBXBuildFile; fileRef = B5046AA81525904B001E258C /* MainWindow-iPad.xib */; };
		B5046AAB152599E1001E258C /* wheels.mp4 in Resources */ = {isa = PBXBuildFile; fileRef = B5046A9E15258998001E258C /* wheels.mp4 */; };
		B5046AAC152599E7001E258C /* froggie.mp4 in Resources */ = {isa = PBXBuildFile; fileRef = B5046A9F15258998001E258C /* froggie.mp4 */; };
		B5046AAE15259D12001E258C /* AVFoundation.framework in Frameworks */ = {isa = PBXBuildFile; fileRef = B5046AAD15259D12001E258C /* AVFoundation.framework */; };
		B50CAC701535E6670066AC41 /* avatar_57.png in Resources */ = {isa = PBXBuildFile; fileRef = B50CAC6F1535E6670066AC41 /* avatar_57.png */; };
		B50CAC721535E6FD0066AC41 /* avatar_72.png in Resources */ = {isa = PBXBuildFile; fileRef = B50CAC711535E6FD0066AC41 /* avatar_72.png */; };
		B50CAC741535E8070066AC41 /* avatar_114.png in Resources */ = {isa = PBXBuildFile; fileRef = B50CAC731535E8070066AC41 /* avatar_114.png */; };
		B50CAC761535E8630066AC41 /* avatar_144.png in Resources */ = {isa = PBXBuildFile; fileRef = B50CAC751535E8630066AC41 /* avatar_144.png */; };
		B50DE9F4156174D200535213 /* VideoPlayerViewController-Phone.xib in Resources */ = {isa = PBXBuildFile; fileRef = B50DE9F3156174D200535213 /* VideoPlayerViewController-Phone.xib */; };
		B50DE9F6156176B800535213 /* header_video_sm.png in Resources */ = {isa = PBXBuildFile; fileRef = B50DE9F5156176B800535213 /* header_video_sm.png */; };
		B530175B155B9051002E7668 /* footer.png in Resources */ = {isa = PBXBuildFile; fileRef = B530175A155B9051002E7668 /* footer.png */; };
		B530175D155B9105002E7668 /* cartoon.png in Resources */ = {isa = PBXBuildFile; fileRef = B530175C155B9105002E7668 /* cartoon.png */; };
		B54B8B7B1560DAA500834530 /* VideoPlayerViewController.m in Sources */ = {isa = PBXBuildFile; fileRef = B54B8B791560DAA500834530 /* VideoPlayerViewController.m */; };
		B54B8B7C1560DAA500834530 /* VideoPlayerViewController.xib in Resources */ = {isa = PBXBuildFile; fileRef = B54B8B7A1560DAA500834530 /* VideoPlayerViewController.xib */; };
		B55D7CBF155CE717002A2DB2 /* cork_board_wide.png in Resources */ = {isa = PBXBuildFile; fileRef = B55D7CBE155CE717002A2DB2 /* cork_board_wide.png */; };
		B55D7CD3155D8A2C002A2DB2 /* VideoControlView.m in Sources */ = {isa = PBXBuildFile; fileRef = B55D7CD2155D8A2C002A2DB2 /* VideoControlView.m */; };
		B55D7CD5155DCB2D002A2DB2 /* post_it_big.png in Resources */ = {isa = PBXBuildFile; fileRef = B55D7CD4155DCB2D002A2DB2 /* post_it_big.png */; };
		B564D5CD156CA01600E53258 /* close-button.png in Resources */ = {isa = PBXBuildFile; fileRef = B564D5CC156CA01600E53258 /* close-button.png */; };
		B564D5CF156CA05100E53258 /* drag_handle.png in Resources */ = {isa = PBXBuildFile; fileRef = B564D5CE156CA05100E53258 /* drag_handle.png */; };
		B564D5D1156CA4FE00E53258 /* karaoke_panel.png in Resources */ = {isa = PBXBuildFile; fileRef = B564D5D0156CA4FE00E53258 /* karaoke_panel.png */; };
		B565B0B5158FFE140040255F /* default.manifest in Resources */ = {isa = PBXBuildFile; fileRef = B565B0B4158FFE140040255F /* default.manifest */; };
		B565B0C11592842E0040255F /* CFNetwork.framework in Frameworks */ = {isa = PBXBuildFile; fileRef = B565B0C01592842D0040255F /* CFNetwork.framework */; };
		B565B0C3159284450040255F /* SystemConfiguration.framework in Frameworks */ = {isa = PBXBuildFile; fileRef = B565B0C2159284450040255F /* SystemConfiguration.framework */; };
		B565B0C51592844F0040255F /* MobileCoreServices.framework in Frameworks */ = {isa = PBXBuildFile; fileRef = B565B0C41592844F0040255F /* MobileCoreServices.framework */; };
		B565B0C7159284620040255F /* libz.dylib in Frameworks */ = {isa = PBXBuildFile; fileRef = B565B0C6159284620040255F /* libz.dylib */; };
		B565B0DD159284B30040255F /* ASIAuthenticationDialog.m in Sources */ = {isa = PBXBuildFile; fileRef = B565B0CA159284B30040255F /* ASIAuthenticationDialog.m */; };
		B565B0DE159284B30040255F /* ASIDataCompressor.m in Sources */ = {isa = PBXBuildFile; fileRef = B565B0CD159284B30040255F /* ASIDataCompressor.m */; };
		B565B0DF159284B30040255F /* ASIDataDecompressor.m in Sources */ = {isa = PBXBuildFile; fileRef = B565B0CF159284B30040255F /* ASIDataDecompressor.m */; };
		B565B0E0159284B30040255F /* ASIDownloadCache.m in Sources */ = {isa = PBXBuildFile; fileRef = B565B0D1159284B30040255F /* ASIDownloadCache.m */; };
		B565B0E1159284B30040255F /* ASIFormDataRequest.m in Sources */ = {isa = PBXBuildFile; fileRef = B565B0D3159284B30040255F /* ASIFormDataRequest.m */; };
		B565B0E2159284B30040255F /* ASIHTTPRequest.m in Sources */ = {isa = PBXBuildFile; fileRef = B565B0D5159284B30040255F /* ASIHTTPRequest.m */; };
		B565B0E3159284B30040255F /* ASIInputStream.m in Sources */ = {isa = PBXBuildFile; fileRef = B565B0D9159284B30040255F /* ASIInputStream.m */; };
		B565B0E4159284B30040255F /* ASINetworkQueue.m in Sources */ = {isa = PBXBuildFile; fileRef = B565B0DB159284B30040255F /* ASINetworkQueue.m */; };
		B565B0EC159285280040255F /* Reachability.m in Sources */ = {isa = PBXBuildFile; fileRef = B565B0EB159285280040255F /* Reachability.m */; };
		B56B59FE1594E54600C0822D /* StoreViewController.m in Sources */ = {isa = PBXBuildFile; fileRef = B56B59FC1594E54600C0822D /* StoreViewController.m */; };
		B56B5A011594E5DE00C0822D /* StoreViewController~iphone.xib in Resources */ = {isa = PBXBuildFile; fileRef = B56B5A001594E5DE00C0822D /* StoreViewController~iphone.xib */; };
		B56B5A031594E5FD00C0822D /* StoreViewController~ipad.xib in Resources */ = {isa = PBXBuildFile; fileRef = B56B5A021594E5FD00C0822D /* StoreViewController~ipad.xib */; };
		B5716E751567846100616429 /* fullscreen_btn.png in Resources */ = {isa = PBXBuildFile; fileRef = B5716E741567846100616429 /* fullscreen_btn.png */; };
		B575A2CB1540DF3900349E74 /* cork_board_1000x800.jpg in Resources */ = {isa = PBXBuildFile; fileRef = B575A2CA1540DF3900349E74 /* cork_board_1000x800.jpg */; };
		B5924C7F1597824F00A42E87 /* Utilities.m in Sources */ = {isa = PBXBuildFile; fileRef = B5924C7E1597824F00A42E87 /* Utilities.m */; };
		B5B85EE31593112500BF20BC /* DownloadProgressView.m in Sources */ = {isa = PBXBuildFile; fileRef = B5B85EE21593112500BF20BC /* DownloadProgressView.m */; };
		B5B85EF115939CCB00BF20BC /* ioapi.c in Sources */ = {isa = PBXBuildFile; fileRef = B5B85EE715939CCB00BF20BC /* ioapi.c */; };
		B5B85EF215939CCB00BF20BC /* mztools.c in Sources */ = {isa = PBXBuildFile; fileRef = B5B85EE915939CCB00BF20BC /* mztools.c */; };
		B5B85EF315939CCB00BF20BC /* unzip.c in Sources */ = {isa = PBXBuildFile; fileRef = B5B85EEB15939CCB00BF20BC /* unzip.c */; };
		B5B85EF415939CCB00BF20BC /* zip.c in Sources */ = {isa = PBXBuildFile; fileRef = B5B85EED15939CCB00BF20BC /* zip.c */; };
		B5B85EF515939CCB00BF20BC /* SSZipArchive.m in Sources */ = {isa = PBXBuildFile; fileRef = B5B85EF015939CCB00BF20BC /* SSZipArchive.m */; };
		B5BF20911587AAB800120BE4 /* StoreKit.framework in Frameworks */ = {isa = PBXBuildFile; fileRef = B5BF20901587AAB800120BE4 /* StoreKit.framework */; };
		B5BF2093158858E400120BE4 /* cork_board_seemless.png in Resources */ = {isa = PBXBuildFile; fileRef = B5BF2092158858E400120BE4 /* cork_board_seemless.png */; };
		B5BF209615885BA900120BE4 /* InAppPurchaseManager.m in Sources */ = {isa = PBXBuildFile; fileRef = B5BF209515885BA900120BE4 /* InAppPurchaseManager.m */; };
		B5C0FE61156047E400051E89 /* control_panel.png in Resources */ = {isa = PBXBuildFile; fileRef = B5C0FE60156047E400051E89 /* control_panel.png */; };
		B5C0FE6315604AC100051E89 /* back_button.png in Resources */ = {isa = PBXBuildFile; fileRef = B5C0FE6215604AC100051E89 /* back_button.png */; };
		B5C0FE6615604ADB00051E89 /* header_video.png in Resources */ = {isa = PBXBuildFile; fileRef = B5C0FE6415604ADB00051E89 /* header_video.png */; };
		B5C0FE6715604ADB00051E89 /* header.png in Resources */ = {isa = PBXBuildFile; fileRef = B5C0FE6515604ADB00051E89 /* header.png */; };
		B5D57CEF1562C41B007C8ABA /* froggie.lrc in Resources */ = {isa = PBXBuildFile; fileRef = B5D57CEE1562C41B007C8ABA /* froggie.lrc */; };
		B5E606BF155EC6370050C39D /* Default.png in Resources */ = {isa = PBXBuildFile; fileRef = B5E606BE155EC6370050C39D /* Default.png */; };
		B5E606C1155EC6530050C39D /* Default@2x.png in Resources */ = {isa = PBXBuildFile; fileRef = B5E606C0155EC6530050C39D /* Default@2x.png */; };
		B5E606C8155ED1AF0050C39D /* movie_fastforward.png in Resources */ = {isa = PBXBuildFile; fileRef = B5E606C3155ED1AF0050C39D /* movie_fastforward.png */; };
		B5E606C9155ED1AF0050C39D /* movie_lower-controls_background.png in Resources */ = {isa = PBXBuildFile; fileRef = B5E606C4155ED1AF0050C39D /* movie_lower-controls_background.png */; };
		B5E606CA155ED1AF0050C39D /* movie_pause.png in Resources */ = {isa = PBXBuildFile; fileRef = B5E606C5155ED1AF0050C39D /* movie_pause.png */; };
		B5E606CB155ED1AF0050C39D /* movie_play.png in Resources */ = {isa = PBXBuildFile; fileRef = B5E606C6155ED1AF0050C39D /* movie_play.png */; };
		B5E606CC155ED1AF0050C39D /* movie_rewind.png in Resources */ = {isa = PBXBuildFile; fileRef = B5E606C7155ED1AF0050C39D /* movie_rewind.png */; };
		B5E606D2155F2F9A0050C39D /* CoreMedia.framework in Frameworks */ = {isa = PBXBuildFile; fileRef = B5E606D1155F2F9A0050C39D /* CoreMedia.framework */; };
		B5F494071527BE73005DE192 /* IPadController.xib in Resources */ = {isa = PBXBuildFile; fileRef = B5F494061527BE73005DE192 /* IPadController.xib */; };
		B5F4940A1527CDC1005DE192 /* cork_board_800x1000.jpg in Resources */ = {isa = PBXBuildFile; fileRef = B5F494091527CDC1005DE192 /* cork_board_800x1000.jpg */; };
/* End PBXBuildFile section */

/* Begin PBXFileReference section */
		B501D1541563A78D000550D5 /* KaraokeView.h */ = {isa = PBXFileReference; fileEncoding = 4; lastKnownFileType = sourcecode.c.h; path = KaraokeView.h; sourceTree = "<group>"; };
		B501D1551563A78D000550D5 /* KaraokeView.m */ = {isa = PBXFileReference; fileEncoding = 4; lastKnownFileType = sourcecode.c.objc; path = KaraokeView.m; sourceTree = "<group>"; };
		B501D1571564DEAF000550D5 /* wheels.lrc */ = {isa = PBXFileReference; fileEncoding = 4; lastKnownFileType = text; name = wheels.lrc; path = "../../../../../../Desktop/sophie work/video/wheels.lrc"; sourceTree = "<group>"; };
		B5046A651525856B001E258C /* SyncedVideo.app */ = {isa = PBXFileReference; explicitFileType = wrapper.application; includeInIndex = 0; path = SyncedVideo.app; sourceTree = BUILT_PRODUCTS_DIR; };
		B5046A691525856B001E258C /* UIKit.framework */ = {isa = PBXFileReference; lastKnownFileType = wrapper.framework; name = UIKit.framework; path = System/Library/Frameworks/UIKit.framework; sourceTree = SDKROOT; };
		B5046A6B1525856B001E258C /* Foundation.framework */ = {isa = PBXFileReference; lastKnownFileType = wrapper.framework; name = Foundation.framework; path = System/Library/Frameworks/Foundation.framework; sourceTree = SDKROOT; };
		B5046A6D1525856B001E258C /* CoreGraphics.framework */ = {isa = PBXFileReference; lastKnownFileType = wrapper.framework; name = CoreGraphics.framework; path = System/Library/Frameworks/CoreGraphics.framework; sourceTree = SDKROOT; };
		B5046A711525856B001E258C /* SyncedVideo-Info.plist */ = {isa = PBXFileReference; lastKnownFileType = text.plist.xml; path = "SyncedVideo-Info.plist"; sourceTree = "<group>"; };
		B5046A731525856B001E258C /* en */ = {isa = PBXFileReference; lastKnownFileType = text.plist.strings; name = en; path = en.lproj/InfoPlist.strings; sourceTree = "<group>"; };
		B5046A751525856B001E258C /* main.m */ = {isa = PBXFileReference; lastKnownFileType = sourcecode.c.objc; path = main.m; sourceTree = "<group>"; };
		B5046A771525856B001E258C /* SyncedVideo-Prefix.pch */ = {isa = PBXFileReference; lastKnownFileType = sourcecode.c.h; path = "SyncedVideo-Prefix.pch"; sourceTree = "<group>"; };
		B5046A781525856B001E258C /* SyncedVideoAppDelegate.h */ = {isa = PBXFileReference; lastKnownFileType = sourcecode.c.h; path = SyncedVideoAppDelegate.h; sourceTree = "<group>"; };
		B5046A791525856B001E258C /* SyncedVideoAppDelegate.m */ = {isa = PBXFileReference; lastKnownFileType = sourcecode.c.objc; path = SyncedVideoAppDelegate.m; sourceTree = "<group>"; };
		B5046A811525856B001E258C /* SyncedVideoViewController.h */ = {isa = PBXFileReference; lastKnownFileType = sourcecode.c.h; path = SyncedVideoViewController.h; sourceTree = "<group>"; };
		B5046A821525856B001E258C /* SyncedVideoViewController.m */ = {isa = PBXFileReference; lastKnownFileType = sourcecode.c.objc; path = SyncedVideoViewController.m; sourceTree = "<group>"; };
		B5046A89152588F8001E258C /* MediaPlayer.framework */ = {isa = PBXFileReference; lastKnownFileType = wrapper.framework; name = MediaPlayer.framework; path = System/Library/Frameworks/MediaPlayer.framework; sourceTree = SDKROOT; };
		B5046A9E15258998001E258C /* wheels.mp4 */ = {isa = PBXFileReference; lastKnownFileType = file; path = wheels.mp4; sourceTree = "<group>"; };
		B5046A9F15258998001E258C /* froggie.mp4 */ = {isa = PBXFileReference; lastKnownFileType = file; path = froggie.mp4; sourceTree = "<group>"; };
		B5046AA1152589BE001E258C /* MainWindow.xib */ = {isa = PBXFileReference; fileEncoding = 4; lastKnownFileType = file.xib; path = MainWindow.xib; sourceTree = "<group>"; };
		B5046AA615258A06001E258C /* SyncedVideoViewController.xib */ = {isa = PBXFileReference; fileEncoding = 4; lastKnownFileType = file.xib; path = SyncedVideoViewController.xib; sourceTree = "<group>"; };
		B5046AA81525904B001E258C /* MainWindow-iPad.xib */ = {isa = PBXFileReference; fileEncoding = 4; lastKnownFileType = file.xib; path = "MainWindow-iPad.xib"; sourceTree = "<group>"; };
		B5046AAD15259D12001E258C /* AVFoundation.framework */ = {isa = PBXFileReference; lastKnownFileType = wrapper.framework; name = AVFoundation.framework; path = System/Library/Frameworks/AVFoundation.framework; sourceTree = SDKROOT; };
		B50CAC6F1535E6670066AC41 /* avatar_57.png */ = {isa = PBXFileReference; lastKnownFileType = image.png; name = avatar_57.png; path = ../avatar_57.png; sourceTree = "<group>"; };
		B50CAC711535E6FD0066AC41 /* avatar_72.png */ = {isa = PBXFileReference; lastKnownFileType = image.png; name = avatar_72.png; path = ../avatar_72.png; sourceTree = "<group>"; };
		B50CAC731535E8070066AC41 /* avatar_114.png */ = {isa = PBXFileReference; lastKnownFileType = image.png; name = avatar_114.png; path = ../avatar_114.png; sourceTree = "<group>"; };
		B50CAC751535E8630066AC41 /* avatar_144.png */ = {isa = PBXFileReference; lastKnownFileType = image.png; name = avatar_144.png; path = ../avatar_144.png; sourceTree = "<group>"; };
		B50DE9F3156174D200535213 /* VideoPlayerViewController-Phone.xib */ = {isa = PBXFileReference; fileEncoding = 4; lastKnownFileType = file.xib; path = "VideoPlayerViewController-Phone.xib"; sourceTree = "<group>"; };
		B50DE9F5156176B800535213 /* header_video_sm.png */ = {isa = PBXFileReference; lastKnownFileType = image.png; name = header_video_sm.png; path = "../../../../../../Desktop/sophie work/wireframes/header_video_sm.png"; sourceTree = "<group>"; };
		B530175A155B9051002E7668 /* footer.png */ = {isa = PBXFileReference; lastKnownFileType = image.png; path = footer.png; sourceTree = "<group>"; };
		B530175C155B9105002E7668 /* cartoon.png */ = {isa = PBXFileReference; lastKnownFileType = image.png; path = cartoon.png; sourceTree = "<group>"; };
		B54B8B781560DAA500834530 /* VideoPlayerViewController.h */ = {isa = PBXFileReference; fileEncoding = 4; lastKnownFileType = sourcecode.c.h; path = VideoPlayerViewController.h; sourceTree = "<group>"; };
		B54B8B791560DAA500834530 /* VideoPlayerViewController.m */ = {isa = PBXFileReference; fileEncoding = 4; lastKnownFileType = sourcecode.c.objc; path = VideoPlayerViewController.m; sourceTree = "<group>"; };
		B54B8B7A1560DAA500834530 /* VideoPlayerViewController.xib */ = {isa = PBXFileReference; fileEncoding = 4; lastKnownFileType = file.xib; path = VideoPlayerViewController.xib; sourceTree = "<group>"; };
		B55D7CBE155CE717002A2DB2 /* cork_board_wide.png */ = {isa = PBXFileReference; lastKnownFileType = image.png; path = cork_board_wide.png; sourceTree = "<group>"; };
		B55D7CCE155D7692002A2DB2 /* VideoControlView.h */ = {isa = PBXFileReference; fileEncoding = 4; lastKnownFileType = sourcecode.c.h; path = VideoControlView.h; sourceTree = "<group>"; };
		B55D7CD2155D8A2C002A2DB2 /* VideoControlView.m */ = {isa = PBXFileReference; fileEncoding = 4; lastKnownFileType = sourcecode.c.objc; path = VideoControlView.m; sourceTree = "<group>"; };
		B55D7CD4155DCB2D002A2DB2 /* post_it_big.png */ = {isa = PBXFileReference; lastKnownFileType = image.png; path = post_it_big.png; sourceTree = "<group>"; };
		B564D5CC156CA01600E53258 /* close-button.png */ = {isa = PBXFileReference; lastKnownFileType = image.png; path = "close-button.png"; sourceTree = "<group>"; };
		B564D5CE156CA05100E53258 /* drag_handle.png */ = {isa = PBXFileReference; lastKnownFileType = image.png; path = drag_handle.png; sourceTree = "<group>"; };
		B564D5D0156CA4FE00E53258 /* karaoke_panel.png */ = {isa = PBXFileReference; lastKnownFileType = image.png; path = karaoke_panel.png; sourceTree = "<group>"; };
		B565B0B4158FFE140040255F /* default.manifest */ = {isa = PBXFileReference; fileEncoding = 4; lastKnownFileType = text; path = default.manifest; sourceTree = "<group>"; };
		B565B0C01592842D0040255F /* CFNetwork.framework */ = {isa = PBXFileReference; lastKnownFileType = wrapper.framework; name = CFNetwork.framework; path = System/Library/Frameworks/CFNetwork.framework; sourceTree = SDKROOT; };
		B565B0C2159284450040255F /* SystemConfiguration.framework */ = {isa = PBXFileReference; lastKnownFileType = wrapper.framework; name = SystemConfiguration.framework; path = System/Library/Frameworks/SystemConfiguration.framework; sourceTree = SDKROOT; };
		B565B0C41592844F0040255F /* MobileCoreServices.framework */ = {isa = PBXFileReference; lastKnownFileType = wrapper.framework; name = MobileCoreServices.framework; path = System/Library/Frameworks/MobileCoreServices.framework; sourceTree = SDKROOT; };
		B565B0C6159284620040255F /* libz.dylib */ = {isa = PBXFileReference; lastKnownFileType = "compiled.mach-o.dylib"; name = libz.dylib; path = usr/lib/libz.dylib; sourceTree = SDKROOT; };
		B565B0C9159284B30040255F /* ASIAuthenticationDialog.h */ = {isa = PBXFileReference; fileEncoding = 4; lastKnownFileType = sourcecode.c.h; name = ASIAuthenticationDialog.h; path = "asi-http-request/ASIAuthenticationDialog.h"; sourceTree = "<group>"; };
		B565B0CA159284B30040255F /* ASIAuthenticationDialog.m */ = {isa = PBXFileReference; fileEncoding = 4; lastKnownFileType = sourcecode.c.objc; name = ASIAuthenticationDialog.m; path = "asi-http-request/ASIAuthenticationDialog.m"; sourceTree = "<group>"; };
		B565B0CB159284B30040255F /* ASICacheDelegate.h */ = {isa = PBXFileReference; fileEncoding = 4; lastKnownFileType = sourcecode.c.h; name = ASICacheDelegate.h; path = "asi-http-request/ASICacheDelegate.h"; sourceTree = "<group>"; };
		B565B0CC159284B30040255F /* ASIDataCompressor.h */ = {isa = PBXFileReference; fileEncoding = 4; lastKnownFileType = sourcecode.c.h; name = ASIDataCompressor.h; path = "asi-http-request/ASIDataCompressor.h"; sourceTree = "<group>"; };
		B565B0CD159284B30040255F /* ASIDataCompressor.m */ = {isa = PBXFileReference; fileEncoding = 4; lastKnownFileType = sourcecode.c.objc; name = ASIDataCompressor.m; path = "asi-http-request/ASIDataCompressor.m"; sourceTree = "<group>"; };
		B565B0CE159284B30040255F /* ASIDataDecompressor.h */ = {isa = PBXFileReference; fileEncoding = 4; lastKnownFileType = sourcecode.c.h; name = ASIDataDecompressor.h; path = "asi-http-request/ASIDataDecompressor.h"; sourceTree = "<group>"; };
		B565B0CF159284B30040255F /* ASIDataDecompressor.m */ = {isa = PBXFileReference; fileEncoding = 4; lastKnownFileType = sourcecode.c.objc; name = ASIDataDecompressor.m; path = "asi-http-request/ASIDataDecompressor.m"; sourceTree = "<group>"; };
		B565B0D0159284B30040255F /* ASIDownloadCache.h */ = {isa = PBXFileReference; fileEncoding = 4; lastKnownFileType = sourcecode.c.h; name = ASIDownloadCache.h; path = "asi-http-request/ASIDownloadCache.h"; sourceTree = "<group>"; };
		B565B0D1159284B30040255F /* ASIDownloadCache.m */ = {isa = PBXFileReference; fileEncoding = 4; lastKnownFileType = sourcecode.c.objc; name = ASIDownloadCache.m; path = "asi-http-request/ASIDownloadCache.m"; sourceTree = "<group>"; };
		B565B0D2159284B30040255F /* ASIFormDataRequest.h */ = {isa = PBXFileReference; fileEncoding = 4; lastKnownFileType = sourcecode.c.h; name = ASIFormDataRequest.h; path = "asi-http-request/ASIFormDataRequest.h"; sourceTree = "<group>"; };
		B565B0D3159284B30040255F /* ASIFormDataRequest.m */ = {isa = PBXFileReference; fileEncoding = 4; lastKnownFileType = sourcecode.c.objc; name = ASIFormDataRequest.m; path = "asi-http-request/ASIFormDataRequest.m"; sourceTree = "<group>"; };
		B565B0D4159284B30040255F /* ASIHTTPRequest.h */ = {isa = PBXFileReference; fileEncoding = 4; lastKnownFileType = sourcecode.c.h; name = ASIHTTPRequest.h; path = "asi-http-request/ASIHTTPRequest.h"; sourceTree = "<group>"; };
		B565B0D5159284B30040255F /* ASIHTTPRequest.m */ = {isa = PBXFileReference; fileEncoding = 4; lastKnownFileType = sourcecode.c.objc; name = ASIHTTPRequest.m; path = "asi-http-request/ASIHTTPRequest.m"; sourceTree = "<group>"; };
		B565B0D6159284B30040255F /* ASIHTTPRequestConfig.h */ = {isa = PBXFileReference; fileEncoding = 4; lastKnownFileType = sourcecode.c.h; name = ASIHTTPRequestConfig.h; path = "asi-http-request/ASIHTTPRequestConfig.h"; sourceTree = "<group>"; };
		B565B0D7159284B30040255F /* ASIHTTPRequestDelegate.h */ = {isa = PBXFileReference; fileEncoding = 4; lastKnownFileType = sourcecode.c.h; name = ASIHTTPRequestDelegate.h; path = "asi-http-request/ASIHTTPRequestDelegate.h"; sourceTree = "<group>"; };
		B565B0D8159284B30040255F /* ASIInputStream.h */ = {isa = PBXFileReference; fileEncoding = 4; lastKnownFileType = sourcecode.c.h; name = ASIInputStream.h; path = "asi-http-request/ASIInputStream.h"; sourceTree = "<group>"; };
		B565B0D9159284B30040255F /* ASIInputStream.m */ = {isa = PBXFileReference; fileEncoding = 4; lastKnownFileType = sourcecode.c.objc; name = ASIInputStream.m; path = "asi-http-request/ASIInputStream.m"; sourceTree = "<group>"; };
		B565B0DA159284B30040255F /* ASINetworkQueue.h */ = {isa = PBXFileReference; fileEncoding = 4; lastKnownFileType = sourcecode.c.h; name = ASINetworkQueue.h; path = "asi-http-request/ASINetworkQueue.h"; sourceTree = "<group>"; };
		B565B0DB159284B30040255F /* ASINetworkQueue.m */ = {isa = PBXFileReference; fileEncoding = 4; lastKnownFileType = sourcecode.c.objc; name = ASINetworkQueue.m; path = "asi-http-request/ASINetworkQueue.m"; sourceTree = "<group>"; };
		B565B0DC159284B30040255F /* ASIProgressDelegate.h */ = {isa = PBXFileReference; fileEncoding = 4; lastKnownFileType = sourcecode.c.h; name = ASIProgressDelegate.h; path = "asi-http-request/ASIProgressDelegate.h"; sourceTree = "<group>"; };
		B565B0EA159285280040255F /* Reachability.h */ = {isa = PBXFileReference; fileEncoding = 4; lastKnownFileType = sourcecode.c.h; path = Reachability.h; sourceTree = "<group>"; };
		B565B0EB159285280040255F /* Reachability.m */ = {isa = PBXFileReference; fileEncoding = 4; lastKnownFileType = sourcecode.c.objc; path = Reachability.m; sourceTree = "<group>"; };
		B56B59FB1594E54600C0822D /* StoreViewController.h */ = {isa = PBXFileReference; fileEncoding = 4; lastKnownFileType = sourcecode.c.h; path = StoreViewController.h; sourceTree = "<group>"; };
		B56B59FC1594E54600C0822D /* StoreViewController.m */ = {isa = PBXFileReference; fileEncoding = 4; lastKnownFileType = sourcecode.c.objc; path = StoreViewController.m; sourceTree = "<group>"; };
		B56B5A001594E5DE00C0822D /* StoreViewController~iphone.xib */ = {isa = PBXFileReference; fileEncoding = 4; lastKnownFileType = file.xib; path = "StoreViewController~iphone.xib"; sourceTree = "<group>"; };
		B56B5A021594E5FD00C0822D /* StoreViewController~ipad.xib */ = {isa = PBXFileReference; fileEncoding = 4; lastKnownFileType = file.xib; path = "StoreViewController~ipad.xib"; sourceTree = "<group>"; };
		B5716E741567846100616429 /* fullscreen_btn.png */ = {isa = PBXFileReference; lastKnownFileType = image.png; name = fullscreen_btn.png; path = "../../../../../../Desktop/sophie work/wireframes/fullscreen_btn.png"; sourceTree = "<group>"; };
		B575A2CA1540DF3900349E74 /* cork_board_1000x800.jpg */ = {isa = PBXFileReference; lastKnownFileType = image.jpeg; path = cork_board_1000x800.jpg; sourceTree = "<group>"; };
		B5924C7D1597824F00A42E87 /* Utilities.h */ = {isa = PBXFileReference; fileEncoding = 4; lastKnownFileType = sourcecode.c.h; path = Utilities.h; sourceTree = "<group>"; };
		B5924C7E1597824F00A42E87 /* Utilities.m */ = {isa = PBXFileReference; fileEncoding = 4; lastKnownFileType = sourcecode.c.objc; path = Utilities.m; sourceTree = "<group>"; };
		B5B85EE11593112500BF20BC /* DownloadProgressView.h */ = {isa = PBXFileReference; fileEncoding = 4; lastKnownFileType = sourcecode.c.h; path = DownloadProgressView.h; sourceTree = "<group>"; };
		B5B85EE21593112500BF20BC /* DownloadProgressView.m */ = {isa = PBXFileReference; fileEncoding = 4; lastKnownFileType = sourcecode.c.objc; path = DownloadProgressView.m; sourceTree = "<group>"; };
		B5B85EE615939CCB00BF20BC /* crypt.h */ = {isa = PBXFileReference; fileEncoding = 4; lastKnownFileType = sourcecode.c.h; path = crypt.h; sourceTree = "<group>"; };
		B5B85EE715939CCB00BF20BC /* ioapi.c */ = {isa = PBXFileReference; fileEncoding = 4; lastKnownFileType = sourcecode.c.c; path = ioapi.c; sourceTree = "<group>"; };
		B5B85EE815939CCB00BF20BC /* ioapi.h */ = {isa = PBXFileReference; fileEncoding = 4; lastKnownFileType = sourcecode.c.h; path = ioapi.h; sourceTree = "<group>"; };
		B5B85EE915939CCB00BF20BC /* mztools.c */ = {isa = PBXFileReference; fileEncoding = 4; lastKnownFileType = sourcecode.c.c; path = mztools.c; sourceTree = "<group>"; };
		B5B85EEA15939CCB00BF20BC /* mztools.h */ = {isa = PBXFileReference; fileEncoding = 4; lastKnownFileType = sourcecode.c.h; path = mztools.h; sourceTree = "<group>"; };
		B5B85EEB15939CCB00BF20BC /* unzip.c */ = {isa = PBXFileReference; fileEncoding = 4; lastKnownFileType = sourcecode.c.c; path = unzip.c; sourceTree = "<group>"; };
		B5B85EEC15939CCB00BF20BC /* unzip.h */ = {isa = PBXFileReference; fileEncoding = 4; lastKnownFileType = sourcecode.c.h; path = unzip.h; sourceTree = "<group>"; };
		B5B85EED15939CCB00BF20BC /* zip.c */ = {isa = PBXFileReference; fileEncoding = 4; lastKnownFileType = sourcecode.c.c; path = zip.c; sourceTree = "<group>"; };
		B5B85EEE15939CCB00BF20BC /* zip.h */ = {isa = PBXFileReference; fileEncoding = 4; lastKnownFileType = sourcecode.c.h; path = zip.h; sourceTree = "<group>"; };
		B5B85EEF15939CCB00BF20BC /* SSZipArchive.h */ = {isa = PBXFileReference; fileEncoding = 4; lastKnownFileType = sourcecode.c.h; path = SSZipArchive.h; sourceTree = "<group>"; };
		B5B85EF015939CCB00BF20BC /* SSZipArchive.m */ = {isa = PBXFileReference; fileEncoding = 4; lastKnownFileType = sourcecode.c.objc; path = SSZipArchive.m; sourceTree = "<group>"; };
		B5BF20901587AAB800120BE4 /* StoreKit.framework */ = {isa = PBXFileReference; lastKnownFileType = wrapper.framework; name = StoreKit.framework; path = System/Library/Frameworks/StoreKit.framework; sourceTree = SDKROOT; };
		B5BF2092158858E400120BE4 /* cork_board_seemless.png */ = {isa = PBXFileReference; lastKnownFileType = image.png; path = cork_board_seemless.png; sourceTree = "<group>"; };
		B5BF209415885BA900120BE4 /* InAppPurchaseManager.h */ = {isa = PBXFileReference; fileEncoding = 4; lastKnownFileType = sourcecode.c.h; path = InAppPurchaseManager.h; sourceTree = "<group>"; };
		B5BF209515885BA900120BE4 /* InAppPurchaseManager.m */ = {isa = PBXFileReference; fileEncoding = 4; lastKnownFileType = sourcecode.c.objc; path = InAppPurchaseManager.m; sourceTree = "<group>"; };
		B5C0FE60156047E400051E89 /* control_panel.png */ = {isa = PBXFileReference; lastKnownFileType = image.png; name = control_panel.png; path = "../../../../../../Desktop/sophie work/wireframes/control_panel.png"; sourceTree = "<group>"; };
		B5C0FE6215604AC100051E89 /* back_button.png */ = {isa = PBXFileReference; lastKnownFileType = image.png; name = back_button.png; path = "../../../../../../Desktop/sophie work/wireframes/back_button.png"; sourceTree = "<group>"; };
		B5C0FE6415604ADB00051E89 /* header_video.png */ = {isa = PBXFileReference; lastKnownFileType = image.png; name = header_video.png; path = "../../../../../../Desktop/sophie work/wireframes/header_video.png"; sourceTree = "<group>"; };
		B5C0FE6515604ADB00051E89 /* header.png */ = {isa = PBXFileReference; lastKnownFileType = image.png; name = header.png; path = "../../../../../../Desktop/sophie work/wireframes/header.png"; sourceTree = "<group>"; };
		B5D57CEE1562C41B007C8ABA /* froggie.lrc */ = {isa = PBXFileReference; fileEncoding = 4; lastKnownFileType = text; name = froggie.lrc; path = "../../../../../../Desktop/sophie work/video/froggie.lrc"; sourceTree = "<group>"; };
		B5E606BE155EC6370050C39D /* Default.png */ = {isa = PBXFileReference; lastKnownFileType = image.png; name = Default.png; path = ../Default.png; sourceTree = "<group>"; };
		B5E606C0155EC6530050C39D /* Default@2x.png */ = {isa = PBXFileReference; lastKnownFileType = image.png; name = "Default@2x.png"; path = "../Default@2x.png"; sourceTree = "<group>"; };
		B5E606C3155ED1AF0050C39D /* movie_fastforward.png */ = {isa = PBXFileReference; lastKnownFileType = image.png; name = movie_fastforward.png; path = "../../../../../../Desktop/sophie work/images/controls/movie_fastforward.png"; sourceTree = "<group>"; };
		B5E606C4155ED1AF0050C39D /* movie_lower-controls_background.png */ = {isa = PBXFileReference; lastKnownFileType = image.png; name = "movie_lower-controls_background.png"; path = "../../../../../../Desktop/sophie work/images/controls/movie_lower-controls_background.png"; sourceTree = "<group>"; };
		B5E606C5155ED1AF0050C39D /* movie_pause.png */ = {isa = PBXFileReference; lastKnownFileType = image.png; name = movie_pause.png; path = "../../../../../../Desktop/sophie work/images/controls/movie_pause.png"; sourceTree = "<group>"; };
		B5E606C6155ED1AF0050C39D /* movie_play.png */ = {isa = PBXFileReference; lastKnownFileType = image.png; name = movie_play.png; path = "../../../../../../Desktop/sophie work/images/controls/movie_play.png"; sourceTree = "<group>"; };
		B5E606C7155ED1AF0050C39D /* movie_rewind.png */ = {isa = PBXFileReference; lastKnownFileType = image.png; name = movie_rewind.png; path = "../../../../../../Desktop/sophie work/images/controls/movie_rewind.png"; sourceTree = "<group>"; };
		B5E606D1155F2F9A0050C39D /* CoreMedia.framework */ = {isa = PBXFileReference; lastKnownFileType = wrapper.framework; name = CoreMedia.framework; path = System/Library/Frameworks/CoreMedia.framework; sourceTree = SDKROOT; };
		B5F494061527BE73005DE192 /* IPadController.xib */ = {isa = PBXFileReference; fileEncoding = 4; lastKnownFileType = file.xib; path = IPadController.xib; sourceTree = "<group>"; };
		B5F494091527CDC1005DE192 /* cork_board_800x1000.jpg */ = {isa = PBXFileReference; lastKnownFileType = image.jpeg; path = cork_board_800x1000.jpg; sourceTree = "<group>"; };
/* End PBXFileReference section */

/* Begin PBXFrameworksBuildPhase section */
		B5046A621525856B001E258C /* Frameworks */ = {
			isa = PBXFrameworksBuildPhase;
			buildActionMask = 2147483647;
			files = (
				B565B0C7159284620040255F /* libz.dylib in Frameworks */,
				B565B0C51592844F0040255F /* MobileCoreServices.framework in Frameworks */,
				B565B0C3159284450040255F /* SystemConfiguration.framework in Frameworks */,
				B565B0C11592842E0040255F /* CFNetwork.framework in Frameworks */,
				B5BF20911587AAB800120BE4 /* StoreKit.framework in Frameworks */,
				B5046A6C1525856B001E258C /* Foundation.framework in Frameworks */,
				B5046A6A1525856B001E258C /* UIKit.framework in Frameworks */,
				B5046A6E1525856B001E258C /* CoreGraphics.framework in Frameworks */,
				B5046AAE15259D12001E258C /* AVFoundation.framework in Frameworks */,
				B5E606D2155F2F9A0050C39D /* CoreMedia.framework in Frameworks */,
			);
			runOnlyForDeploymentPostprocessing = 0;
		};
/* End PBXFrameworksBuildPhase section */

/* Begin PBXGroup section */
		B5046A5A1525856B001E258C = {
			isa = PBXGroup;
			children = (
				B5046A6F1525856B001E258C /* SyncedVideo */,
				B5046A8B1525893B001E258C /* Resources */,
				B5046A681525856B001E258C /* Frameworks */,
				B5046A661525856B001E258C /* Products */,
			);
			sourceTree = "<group>";
		};
		B5046A661525856B001E258C /* Products */ = {
			isa = PBXGroup;
			children = (
				B5046A651525856B001E258C /* SyncedVideo.app */,
			);
			name = Products;
			sourceTree = "<group>";
		};
		B5046A681525856B001E258C /* Frameworks */ = {
			isa = PBXGroup;
			children = (
				B565B0C6159284620040255F /* libz.dylib */,
				B565B0C41592844F0040255F /* MobileCoreServices.framework */,
				B565B0C2159284450040255F /* SystemConfiguration.framework */,
				B565B0C01592842D0040255F /* CFNetwork.framework */,
				B5BF20901587AAB800120BE4 /* StoreKit.framework */,
				B5E606D1155F2F9A0050C39D /* CoreMedia.framework */,
				B5046AAD15259D12001E258C /* AVFoundation.framework */,
				B5046A89152588F8001E258C /* MediaPlayer.framework */,
				B5046A691525856B001E258C /* UIKit.framework */,
				B5046A6B1525856B001E258C /* Foundation.framework */,
				B5046A6D1525856B001E258C /* CoreGraphics.framework */,
			);
			name = Frameworks;
			sourceTree = "<group>";
		};
		B5046A6F1525856B001E258C /* SyncedVideo */ = {
			isa = PBXGroup;
			children = (
				B5046A781525856B001E258C /* SyncedVideoAppDelegate.h */,
				B5046A791525856B001E258C /* SyncedVideoAppDelegate.m */,
				B5046A811525856B001E258C /* SyncedVideoViewController.h */,
				B5046A821525856B001E258C /* SyncedVideoViewController.m */,
				B56B59FB1594E54600C0822D /* StoreViewController.h */,
				B56B59FC1594E54600C0822D /* StoreViewController.m */,
				B54B8B781560DAA500834530 /* VideoPlayerViewController.h */,
				B54B8B791560DAA500834530 /* VideoPlayerViewController.m */,
				B55D7CCE155D7692002A2DB2 /* VideoControlView.h */,
				B55D7CD2155D8A2C002A2DB2 /* VideoControlView.m */,
				B501D1541563A78D000550D5 /* KaraokeView.h */,
				B501D1551563A78D000550D5 /* KaraokeView.m */,
				B5B85EE11593112500BF20BC /* DownloadProgressView.h */,
				B5B85EE21593112500BF20BC /* DownloadProgressView.m */,
				B5BF209415885BA900120BE4 /* InAppPurchaseManager.h */,
				B5BF209515885BA900120BE4 /* InAppPurchaseManager.m */,
				B5924C7D1597824F00A42E87 /* Utilities.h */,
				B5924C7E1597824F00A42E87 /* Utilities.m */,
				B5046A701525856B001E258C /* Supporting Files */,
				B565B0C8159284950040255F /* third party */,
			);
			path = SyncedVideo;
			sourceTree = "<group>";
		};
		B5046A701525856B001E258C /* Supporting Files */ = {
			isa = PBXGroup;
			children = (
				B5046A711525856B001E258C /* SyncedVideo-Info.plist */,
				B5046A721525856B001E258C /* InfoPlist.strings */,
				B5046A751525856B001E258C /* main.m */,
				B5046A771525856B001E258C /* SyncedVideo-Prefix.pch */,
			);
			name = "Supporting Files";
			sourceTree = "<group>";
		};
		B5046A8B1525893B001E258C /* Resources */ = {
			isa = PBXGroup;
			children = (
				B56B5A001594E5DE00C0822D /* StoreViewController~iphone.xib */,
				B56B5A021594E5FD00C0822D /* StoreViewController~ipad.xib */,
				B5F494061527BE73005DE192 /* IPadController.xib */,
				B5046AA615258A06001E258C /* SyncedVideoViewController.xib */,
				B54B8B7A1560DAA500834530 /* VideoPlayerViewController.xib */,
				B50DE9F3156174D200535213 /* VideoPlayerViewController-Phone.xib */,
				B5046AA81525904B001E258C /* MainWindow-iPad.xib */,
				B5046AA1152589BE001E258C /* MainWindow.xib */,
				B5046A8C1525895F001E258C /* images */,
				B5046A8D1525896A001E258C /* video */,
			);
			name = Resources;
			path = SyncedVideo;
			sourceTree = "<group>";
		};
		B5046A8C1525895F001E258C /* images */ = {
			isa = PBXGroup;
			children = (
				B5BF2092158858E400120BE4 /* cork_board_seemless.png */,
				B564D5D0156CA4FE00E53258 /* karaoke_panel.png */,
				B564D5CE156CA05100E53258 /* drag_handle.png */,
				B564D5CC156CA01600E53258 /* close-button.png */,
				B5716E741567846100616429 /* fullscreen_btn.png */,
				B50DE9F5156176B800535213 /* header_video_sm.png */,
				B5C0FE6415604ADB00051E89 /* header_video.png */,
				B5C0FE6515604ADB00051E89 /* header.png */,
				B5C0FE6215604AC100051E89 /* back_button.png */,
				B5E606C2155ED1A00050C39D /* controls */,
				B5E606C0155EC6530050C39D /* Default@2x.png */,
				B5E606BE155EC6370050C39D /* Default.png */,
				B55D7CD4155DCB2D002A2DB2 /* post_it_big.png */,
				B50CAC751535E8630066AC41 /* avatar_144.png */,
				B50CAC731535E8070066AC41 /* avatar_114.png */,
				B50CAC711535E6FD0066AC41 /* avatar_72.png */,
				B55D7CBE155CE717002A2DB2 /* cork_board_wide.png */,
				B530175C155B9105002E7668 /* cartoon.png */,
				B530175A155B9051002E7668 /* footer.png */,
				B575A2CA1540DF3900349E74 /* cork_board_1000x800.jpg */,
				B50CAC6F1535E6670066AC41 /* avatar_57.png */,
				B5F494091527CDC1005DE192 /* cork_board_800x1000.jpg */,
			);
			name = images;
			sourceTree = "<group>";
		};
		B5046A8D1525896A001E258C /* video */ = {
			isa = PBXGroup;
			children = (
				B501D1571564DEAF000550D5 /* wheels.lrc */,
				B5D57CEE1562C41B007C8ABA /* froggie.lrc */,
				B5046A9E15258998001E258C /* wheels.mp4 */,
				B5046A9F15258998001E258C /* froggie.mp4 */,
				B565B0B4158FFE140040255F /* default.manifest */,
			);
			name = video;
			sourceTree = "<group>";
		};
		B565B0C8159284950040255F /* third party */ = {
			isa = PBXGroup;
			children = (
				B5B85EE415939CCB00BF20BC /* SSZipArchive */,
				B565B0E5159284EC0040255F /* External */,
				B565B0C9159284B30040255F /* ASIAuthenticationDialog.h */,
				B565B0CA159284B30040255F /* ASIAuthenticationDialog.m */,
				B565B0CB159284B30040255F /* ASICacheDelegate.h */,
				B565B0CC159284B30040255F /* ASIDataCompressor.h */,
				B565B0CD159284B30040255F /* ASIDataCompressor.m */,
				B565B0CE159284B30040255F /* ASIDataDecompressor.h */,
				B565B0CF159284B30040255F /* ASIDataDecompressor.m */,
				B565B0D0159284B30040255F /* ASIDownloadCache.h */,
				B565B0D1159284B30040255F /* ASIDownloadCache.m */,
				B565B0D2159284B30040255F /* ASIFormDataRequest.h */,
				B565B0D3159284B30040255F /* ASIFormDataRequest.m */,
				B565B0D4159284B30040255F /* ASIHTTPRequest.h */,
				B565B0D5159284B30040255F /* ASIHTTPRequest.m */,
				B565B0D6159284B30040255F /* ASIHTTPRequestConfig.h */,
				B565B0D7159284B30040255F /* ASIHTTPRequestDelegate.h */,
				B565B0D8159284B30040255F /* ASIInputStream.h */,
				B565B0D9159284B30040255F /* ASIInputStream.m */,
				B565B0DA159284B30040255F /* ASINetworkQueue.h */,
				B565B0DB159284B30040255F /* ASINetworkQueue.m */,
				B565B0DC159284B30040255F /* ASIProgressDelegate.h */,
			);
			name = "third party";
			sourceTree = "<group>";
		};
		B565B0E5159284EC0040255F /* External */ = {
			isa = PBXGroup;
			children = (
				B565B0E9159285280040255F /* Reachability */,
			);
			name = External;
			sourceTree = "<group>";
		};
		B565B0E9159285280040255F /* Reachability */ = {
			isa = PBXGroup;
			children = (
				B565B0EA159285280040255F /* Reachability.h */,
				B565B0EB159285280040255F /* Reachability.m */,
			);
			name = Reachability;
			path = "asi-http-request/External/Reachability";
			sourceTree = "<group>";
		};
		B5B85EE415939CCB00BF20BC /* SSZipArchive */ = {
			isa = PBXGroup;
			children = (
				B5B85EE515939CCB00BF20BC /* minizip */,
				B5B85EEF15939CCB00BF20BC /* SSZipArchive.h */,
				B5B85EF015939CCB00BF20BC /* SSZipArchive.m */,
			);
			path = SSZipArchive;
			sourceTree = "<group>";
		};
		B5B85EE515939CCB00BF20BC /* minizip */ = {
			isa = PBXGroup;
			children = (
				B5B85EE615939CCB00BF20BC /* crypt.h */,
				B5B85EE715939CCB00BF20BC /* ioapi.c */,
				B5B85EE815939CCB00BF20BC /* ioapi.h */,
				B5B85EE915939CCB00BF20BC /* mztools.c */,
				B5B85EEA15939CCB00BF20BC /* mztools.h */,
				B5B85EEB15939CCB00BF20BC /* unzip.c */,
				B5B85EEC15939CCB00BF20BC /* unzip.h */,
				B5B85EED15939CCB00BF20BC /* zip.c */,
				B5B85EEE15939CCB00BF20BC /* zip.h */,
			);
			path = minizip;
			sourceTree = "<group>";
		};
		B5E606C2155ED1A00050C39D /* controls */ = {
			isa = PBXGroup;
			children = (
				B5C0FE60156047E400051E89 /* control_panel.png */,
				B5E606C3155ED1AF0050C39D /* movie_fastforward.png */,
				B5E606C4155ED1AF0050C39D /* movie_lower-controls_background.png */,
				B5E606C5155ED1AF0050C39D /* movie_pause.png */,
				B5E606C6155ED1AF0050C39D /* movie_play.png */,
				B5E606C7155ED1AF0050C39D /* movie_rewind.png */,
			);
			name = controls;
			sourceTree = "<group>";
		};
/* End PBXGroup section */

/* Begin PBXNativeTarget section */
		B5046A641525856B001E258C /* SyncedVideo */ = {
			isa = PBXNativeTarget;
			buildConfigurationList = B5046A861525856B001E258C /* Build configuration list for PBXNativeTarget "SyncedVideo" */;
			buildPhases = (
				B5046A611525856B001E258C /* Sources */,
				B5046A621525856B001E258C /* Frameworks */,
				B5046A631525856B001E258C /* Resources */,
			);
			buildRules = (
			);
			dependencies = (
			);
			name = SyncedVideo;
			productName = SyncedVideo;
			productReference = B5046A651525856B001E258C /* SyncedVideo.app */;
			productType = "com.apple.product-type.application";
		};
/* End PBXNativeTarget section */

/* Begin PBXProject section */
		B5046A5C1525856B001E258C /* Project object */ = {
			isa = PBXProject;
			attributes = {
				CLASSPREFIX = SyncedVideo;
				LastUpgradeCheck = 0430;
			};
			buildConfigurationList = B5046A5F1525856B001E258C /* Build configuration list for PBXProject "SyncedVideo" */;
			compatibilityVersion = "Xcode 3.2";
			developmentRegion = English;
			hasScannedForEncodings = 0;
			knownRegions = (
				en,
			);
			mainGroup = B5046A5A1525856B001E258C;
			productRefGroup = B5046A661525856B001E258C /* Products */;
			projectDirPath = "";
			projectRoot = "";
			targets = (
				B5046A641525856B001E258C /* SyncedVideo */,
			);
		};
/* End PBXProject section */

/* Begin PBXResourcesBuildPhase section */
		B5046A631525856B001E258C /* Resources */ = {
			isa = PBXResourcesBuildPhase;
			buildActionMask = 2147483647;
			files = (
				B5046A741525856B001E258C /* InfoPlist.strings in Resources */,
				B5046AA4152589BE001E258C /* MainWindow.xib in Resources */,
				B5046AA715258A06001E258C /* SyncedVideoViewController.xib in Resources */,
				B5046AA91525904B001E258C /* MainWindow-iPad.xib in Resources */,
				B5046AAB152599E1001E258C /* wheels.mp4 in Resources */,
				B5046AAC152599E7001E258C /* froggie.mp4 in Resources */,
				B5F494071527BE73005DE192 /* IPadController.xib in Resources */,
				B5F4940A1527CDC1005DE192 /* cork_board_800x1000.jpg in Resources */,
				B50CAC701535E6670066AC41 /* avatar_57.png in Resources */,
				B50CAC721535E6FD0066AC41 /* avatar_72.png in Resources */,
				B50CAC741535E8070066AC41 /* avatar_114.png in Resources */,
				B50CAC761535E8630066AC41 /* avatar_144.png in Resources */,
				B575A2CB1540DF3900349E74 /* cork_board_1000x800.jpg in Resources */,
				B530175B155B9051002E7668 /* footer.png in Resources */,
				B530175D155B9105002E7668 /* cartoon.png in Resources */,
				B55D7CBF155CE717002A2DB2 /* cork_board_wide.png in Resources */,
				B55D7CD5155DCB2D002A2DB2 /* post_it_big.png in Resources */,
				B5E606BF155EC6370050C39D /* Default.png in Resources */,
				B5E606C1155EC6530050C39D /* Default@2x.png in Resources */,
				B5E606C8155ED1AF0050C39D /* movie_fastforward.png in Resources */,
				B5E606C9155ED1AF0050C39D /* movie_lower-controls_background.png in Resources */,
				B5E606CA155ED1AF0050C39D /* movie_pause.png in Resources */,
				B5E606CB155ED1AF0050C39D /* movie_play.png in Resources */,
				B5E606CC155ED1AF0050C39D /* movie_rewind.png in Resources */,
				B5C0FE61156047E400051E89 /* control_panel.png in Resources */,
				B5C0FE6315604AC100051E89 /* back_button.png in Resources */,
				B5C0FE6615604ADB00051E89 /* header_video.png in Resources */,
				B5C0FE6715604ADB00051E89 /* header.png in Resources */,
				B54B8B7C1560DAA500834530 /* VideoPlayerViewController.xib in Resources */,
				B50DE9F4156174D200535213 /* VideoPlayerViewController-Phone.xib in Resources */,
				B50DE9F6156176B800535213 /* header_video_sm.png in Resources */,
				B5D57CEF1562C41B007C8ABA /* froggie.lrc in Resources */,
				B501D1581564DEAF000550D5 /* wheels.lrc in Resources */,
				B5716E751567846100616429 /* fullscreen_btn.png in Resources */,
				B564D5CD156CA01600E53258 /* close-button.png in Resources */,
				B564D5CF156CA05100E53258 /* drag_handle.png in Resources */,
				B564D5D1156CA4FE00E53258 /* karaoke_panel.png in Resources */,
				B5BF2093158858E400120BE4 /* cork_board_seemless.png in Resources */,
				B565B0B5158FFE140040255F /* default.manifest in Resources */,
				B56B5A011594E5DE00C0822D /* StoreViewController~iphone.xib in Resources */,
				B56B5A031594E5FD00C0822D /* StoreViewController~ipad.xib in Resources */,
			);
			runOnlyForDeploymentPostprocessing = 0;
		};
/* End PBXResourcesBuildPhase section */

/* Begin PBXSourcesBuildPhase section */
		B5046A611525856B001E258C /* Sources */ = {
			isa = PBXSourcesBuildPhase;
			buildActionMask = 2147483647;
			files = (
				B5046A761525856B001E258C /* main.m in Sources */,
				B5046A7A1525856B001E258C /* SyncedVideoAppDelegate.m in Sources */,
				B5046A831525856B001E258C /* SyncedVideoViewController.m in Sources */,
				B55D7CD3155D8A2C002A2DB2 /* VideoControlView.m in Sources */,
				B54B8B7B1560DAA500834530 /* VideoPlayerViewController.m in Sources */,
				B501D1561563A78D000550D5 /* KaraokeView.m in Sources */,
				B5BF209615885BA900120BE4 /* InAppPurchaseManager.m in Sources */,
				B565B0DD159284B30040255F /* ASIAuthenticationDialog.m in Sources */,
				B565B0DE159284B30040255F /* ASIDataCompressor.m in Sources */,
				B565B0DF159284B30040255F /* ASIDataDecompressor.m in Sources */,
				B565B0E0159284B30040255F /* ASIDownloadCache.m in Sources */,
				B565B0E1159284B30040255F /* ASIFormDataRequest.m in Sources */,
				B565B0E2159284B30040255F /* ASIHTTPRequest.m in Sources */,
				B565B0E3159284B30040255F /* ASIInputStream.m in Sources */,
				B565B0E4159284B30040255F /* ASINetworkQueue.m in Sources */,
				B565B0EC159285280040255F /* Reachability.m in Sources */,
				B5B85EE31593112500BF20BC /* DownloadProgressView.m in Sources */,
				B5B85EF115939CCB00BF20BC /* ioapi.c in Sources */,
				B5B85EF215939CCB00BF20BC /* mztools.c in Sources */,
				B5B85EF315939CCB00BF20BC /* unzip.c in Sources */,
				B5B85EF415939CCB00BF20BC /* zip.c in Sources */,
				B5B85EF515939CCB00BF20BC /* SSZipArchive.m in Sources */,
				B56B59FE1594E54600C0822D /* StoreViewController.m in Sources */,
				B5924C7F1597824F00A42E87 /* Utilities.m in Sources */,
			);
			runOnlyForDeploymentPostprocessing = 0;
		};
/* End PBXSourcesBuildPhase section */

/* Begin PBXVariantGroup section */
		B5046A721525856B001E258C /* InfoPlist.strings */ = {
			isa = PBXVariantGroup;
			children = (
				B5046A731525856B001E258C /* en */,
			);
			name = InfoPlist.strings;
			sourceTree = "<group>";
		};
/* End PBXVariantGroup section */

/* Begin XCBuildConfiguration section */
		B5046A841525856B001E258C /* Debug */ = {
			isa = XCBuildConfiguration;
			buildSettings = {
				ALWAYS_SEARCH_USER_PATHS = NO;
				ARCHS = (
					armv6,
					"$(ARCHS_STANDARD_32_BIT)",
				);
				CLANG_ENABLE_OBJC_ARC = NO;
				CODE_SIGN_IDENTITY = "iPhone Developer: Ben Gardella (B8X2F269VW)";
				"CODE_SIGN_IDENTITY[sdk=iphoneos*]" = "iPhone Developer: Ben Gardella (B8X2F269VW)";
				COPY_PHASE_STRIP = NO;
				GCC_C_LANGUAGE_STANDARD = gnu99;
				GCC_DYNAMIC_NO_PIC = NO;
				GCC_OPTIMIZATION_LEVEL = 0;
				GCC_PREPROCESSOR_DEFINITIONS = (
					"DEBUG=1",
					"$(inherited)",
				);
				GCC_SYMBOLS_PRIVATE_EXTERN = NO;
				GCC_THUMB_SUPPORT = NO;
				GCC_VERSION = com.apple.compilers.llvmgcc42;
				GCC_WARN_ABOUT_RETURN_TYPE = YES;
				GCC_WARN_UNINITIALIZED_AUTOS = YES;
				GCC_WARN_UNUSED_VARIABLE = YES;
				INFOPLIST_FILE = "SyncedVideo-Info.plist";
				INSTALL_PATH = /Applications;
				IPHONEOS_DEPLOYMENT_TARGET = 3.2;
				MACH_O_TYPE = mh_execute;
				SDKROOT = iphoneos;
				TARGETED_DEVICE_FAMILY = "1,2";
				WRAPPER_EXTENSION = "";
			};
			name = Debug;
		};
		B5046A851525856B001E258C /* Release */ = {
			isa = XCBuildConfiguration;
			buildSettings = {
				ALWAYS_SEARCH_USER_PATHS = NO;
				ARCHS = (
					armv6,
					"$(ARCHS_STANDARD_32_BIT)",
				);
				CLANG_ENABLE_OBJC_ARC = NO;
				CODE_SIGN_IDENTITY = "iPhone Developer: Ben Gardella (B8X2F269VW)";
				"CODE_SIGN_IDENTITY[sdk=iphoneos*]" = "iPhone Developer: Ben Gardella (B8X2F269VW)";
				COPY_PHASE_STRIP = YES;
				GCC_C_LANGUAGE_STANDARD = gnu99;
				GCC_THUMB_SUPPORT = NO;
				GCC_VERSION = com.apple.compilers.llvmgcc42;
				GCC_WARN_ABOUT_RETURN_TYPE = YES;
				GCC_WARN_UNINITIALIZED_AUTOS = YES;
				GCC_WARN_UNUSED_VARIABLE = YES;
				INFOPLIST_FILE = "SyncedVideo-Info.plist";
				INSTALL_PATH = /Applications;
				IPHONEOS_DEPLOYMENT_TARGET = 3.2;
				MACH_O_TYPE = mh_execute;
				OTHER_CFLAGS = "-DNS_BLOCK_ASSERTIONS=1";
				SDKROOT = iphoneos;
				TARGETED_DEVICE_FAMILY = "1,2";
				VALIDATE_PRODUCT = YES;
				WRAPPER_EXTENSION = "";
			};
			name = Release;
		};
		B5046A871525856B001E258C /* Debug */ = {
			isa = XCBuildConfiguration;
			buildSettings = {
				CODE_SIGN_IDENTITY = "iPhone Developer: Ben Gardella (B8X2F269VW)";
				GCC_PRECOMPILE_PREFIX_HEADER = YES;
				GCC_PREFIX_HEADER = "SyncedVideo/SyncedVideo-Prefix.pch";
				GCC_THUMB_SUPPORT = NO;
				GCC_VERSION = com.apple.compilers.llvm.clang.1_0;
				INFOPLIST_FILE = "SyncedVideo/SyncedVideo-Info.plist";
				PRODUCT_NAME = "$(TARGET_NAME)";
				WRAPPER_EXTENSION = app;
			};
			name = Debug;
		};
		B5046A881525856B001E258C /* Release */ = {
			isa = XCBuildConfiguration;
			buildSettings = {
				CODE_SIGN_IDENTITY = "iPhone Developer: Ben Gardella (B8X2F269VW)";
				GCC_PRECOMPILE_PREFIX_HEADER = YES;
				GCC_PREFIX_HEADER = "SyncedVideo/SyncedVideo-Prefix.pch";
				GCC_THUMB_SUPPORT = NO;
				GCC_VERSION = com.apple.compilers.llvm.clang.1_0;
				INFOPLIST_FILE = "SyncedVideo/SyncedVideo-Info.plist";
				PRODUCT_NAME = "$(TARGET_NAME)";
				WRAPPER_EXTENSION = app;
			};
			name = Release;
		};
		B59304311528E157000D4C3D /* Distribution */ = {
			isa = XCBuildConfiguration;
			buildSettings = {
				ALWAYS_SEARCH_USER_PATHS = NO;
				ARCHS = (
					armv6,
					"$(ARCHS_STANDARD_32_BIT)",
				);
				CLANG_ENABLE_OBJC_ARC = NO;
				CODE_SIGN_IDENTITY = "iPhone Developer: Ben Gardella (B8X2F269VW)";
				"CODE_SIGN_IDENTITY[sdk=iphoneos*]" = "iPhone Developer: Ben Gardella (B8X2F269VW)";
				COPY_PHASE_STRIP = YES;
				GCC_C_LANGUAGE_STANDARD = gnu99;
				GCC_THUMB_SUPPORT = NO;
				GCC_VERSION = com.apple.compilers.llvmgcc42;
				GCC_WARN_ABOUT_RETURN_TYPE = YES;
				GCC_WARN_UNINITIALIZED_AUTOS = YES;
				GCC_WARN_UNUSED_VARIABLE = YES;
				INFOPLIST_FILE = "SyncedVideo-Info.plist";
				INSTALL_PATH = /Applications;
				IPHONEOS_DEPLOYMENT_TARGET = 3.2;
				MACH_O_TYPE = mh_execute;
				OTHER_CFLAGS = "-DNS_BLOCK_ASSERTIONS=1";
				SDKROOT = iphoneos;
				TARGETED_DEVICE_FAMILY = "1,2";
				VALIDATE_PRODUCT = YES;
				WRAPPER_EXTENSION = "";
			};
			name = Distribution;
		};
		B59304321528E157000D4C3D /* Distribution */ = {
			isa = XCBuildConfiguration;
			buildSettings = {
				CODE_SIGN_IDENTITY = "iPhone Developer: Ben Gardella (B8X2F269VW)";
				GCC_PRECOMPILE_PREFIX_HEADER = YES;
				GCC_PREFIX_HEADER = "SyncedVideo/SyncedVideo-Prefix.pch";
				GCC_THUMB_SUPPORT = NO;
				GCC_VERSION = com.apple.compilers.llvm.clang.1_0;
				INFOPLIST_FILE = "SyncedVideo/SyncedVideo-Info.plist";
				PRODUCT_NAME = "$(TARGET_NAME)";
				WRAPPER_EXTENSION = app;
			};
			name = Distribution;
		};
/* End XCBuildConfiguration section */

/* Begin XCConfigurationList section */
		B5046A5F1525856B001E258C /* Build configuration list for PBXProject "SyncedVideo" */ = {
			isa = XCConfigurationList;
			buildConfigurations = (
				B5046A841525856B001E258C /* Debug */,
				B5046A851525856B001E258C /* Release */,
				B59304311528E157000D4C3D /* Distribution */,
			);
			defaultConfigurationIsVisible = 0;
			defaultConfigurationName = Release;
		};
		B5046A861525856B001E258C /* Build configuration list for PBXNativeTarget "SyncedVideo" */ = {
			isa = XCConfigurationList;
			buildConfigurations = (
				B5046A871525856B001E258C /* Debug */,
				B5046A881525856B001E258C /* Release */,
				B59304321528E157000D4C3D /* Distribution */,
			);
			defaultConfigurationIsVisible = 0;
			defaultConfigurationName = Release;
		};
/* End XCConfigurationList section */
	};
	rootObject = B5046A5C1525856B001E258C /* Project object */;
}
