// !$*UTF8*$!
{
	archiveVersion = 1;
	classes = {
	};
	objectVersion = 46;
	objects = {

/* Begin PBXBuildFile section */
		B5046A6A1525856B001E258C /* UIKit.framework in Frameworks */ = {isa = PBXBuildFile; fileRef = B5046A691525856B001E258C /* UIKit.framework */; };
		B5046A6C1525856B001E258C /* Foundation.framework in Frameworks */ = {isa = PBXBuildFile; fileRef = B5046A6B1525856B001E258C /* Foundation.framework */; };
		B5046A6E1525856B001E258C /* CoreGraphics.framework in Frameworks */ = {isa = PBXBuildFile; fileRef = B5046A6D1525856B001E258C /* CoreGraphics.framework */; };
		B5046A741525856B001E258C /* InfoPlist.strings in Resources */ = {isa = PBXBuildFile; fileRef = B5046A721525856B001E258C /* InfoPlist.strings */; };
		B5046A761525856B001E258C /* main.m in Sources */ = {isa = PBXBuildFile; fileRef = B5046A751525856B001E258C /* main.m */; };
		B5046A7A1525856B001E258C /* SyncedVideoAppDelegate.m in Sources */ = {isa = PBXBuildFile; fileRef = B5046A791525856B001E258C /* SyncedVideoAppDelegate.m */; };
		B5046A831525856B001E258C /* SyncedVideoViewController.m in Sources */ = {isa = PBXBuildFile; fileRef = B5046A821525856B001E258C /* SyncedVideoViewController.m */; };
		B5046A8A152588F8001E258C /* MediaPlayer.framework in Frameworks */ = {isa = PBXBuildFile; fileRef = B5046A89152588F8001E258C /* MediaPlayer.framework */; };
		B5046A9615258988001E258C /* icon-144.png in Resources */ = {isa = PBXBuildFile; fileRef = B5046A8E15258988001E258C /* icon-144.png */; };
		B5046A9715258988001E258C /* icon-72.png in Resources */ = {isa = PBXBuildFile; fileRef = B5046A8F15258988001E258C /* icon-72.png */; };
		B5046A9815258988001E258C /* Default@2x.png in Resources */ = {isa = PBXBuildFile; fileRef = B5046A9015258988001E258C /* Default@2x.png */; };
		B5046A9915258988001E258C /* Default.png in Resources */ = {isa = PBXBuildFile; fileRef = B5046A9115258988001E258C /* Default.png */; };
		B5046A9A15258988001E258C /* icon-hires.png in Resources */ = {isa = PBXBuildFile; fileRef = B5046A9215258988001E258C /* icon-hires.png */; };
		B5046A9B15258988001E258C /* icon.png in Resources */ = {isa = PBXBuildFile; fileRef = B5046A9315258988001E258C /* icon.png */; };
		B5046A9C15258988001E258C /* froggie-pressed.png in Resources */ = {isa = PBXBuildFile; fileRef = B5046A9415258988001E258C /* froggie-pressed.png */; };
		B5046A9D15258988001E258C /* froggie-unpressed.png in Resources */ = {isa = PBXBuildFile; fileRef = B5046A9515258988001E258C /* froggie-unpressed.png */; };
		B5046AA4152589BE001E258C /* MainWindow.xib in Resources */ = {isa = PBXBuildFile; fileRef = B5046AA1152589BE001E258C /* MainWindow.xib */; };
		B5046AA715258A06001E258C /* SyncedVideoViewController.xib in Resources */ = {isa = PBXBuildFile; fileRef = B5046AA615258A06001E258C /* SyncedVideoViewController.xib */; };
		B5046AA91525904B001E258C /* MainWindow-iPad.xib in Resources */ = {isa = PBXBuildFile; fileRef = B5046AA81525904B001E258C /* MainWindow-iPad.xib */; };
		B5046AAB152599E1001E258C /* wheels.mp4 in Resources */ = {isa = PBXBuildFile; fileRef = B5046A9E15258998001E258C /* wheels.mp4 */; };
		B5046AAC152599E7001E258C /* froggie-sophie.mp4 in Resources */ = {isa = PBXBuildFile; fileRef = B5046A9F15258998001E258C /* froggie-sophie.mp4 */; };
		B5046AAE15259D12001E258C /* AVFoundation.framework in Frameworks */ = {isa = PBXBuildFile; fileRef = B5046AAD15259D12001E258C /* AVFoundation.framework */; };
		B5F494071527BE73005DE192 /* IPadController.xib in Resources */ = {isa = PBXBuildFile; fileRef = B5F494061527BE73005DE192 /* IPadController.xib */; };
/* End PBXBuildFile section */

/* Begin PBXFileReference section */
		B5046A651525856B001E258C /* SyncedVideo.app */ = {isa = PBXFileReference; explicitFileType = wrapper.application; includeInIndex = 0; path = SyncedVideo.app; sourceTree = BUILT_PRODUCTS_DIR; };
		B5046A691525856B001E258C /* UIKit.framework */ = {isa = PBXFileReference; lastKnownFileType = wrapper.framework; name = UIKit.framework; path = System/Library/Frameworks/UIKit.framework; sourceTree = SDKROOT; };
		B5046A6B1525856B001E258C /* Foundation.framework */ = {isa = PBXFileReference; lastKnownFileType = wrapper.framework; name = Foundation.framework; path = System/Library/Frameworks/Foundation.framework; sourceTree = SDKROOT; };
		B5046A6D1525856B001E258C /* CoreGraphics.framework */ = {isa = PBXFileReference; lastKnownFileType = wrapper.framework; name = CoreGraphics.framework; path = System/Library/Frameworks/CoreGraphics.framework; sourceTree = SDKROOT; };
		B5046A711525856B001E258C /* SyncedVideo-Info.plist */ = {isa = PBXFileReference; lastKnownFileType = text.plist.xml; path = "SyncedVideo-Info.plist"; sourceTree = "<group>"; };
		B5046A731525856B001E258C /* en */ = {isa = PBXFileReference; lastKnownFileType = text.plist.strings; name = en; path = en.lproj/InfoPlist.strings; sourceTree = "<group>"; };
		B5046A751525856B001E258C /* main.m */ = {isa = PBXFileReference; lastKnownFileType = sourcecode.c.objc; path = main.m; sourceTree = "<group>"; };
		B5046A771525856B001E258C /* SyncedVideo-Prefix.pch */ = {isa = PBXFileReference; lastKnownFileType = sourcecode.c.h; path = "SyncedVideo-Prefix.pch"; sourceTree = "<group>"; };
		B5046A781525856B001E258C /* SyncedVideoAppDelegate.h */ = {isa = PBXFileReference; lastKnownFileType = sourcecode.c.h; path = SyncedVideoAppDelegate.h; sourceTree = "<group>"; };
		B5046A791525856B001E258C /* SyncedVideoAppDelegate.m */ = {isa = PBXFileReference; lastKnownFileType = sourcecode.c.objc; path = SyncedVideoAppDelegate.m; sourceTree = "<group>"; };
		B5046A811525856B001E258C /* SyncedVideoViewController.h */ = {isa = PBXFileReference; lastKnownFileType = sourcecode.c.h; path = SyncedVideoViewController.h; sourceTree = "<group>"; };
		B5046A821525856B001E258C /* SyncedVideoViewController.m */ = {isa = PBXFileReference; lastKnownFileType = sourcecode.c.objc; path = SyncedVideoViewController.m; sourceTree = "<group>"; };
		B5046A89152588F8001E258C /* MediaPlayer.framework */ = {isa = PBXFileReference; lastKnownFileType = wrapper.framework; name = MediaPlayer.framework; path = System/Library/Frameworks/MediaPlayer.framework; sourceTree = SDKROOT; };
		B5046A8E15258988001E258C /* icon-144.png */ = {isa = PBXFileReference; lastKnownFileType = image.png; path = "icon-144.png"; sourceTree = "<group>"; };
		B5046A8F15258988001E258C /* icon-72.png */ = {isa = PBXFileReference; lastKnownFileType = image.png; path = "icon-72.png"; sourceTree = "<group>"; };
		B5046A9015258988001E258C /* Default@2x.png */ = {isa = PBXFileReference; lastKnownFileType = image.png; path = "Default@2x.png"; sourceTree = "<group>"; };
		B5046A9115258988001E258C /* Default.png */ = {isa = PBXFileReference; lastKnownFileType = image.png; path = Default.png; sourceTree = "<group>"; };
		B5046A9215258988001E258C /* icon-hires.png */ = {isa = PBXFileReference; lastKnownFileType = image.png; path = "icon-hires.png"; sourceTree = "<group>"; };
		B5046A9315258988001E258C /* icon.png */ = {isa = PBXFileReference; lastKnownFileType = image.png; path = icon.png; sourceTree = "<group>"; };
		B5046A9415258988001E258C /* froggie-pressed.png */ = {isa = PBXFileReference; lastKnownFileType = image.png; path = "froggie-pressed.png"; sourceTree = "<group>"; };
		B5046A9515258988001E258C /* froggie-unpressed.png */ = {isa = PBXFileReference; lastKnownFileType = image.png; path = "froggie-unpressed.png"; sourceTree = "<group>"; };
		B5046A9E15258998001E258C /* wheels.mp4 */ = {isa = PBXFileReference; lastKnownFileType = file; path = wheels.mp4; sourceTree = "<group>"; };
		B5046A9F15258998001E258C /* froggie-sophie.mp4 */ = {isa = PBXFileReference; lastKnownFileType = file; path = "froggie-sophie.mp4"; sourceTree = "<group>"; };
		B5046AA1152589BE001E258C /* MainWindow.xib */ = {isa = PBXFileReference; fileEncoding = 4; lastKnownFileType = file.xib; path = MainWindow.xib; sourceTree = "<group>"; };
		B5046AA615258A06001E258C /* SyncedVideoViewController.xib */ = {isa = PBXFileReference; fileEncoding = 4; lastKnownFileType = file.xib; path = SyncedVideoViewController.xib; sourceTree = "<group>"; };
		B5046AA81525904B001E258C /* MainWindow-iPad.xib */ = {isa = PBXFileReference; fileEncoding = 4; lastKnownFileType = file.xib; path = "MainWindow-iPad.xib"; sourceTree = "<group>"; };
		B5046AAD15259D12001E258C /* AVFoundation.framework */ = {isa = PBXFileReference; lastKnownFileType = wrapper.framework; name = AVFoundation.framework; path = System/Library/Frameworks/AVFoundation.framework; sourceTree = SDKROOT; };
		B5F494061527BE73005DE192 /* IPadController.xib */ = {isa = PBXFileReference; fileEncoding = 4; lastKnownFileType = file.xib; path = IPadController.xib; sourceTree = "<group>"; };
/* End PBXFileReference section */

/* Begin PBXFrameworksBuildPhase section */
		B5046A621525856B001E258C /* Frameworks */ = {
			isa = PBXFrameworksBuildPhase;
			buildActionMask = 2147483647;
			files = (
				B5046AAE15259D12001E258C /* AVFoundation.framework in Frameworks */,
				B5046A8A152588F8001E258C /* MediaPlayer.framework in Frameworks */,
				B5046A6A1525856B001E258C /* UIKit.framework in Frameworks */,
				B5046A6C1525856B001E258C /* Foundation.framework in Frameworks */,
				B5046A6E1525856B001E258C /* CoreGraphics.framework in Frameworks */,
			);
			runOnlyForDeploymentPostprocessing = 0;
		};
/* End PBXFrameworksBuildPhase section */

/* Begin PBXGroup section */
		B5046A5A1525856B001E258C = {
			isa = PBXGroup;
			children = (
				B5046A6F1525856B001E258C /* SyncedVideo */,
				B5046A8B1525893B001E258C /* Resources */,
				B5046A681525856B001E258C /* Frameworks */,
				B5046A661525856B001E258C /* Products */,
			);
			sourceTree = "<group>";
		};
		B5046A661525856B001E258C /* Products */ = {
			isa = PBXGroup;
			children = (
				B5046A651525856B001E258C /* SyncedVideo.app */,
			);
			name = Products;
			sourceTree = "<group>";
		};
		B5046A681525856B001E258C /* Frameworks */ = {
			isa = PBXGroup;
			children = (
				B5046AAD15259D12001E258C /* AVFoundation.framework */,
				B5046A89152588F8001E258C /* MediaPlayer.framework */,
				B5046A691525856B001E258C /* UIKit.framework */,
				B5046A6B1525856B001E258C /* Foundation.framework */,
				B5046A6D1525856B001E258C /* CoreGraphics.framework */,
			);
			name = Frameworks;
			sourceTree = "<group>";
		};
		B5046A6F1525856B001E258C /* SyncedVideo */ = {
			isa = PBXGroup;
			children = (
				B5046A781525856B001E258C /* SyncedVideoAppDelegate.h */,
				B5046A791525856B001E258C /* SyncedVideoAppDelegate.m */,
				B5046A811525856B001E258C /* SyncedVideoViewController.h */,
				B5046A821525856B001E258C /* SyncedVideoViewController.m */,
				B5046A701525856B001E258C /* Supporting Files */,
			);
			path = SyncedVideo;
			sourceTree = "<group>";
		};
		B5046A701525856B001E258C /* Supporting Files */ = {
			isa = PBXGroup;
			children = (
				B5046A711525856B001E258C /* SyncedVideo-Info.plist */,
				B5046A721525856B001E258C /* InfoPlist.strings */,
				B5046A751525856B001E258C /* main.m */,
				B5046A771525856B001E258C /* SyncedVideo-Prefix.pch */,
			);
			name = "Supporting Files";
			sourceTree = "<group>";
		};
		B5046A8B1525893B001E258C /* Resources */ = {
			isa = PBXGroup;
			children = (
				B5F494061527BE73005DE192 /* IPadController.xib */,
				B5046AA81525904B001E258C /* MainWindow-iPad.xib */,
				B5046AA1152589BE001E258C /* MainWindow.xib */,
				B5046AA615258A06001E258C /* SyncedVideoViewController.xib */,
				B5046A8C1525895F001E258C /* images */,
				B5046A8D1525896A001E258C /* video */,
			);
			name = Resources;
			path = SyncedVideo;
			sourceTree = "<group>";
		};
		B5046A8C1525895F001E258C /* images */ = {
			isa = PBXGroup;
			children = (
				B5046A8E15258988001E258C /* icon-144.png */,
				B5046A8F15258988001E258C /* icon-72.png */,
				B5046A9015258988001E258C /* Default@2x.png */,
				B5046A9115258988001E258C /* Default.png */,
				B5046A9215258988001E258C /* icon-hires.png */,
				B5046A9315258988001E258C /* icon.png */,
				B5046A9415258988001E258C /* froggie-pressed.png */,
				B5046A9515258988001E258C /* froggie-unpressed.png */,
			);
			name = images;
			sourceTree = "<group>";
		};
		B5046A8D1525896A001E258C /* video */ = {
			isa = PBXGroup;
			children = (
				B5046A9E15258998001E258C /* wheels.mp4 */,
				B5046A9F15258998001E258C /* froggie-sophie.mp4 */,
			);
			name = video;
			sourceTree = "<group>";
		};
/* End PBXGroup section */

/* Begin PBXNativeTarget section */
		B5046A641525856B001E258C /* SyncedVideo */ = {
			isa = PBXNativeTarget;
			buildConfigurationList = B5046A861525856B001E258C /* Build configuration list for PBXNativeTarget "SyncedVideo" */;
			buildPhases = (
				B5046A611525856B001E258C /* Sources */,
				B5046A621525856B001E258C /* Frameworks */,
				B5046A631525856B001E258C /* Resources */,
			);
			buildRules = (
			);
			dependencies = (
			);
			name = SyncedVideo;
			productName = SyncedVideo;
			productReference = B5046A651525856B001E258C /* SyncedVideo.app */;
			productType = "com.apple.product-type.application";
		};
/* End PBXNativeTarget section */

/* Begin PBXProject section */
		B5046A5C1525856B001E258C /* Project object */ = {
			isa = PBXProject;
			attributes = {
				CLASSPREFIX = SyncedVideo;
				LastUpgradeCheck = 0430;
			};
			buildConfigurationList = B5046A5F1525856B001E258C /* Build configuration list for PBXProject "SyncedVideo" */;
			compatibilityVersion = "Xcode 3.2";
			developmentRegion = English;
			hasScannedForEncodings = 0;
			knownRegions = (
				en,
			);
			mainGroup = B5046A5A1525856B001E258C;
			productRefGroup = B5046A661525856B001E258C /* Products */;
			projectDirPath = "";
			projectRoot = "";
			targets = (
				B5046A641525856B001E258C /* SyncedVideo */,
			);
		};
/* End PBXProject section */

/* Begin PBXResourcesBuildPhase section */
		B5046A631525856B001E258C /* Resources */ = {
			isa = PBXResourcesBuildPhase;
			buildActionMask = 2147483647;
			files = (
				B5046A741525856B001E258C /* InfoPlist.strings in Resources */,
				B5046A9615258988001E258C /* icon-144.png in Resources */,
				B5046A9715258988001E258C /* icon-72.png in Resources */,
				B5046A9815258988001E258C /* Default@2x.png in Resources */,
				B5046A9915258988001E258C /* Default.png in Resources */,
				B5046A9A15258988001E258C /* icon-hires.png in Resources */,
				B5046A9B15258988001E258C /* icon.png in Resources */,
				B5046A9C15258988001E258C /* froggie-pressed.png in Resources */,
				B5046A9D15258988001E258C /* froggie-unpressed.png in Resources */,
				B5046AA4152589BE001E258C /* MainWindow.xib in Resources */,
				B5046AA715258A06001E258C /* SyncedVideoViewController.xib in Resources */,
				B5046AA91525904B001E258C /* MainWindow-iPad.xib in Resources */,
				B5046AAB152599E1001E258C /* wheels.mp4 in Resources */,
				B5046AAC152599E7001E258C /* froggie-sophie.mp4 in Resources */,
				B5F494071527BE73005DE192 /* IPadController.xib in Resources */,
			);
			runOnlyForDeploymentPostprocessing = 0;
		};
/* End PBXResourcesBuildPhase section */

/* Begin PBXSourcesBuildPhase section */
		B5046A611525856B001E258C /* Sources */ = {
			isa = PBXSourcesBuildPhase;
			buildActionMask = 2147483647;
			files = (
				B5046A761525856B001E258C /* main.m in Sources */,
				B5046A7A1525856B001E258C /* SyncedVideoAppDelegate.m in Sources */,
				B5046A831525856B001E258C /* SyncedVideoViewController.m in Sources */,
			);
			runOnlyForDeploymentPostprocessing = 0;
		};
/* End PBXSourcesBuildPhase section */

/* Begin PBXVariantGroup section */
		B5046A721525856B001E258C /* InfoPlist.strings */ = {
			isa = PBXVariantGroup;
			children = (
				B5046A731525856B001E258C /* en */,
			);
			name = InfoPlist.strings;
			sourceTree = "<group>";
		};
/* End PBXVariantGroup section */

/* Begin XCBuildConfiguration section */
		B5046A841525856B001E258C /* Debug */ = {
			isa = XCBuildConfiguration;
			buildSettings = {
				ALWAYS_SEARCH_USER_PATHS = NO;
				ARCHS = "$(ARCHS_STANDARD_32_BIT)";
				CLANG_ENABLE_OBJC_ARC = NO;
				"CODE_SIGN_IDENTITY[sdk=iphoneos*]" = "iPhone Developer";
				COPY_PHASE_STRIP = NO;
				GCC_C_LANGUAGE_STANDARD = gnu99;
				GCC_DYNAMIC_NO_PIC = NO;
				GCC_OPTIMIZATION_LEVEL = 0;
				GCC_PREPROCESSOR_DEFINITIONS = (
					"DEBUG=1",
					"$(inherited)",
				);
				GCC_SYMBOLS_PRIVATE_EXTERN = NO;
				GCC_VERSION = com.apple.compilers.llvmgcc42;
				GCC_WARN_ABOUT_RETURN_TYPE = YES;
				GCC_WARN_UNINITIALIZED_AUTOS = YES;
				GCC_WARN_UNUSED_VARIABLE = YES;
				INFOPLIST_FILE = "SyncedVideo-Info.plist";
				INSTALL_PATH = /Applications;
				IPHONEOS_DEPLOYMENT_TARGET = 5.1;
				MACH_O_TYPE = mh_execute;
				SDKROOT = iphoneos;
				TARGETED_DEVICE_FAMILY = "1,2";
				WRAPPER_EXTENSION = "";
			};
			name = Debug;
		};
		B5046A851525856B001E258C /* Release */ = {
			isa = XCBuildConfiguration;
			buildSettings = {
				ALWAYS_SEARCH_USER_PATHS = NO;
				ARCHS = "$(ARCHS_STANDARD_32_BIT)";
				CLANG_ENABLE_OBJC_ARC = NO;
				"CODE_SIGN_IDENTITY[sdk=iphoneos*]" = "iPhone Developer";
				COPY_PHASE_STRIP = YES;
				GCC_C_LANGUAGE_STANDARD = gnu99;
				GCC_VERSION = com.apple.compilers.llvmgcc42;
				GCC_WARN_ABOUT_RETURN_TYPE = YES;
				GCC_WARN_UNINITIALIZED_AUTOS = YES;
				GCC_WARN_UNUSED_VARIABLE = YES;
				INFOPLIST_FILE = "SyncedVideo-Info.plist";
				INSTALL_PATH = /Applications;
				IPHONEOS_DEPLOYMENT_TARGET = 5.1;
				MACH_O_TYPE = mh_execute;
				OTHER_CFLAGS = "-DNS_BLOCK_ASSERTIONS=1";
				SDKROOT = iphoneos;
				TARGETED_DEVICE_FAMILY = "1,2";
				VALIDATE_PRODUCT = YES;
				WRAPPER_EXTENSION = "";
			};
			name = Release;
		};
		B5046A871525856B001E258C /* Debug */ = {
			isa = XCBuildConfiguration;
			buildSettings = {
				GCC_PRECOMPILE_PREFIX_HEADER = YES;
				GCC_PREFIX_HEADER = "SyncedVideo/SyncedVideo-Prefix.pch";
				GCC_VERSION = com.apple.compilers.llvm.clang.1_0;
				INFOPLIST_FILE = "SyncedVideo/SyncedVideo-Info.plist";
				PRODUCT_NAME = "$(TARGET_NAME)";
				WRAPPER_EXTENSION = app;
			};
			name = Debug;
		};
		B5046A881525856B001E258C /* Release */ = {
			isa = XCBuildConfiguration;
			buildSettings = {
				GCC_PRECOMPILE_PREFIX_HEADER = YES;
				GCC_PREFIX_HEADER = "SyncedVideo/SyncedVideo-Prefix.pch";
				GCC_VERSION = com.apple.compilers.llvm.clang.1_0;
				INFOPLIST_FILE = "SyncedVideo/SyncedVideo-Info.plist";
				PRODUCT_NAME = "$(TARGET_NAME)";
				WRAPPER_EXTENSION = app;
			};
			name = Release;
		};
/* End XCBuildConfiguration section */

/* Begin XCConfigurationList section */
		B5046A5F1525856B001E258C /* Build configuration list for PBXProject "SyncedVideo" */ = {
			isa = XCConfigurationList;
			buildConfigurations = (
				B5046A841525856B001E258C /* Debug */,
				B5046A851525856B001E258C /* Release */,
			);
			defaultConfigurationIsVisible = 0;
			defaultConfigurationName = Release;
		};
		B5046A861525856B001E258C /* Build configuration list for PBXNativeTarget "SyncedVideo" */ = {
			isa = XCConfigurationList;
			buildConfigurations = (
				B5046A871525856B001E258C /* Debug */,
				B5046A881525856B001E258C /* Release */,
			);
			defaultConfigurationIsVisible = 0;
			defaultConfigurationName = Release;
		};
/* End XCConfigurationList section */
	};
	rootObject = B5046A5C1525856B001E258C /* Project object */;
}
