// !$*UTF8*$!
{
	archiveVersion = 1;
	classes = {
	};
	objectVersion = 46;
	objects = {

/* Begin PBXBuildFile section */
		B55D7C9F155CD169002A2DB2 /* UIKit.framework in Frameworks */ = {isa = PBXBuildFile; fileRef = B55D7C9E155CD169002A2DB2 /* UIKit.framework */; };
		B55D7CA1155CD169002A2DB2 /* Foundation.framework in Frameworks */ = {isa = PBXBuildFile; fileRef = B55D7CA0155CD169002A2DB2 /* Foundation.framework */; };
		B55D7CA3155CD169002A2DB2 /* CoreGraphics.framework in Frameworks */ = {isa = PBXBuildFile; fileRef = B55D7CA2155CD169002A2DB2 /* CoreGraphics.framework */; };
		B55D7CA9155CD169002A2DB2 /* InfoPlist.strings in Resources */ = {isa = PBXBuildFile; fileRef = B55D7CA7155CD169002A2DB2 /* InfoPlist.strings */; };
		B55D7CAB155CD169002A2DB2 /* main.m in Sources */ = {isa = PBXBuildFile; fileRef = B55D7CAA155CD169002A2DB2 /* main.m */; };
		B55D7CAF155CD169002A2DB2 /* gardellaAppDelegate.m in Sources */ = {isa = PBXBuildFile; fileRef = B55D7CAE155CD169002A2DB2 /* gardellaAppDelegate.m */; };
		B55D7CB2155CD169002A2DB2 /* gardellaViewController.m in Sources */ = {isa = PBXBuildFile; fileRef = B55D7CB1155CD169002A2DB2 /* gardellaViewController.m */; };
		B55D7CB5155CD169002A2DB2 /* gardellaViewController.xib in Resources */ = {isa = PBXBuildFile; fileRef = B55D7CB3155CD169002A2DB2 /* gardellaViewController.xib */; };
/* End PBXBuildFile section */

/* Begin PBXFileReference section */
		B55D7C9A155CD169002A2DB2 /* ScrollViewSmall.app */ = {isa = PBXFileReference; explicitFileType = wrapper.application; includeInIndex = 0; path = ScrollViewSmall.app; sourceTree = BUILT_PRODUCTS_DIR; };
		B55D7C9E155CD169002A2DB2 /* UIKit.framework */ = {isa = PBXFileReference; lastKnownFileType = wrapper.framework; name = UIKit.framework; path = System/Library/Frameworks/UIKit.framework; sourceTree = SDKROOT; };
		B55D7CA0155CD169002A2DB2 /* Foundation.framework */ = {isa = PBXFileReference; lastKnownFileType = wrapper.framework; name = Foundation.framework; path = System/Library/Frameworks/Foundation.framework; sourceTree = SDKROOT; };
		B55D7CA2155CD169002A2DB2 /* CoreGraphics.framework */ = {isa = PBXFileReference; lastKnownFileType = wrapper.framework; name = CoreGraphics.framework; path = System/Library/Frameworks/CoreGraphics.framework; sourceTree = SDKROOT; };
		B55D7CA6155CD169002A2DB2 /* ScrollViewSmall-Info.plist */ = {isa = PBXFileReference; path = "ScrollViewSmall-Info.plist"; sourceTree = "<group>"; };
		B55D7CA8155CD169002A2DB2 /* en */ = {isa = PBXFileReference; lastKnownFileType = text.plist.strings; name = en; path = en.lproj/InfoPlist.strings; sourceTree = "<group>"; };
		B55D7CAA155CD169002A2DB2 /* main.m */ = {isa = PBXFileReference; lastKnownFileType = sourcecode.c.objc; path = main.m; sourceTree = "<group>"; };
		B55D7CAC155CD169002A2DB2 /* ScrollViewSmall-Prefix.pch */ = {isa = PBXFileReference; path = "ScrollViewSmall-Prefix.pch"; sourceTree = "<group>"; };
		B55D7CAD155CD169002A2DB2 /* gardellaAppDelegate.h */ = {isa = PBXFileReference; path = gardellaAppDelegate.h; sourceTree = "<group>"; };
		B55D7CAE155CD169002A2DB2 /* gardellaAppDelegate.m */ = {isa = PBXFileReference; lastKnownFileType = sourcecode.c.objc; path = gardellaAppDelegate.m; sourceTree = "<group>"; };
		B55D7CB0155CD169002A2DB2 /* gardellaViewController.h */ = {isa = PBXFileReference; path = gardellaViewController.h; sourceTree = "<group>"; };
		B55D7CB1155CD169002A2DB2 /* gardellaViewController.m */ = {isa = PBXFileReference; lastKnownFileType = sourcecode.c.objc; path = gardellaViewController.m; sourceTree = "<group>"; };
		B55D7CB4155CD169002A2DB2 /* en */ = {isa = PBXFileReference; lastKnownFileType = file.xib; name = en; path = en.lproj/gardellaViewController.xib; sourceTree = "<group>"; };
/* End PBXFileReference section */

/* Begin PBXFrameworksBuildPhase section */
		B55D7C97155CD169002A2DB2 /* Frameworks */ = {
			isa = PBXFrameworksBuildPhase;
			buildActionMask = 2147483647;
			files = (
				B55D7C9F155CD169002A2DB2 /* UIKit.framework in Frameworks */,
				B55D7CA1155CD169002A2DB2 /* Foundation.framework in Frameworks */,
				B55D7CA3155CD169002A2DB2 /* CoreGraphics.framework in Frameworks */,
			);
			runOnlyForDeploymentPostprocessing = 0;
		};
/* End PBXFrameworksBuildPhase section */

/* Begin PBXGroup section */
		B55D7C8F155CD169002A2DB2 = {
			isa = PBXGroup;
			children = (
				B55D7CA4155CD169002A2DB2 /* ScrollViewSmall */,
				B55D7C9D155CD169002A2DB2 /* Frameworks */,
				B55D7C9B155CD169002A2DB2 /* Products */,
			);
			sourceTree = "<group>";
		};
		B55D7C9B155CD169002A2DB2 /* Products */ = {
			isa = PBXGroup;
			children = (
				B55D7C9A155CD169002A2DB2 /* ScrollViewSmall.app */,
			);
			name = Products;
			sourceTree = "<group>";
		};
		B55D7C9D155CD169002A2DB2 /* Frameworks */ = {
			isa = PBXGroup;
			children = (
				B55D7C9E155CD169002A2DB2 /* UIKit.framework */,
				B55D7CA0155CD169002A2DB2 /* Foundation.framework */,
				B55D7CA2155CD169002A2DB2 /* CoreGraphics.framework */,
			);
			name = Frameworks;
			sourceTree = "<group>";
		};
		B55D7CA4155CD169002A2DB2 /* ScrollViewSmall */ = {
			isa = PBXGroup;
			children = (
				B55D7CAD155CD169002A2DB2 /* gardellaAppDelegate.h */,
				B55D7CAE155CD169002A2DB2 /* gardellaAppDelegate.m */,
				B55D7CB0155CD169002A2DB2 /* gardellaViewController.h */,
				B55D7CB1155CD169002A2DB2 /* gardellaViewController.m */,
				B55D7CB3155CD169002A2DB2 /* gardellaViewController.xib */,
				B55D7CA5155CD169002A2DB2 /* Supporting Files */,
			);
			path = ScrollViewSmall;
			sourceTree = "<group>";
		};
		B55D7CA5155CD169002A2DB2 /* Supporting Files */ = {
			isa = PBXGroup;
			children = (
				B55D7CA6155CD169002A2DB2 /* ScrollViewSmall-Info.plist */,
				B55D7CA7155CD169002A2DB2 /* InfoPlist.strings */,
				B55D7CAA155CD169002A2DB2 /* main.m */,
				B55D7CAC155CD169002A2DB2 /* ScrollViewSmall-Prefix.pch */,
			);
			name = "Supporting Files";
			sourceTree = "<group>";
		};
/* End PBXGroup section */

/* Begin PBXNativeTarget section */
		B55D7C99155CD169002A2DB2 /* ScrollViewSmall */ = {
			isa = PBXNativeTarget;
			buildConfigurationList = B55D7CB8155CD169002A2DB2 /* Build configuration list for PBXNativeTarget "ScrollViewSmall" */;
			buildPhases = (
				B55D7C96155CD169002A2DB2 /* Sources */,
				B55D7C97155CD169002A2DB2 /* Frameworks */,
				B55D7C98155CD169002A2DB2 /* Resources */,
			);
			buildRules = (
			);
			dependencies = (
			);
			name = ScrollViewSmall;
			productName = ScrollViewSmall;
			productReference = B55D7C9A155CD169002A2DB2 /* ScrollViewSmall.app */;
			productType = "com.apple.product-type.application";
		};
/* End PBXNativeTarget section */

/* Begin PBXProject section */
		B55D7C91155CD169002A2DB2 /* Project object */ = {
			isa = PBXProject;
			attributes = {
				CLASSPREFIX = gardella;
				LastUpgradeCheck = 0430;
			};
			buildConfigurationList = B55D7C94155CD169002A2DB2 /* Build configuration list for PBXProject "ScrollViewSmall" */;
			compatibilityVersion = "Xcode 3.2";
			developmentRegion = English;
			hasScannedForEncodings = 0;
			knownRegions = (
				en,
			);
			mainGroup = B55D7C8F155CD169002A2DB2;
			productRefGroup = B55D7C9B155CD169002A2DB2 /* Products */;
			projectDirPath = "";
			projectRoot = "";
			targets = (
				B55D7C99155CD169002A2DB2 /* ScrollViewSmall */,
			);
		};
/* End PBXProject section */

/* Begin PBXResourcesBuildPhase section */
		B55D7C98155CD169002A2DB2 /* Resources */ = {
			isa = PBXResourcesBuildPhase;
			buildActionMask = 2147483647;
			files = (
				B55D7CA9155CD169002A2DB2 /* InfoPlist.strings in Resources */,
				B55D7CB5155CD169002A2DB2 /* gardellaViewController.xib in Resources */,
			);
			runOnlyForDeploymentPostprocessing = 0;
		};
/* End PBXResourcesBuildPhase section */

/* Begin PBXSourcesBuildPhase section */
		B55D7C96155CD169002A2DB2 /* Sources */ = {
			isa = PBXSourcesBuildPhase;
			buildActionMask = 2147483647;
			files = (
				B55D7CAB155CD169002A2DB2 /* main.m in Sources */,
				B55D7CAF155CD169002A2DB2 /* gardellaAppDelegate.m in Sources */,
				B55D7CB2155CD169002A2DB2 /* gardellaViewController.m in Sources */,
			);
			runOnlyForDeploymentPostprocessing = 0;
		};
/* End PBXSourcesBuildPhase section */

/* Begin PBXVariantGroup section */
		B55D7CA7155CD169002A2DB2 /* InfoPlist.strings */ = {
			isa = PBXVariantGroup;
			children = (
				B55D7CA8155CD169002A2DB2 /* en */,
			);
			name = InfoPlist.strings;
			sourceTree = "<group>";
		};
		B55D7CB3155CD169002A2DB2 /* gardellaViewController.xib */ = {
			isa = PBXVariantGroup;
			children = (
				B55D7CB4155CD169002A2DB2 /* en */,
			);
			name = gardellaViewController.xib;
			sourceTree = "<group>";
		};
/* End PBXVariantGroup section */

/* Begin XCBuildConfiguration section */
		B55D7CB6155CD169002A2DB2 /* Debug */ = {
			isa = XCBuildConfiguration;
			buildSettings = {
				ALWAYS_SEARCH_USER_PATHS = NO;
				ARCHS = "$(ARCHS_STANDARD_32_BIT)";
				CLANG_ENABLE_OBJC_ARC = YES;
				"CODE_SIGN_IDENTITY[sdk=iphoneos*]" = "iPhone Developer";
				COPY_PHASE_STRIP = NO;
				GCC_C_LANGUAGE_STANDARD = gnu99;
				GCC_DYNAMIC_NO_PIC = NO;
				GCC_OPTIMIZATION_LEVEL = 0;
				GCC_PREPROCESSOR_DEFINITIONS = (
					"DEBUG=1",
					"$(inherited)",
				);
				GCC_SYMBOLS_PRIVATE_EXTERN = NO;
				GCC_VERSION = com.apple.compilers.llvm.clang.1_0;
				GCC_WARN_ABOUT_RETURN_TYPE = YES;
				GCC_WARN_UNINITIALIZED_AUTOS = YES;
				GCC_WARN_UNUSED_VARIABLE = YES;
				IPHONEOS_DEPLOYMENT_TARGET = 5.1;
				SDKROOT = iphoneos;
			};
			name = Debug;
		};
		B55D7CB7155CD169002A2DB2 /* Release */ = {
			isa = XCBuildConfiguration;
			buildSettings = {
				ALWAYS_SEARCH_USER_PATHS = NO;
				ARCHS = "$(ARCHS_STANDARD_32_BIT)";
				CLANG_ENABLE_OBJC_ARC = YES;
				"CODE_SIGN_IDENTITY[sdk=iphoneos*]" = "iPhone Developer";
				COPY_PHASE_STRIP = YES;
				GCC_C_LANGUAGE_STANDARD = gnu99;
				GCC_VERSION = com.apple.compilers.llvm.clang.1_0;
				GCC_WARN_ABOUT_RETURN_TYPE = YES;
				GCC_WARN_UNINITIALIZED_AUTOS = YES;
				GCC_WARN_UNUSED_VARIABLE = YES;
				IPHONEOS_DEPLOYMENT_TARGET = 5.1;
				OTHER_CFLAGS = "-DNS_BLOCK_ASSERTIONS=1";
				SDKROOT = iphoneos;
				VALIDATE_PRODUCT = YES;
			};
			name = Release;
		};
		B55D7CB9155CD169002A2DB2 /* Debug */ = {
			isa = XCBuildConfiguration;
			buildSettings = {
				GCC_PRECOMPILE_PREFIX_HEADER = YES;
				GCC_PREFIX_HEADER = "ScrollViewSmall/ScrollViewSmall-Prefix.pch";
				INFOPLIST_FILE = "ScrollViewSmall/ScrollViewSmall-Info.plist";
				PRODUCT_NAME = "$(TARGET_NAME)";
				WRAPPER_EXTENSION = app;
			};
			name = Debug;
		};
		B55D7CBA155CD169002A2DB2 /* Release */ = {
			isa = XCBuildConfiguration;
			buildSettings = {
				GCC_PRECOMPILE_PREFIX_HEADER = YES;
				GCC_PREFIX_HEADER = "ScrollViewSmall/ScrollViewSmall-Prefix.pch";
				INFOPLIST_FILE = "ScrollViewSmall/ScrollViewSmall-Info.plist";
				PRODUCT_NAME = "$(TARGET_NAME)";
				WRAPPER_EXTENSION = app;
			};
			name = Release;
		};
/* End XCBuildConfiguration section */

/* Begin XCConfigurationList section */
		B55D7C94155CD169002A2DB2 /* Build configuration list for PBXProject "ScrollViewSmall" */ = {
			isa = XCConfigurationList;
			buildConfigurations = (
				B55D7CB6155CD169002A2DB2 /* Debug */,
				B55D7CB7155CD169002A2DB2 /* Release */,
			);
			defaultConfigurationIsVisible = 0;
			defaultConfigurationName = Release;
		};
		B55D7CB8155CD169002A2DB2 /* Build configuration list for PBXNativeTarget "ScrollViewSmall" */ = {
			isa = XCConfigurationList;
			buildConfigurations = (
				B55D7CB9155CD169002A2DB2 /* Debug */,
				B55D7CBA155CD169002A2DB2 /* Release */,
			);
			defaultConfigurationIsVisible = 0;
		};
/* End XCConfigurationList section */
	};
	rootObject = B55D7C91155CD169002A2DB2 /* Project object */;
}
