// !$*UTF8*$!
{
	archiveVersion = 1;
	classes = {
	};
	objectVersion = 46;
	objects = {

/* Begin PBXBuildFile section */
		B5E9B6BA150C836500DF50F7 /* UIKit.framework in Frameworks */ = {isa = PBXBuildFile; fileRef = B5E9B6B9150C836500DF50F7 /* UIKit.framework */; };
		B5E9B6BC150C836500DF50F7 /* Foundation.framework in Frameworks */ = {isa = PBXBuildFile; fileRef = B5E9B6BB150C836500DF50F7 /* Foundation.framework */; };
		B5E9B6BE150C836500DF50F7 /* CoreGraphics.framework in Frameworks */ = {isa = PBXBuildFile; fileRef = B5E9B6BD150C836500DF50F7 /* CoreGraphics.framework */; };
		B5E9B6C4150C836500DF50F7 /* InfoPlist.strings in Resources */ = {isa = PBXBuildFile; fileRef = B5E9B6C2150C836500DF50F7 /* InfoPlist.strings */; };
		B5E9B6C6150C836500DF50F7 /* main.m in Sources */ = {isa = PBXBuildFile; fileRef = B5E9B6C5150C836500DF50F7 /* main.m */; };
		B5E9B6CA150C836500DF50F7 /* AppDelegate.m in Sources */ = {isa = PBXBuildFile; fileRef = B5E9B6C9150C836500DF50F7 /* AppDelegate.m */; };
		B5E9B6CD150C836500DF50F7 /* MainStoryboard_iPhone.storyboard in Resources */ = {isa = PBXBuildFile; fileRef = B5E9B6CB150C836500DF50F7 /* MainStoryboard_iPhone.storyboard */; };
		B5E9B6D0150C836500DF50F7 /* MainStoryboard_iPad.storyboard in Resources */ = {isa = PBXBuildFile; fileRef = B5E9B6CE150C836500DF50F7 /* MainStoryboard_iPad.storyboard */; };
		B5E9B6D3150C836500DF50F7 /* ViewController.m in Sources */ = {isa = PBXBuildFile; fileRef = B5E9B6D2150C836500DF50F7 /* ViewController.m */; };
		B5E9B6DB150C836500DF50F7 /* SenTestingKit.framework in Frameworks */ = {isa = PBXBuildFile; fileRef = B5E9B6DA150C836500DF50F7 /* SenTestingKit.framework */; };
		B5E9B6DC150C836500DF50F7 /* UIKit.framework in Frameworks */ = {isa = PBXBuildFile; fileRef = B5E9B6B9150C836500DF50F7 /* UIKit.framework */; };
		B5E9B6DD150C836500DF50F7 /* Foundation.framework in Frameworks */ = {isa = PBXBuildFile; fileRef = B5E9B6BB150C836500DF50F7 /* Foundation.framework */; };
		B5E9B6E5150C836500DF50F7 /* InfoPlist.strings in Resources */ = {isa = PBXBuildFile; fileRef = B5E9B6E3150C836500DF50F7 /* InfoPlist.strings */; };
		B5E9B6E8150C836500DF50F7 /* SimpleAppTests.m in Sources */ = {isa = PBXBuildFile; fileRef = B5E9B6E7150C836500DF50F7 /* SimpleAppTests.m */; };
/* End PBXBuildFile section */

/* Begin PBXContainerItemProxy section */
		B5E9B6DE150C836500DF50F7 /* PBXContainerItemProxy */ = {
			isa = PBXContainerItemProxy;
			containerPortal = B5E9B6AC150C836500DF50F7 /* Project object */;
			proxyType = 1;
			remoteGlobalIDString = B5E9B6B4150C836500DF50F7;
			remoteInfo = SimpleApp;
		};
/* End PBXContainerItemProxy section */

/* Begin PBXFileReference section */
		B5E9B6B5150C836500DF50F7 /* SimpleApp.app */ = {isa = PBXFileReference; explicitFileType = wrapper.application; includeInIndex = 0; path = SimpleApp.app; sourceTree = BUILT_PRODUCTS_DIR; };
		B5E9B6B9150C836500DF50F7 /* UIKit.framework */ = {isa = PBXFileReference; lastKnownFileType = wrapper.framework; name = UIKit.framework; path = System/Library/Frameworks/UIKit.framework; sourceTree = SDKROOT; };
		B5E9B6BB150C836500DF50F7 /* Foundation.framework */ = {isa = PBXFileReference; lastKnownFileType = wrapper.framework; name = Foundation.framework; path = System/Library/Frameworks/Foundation.framework; sourceTree = SDKROOT; };
		B5E9B6BD150C836500DF50F7 /* CoreGraphics.framework */ = {isa = PBXFileReference; lastKnownFileType = wrapper.framework; name = CoreGraphics.framework; path = System/Library/Frameworks/CoreGraphics.framework; sourceTree = SDKROOT; };
		B5E9B6C1150C836500DF50F7 /* SimpleApp-Info.plist */ = {isa = PBXFileReference; path = "SimpleApp-Info.plist"; sourceTree = "<group>"; };
		B5E9B6C3150C836500DF50F7 /* en */ = {isa = PBXFileReference; lastKnownFileType = text.plist.strings; name = en; path = en.lproj/InfoPlist.strings; sourceTree = "<group>"; };
		B5E9B6C5150C836500DF50F7 /* main.m */ = {isa = PBXFileReference; lastKnownFileType = sourcecode.c.objc; path = main.m; sourceTree = "<group>"; };
		B5E9B6C7150C836500DF50F7 /* SimpleApp-Prefix.pch */ = {isa = PBXFileReference; path = "SimpleApp-Prefix.pch"; sourceTree = "<group>"; };
		B5E9B6C8150C836500DF50F7 /* AppDelegate.h */ = {isa = PBXFileReference; path = AppDelegate.h; sourceTree = "<group>"; };
		B5E9B6C9150C836500DF50F7 /* AppDelegate.m */ = {isa = PBXFileReference; lastKnownFileType = sourcecode.c.objc; path = AppDelegate.m; sourceTree = "<group>"; };
		B5E9B6CC150C836500DF50F7 /* en */ = {isa = PBXFileReference; lastKnownFileType = file.storyboard; name = en; path = en.lproj/MainStoryboard_iPhone.storyboard; sourceTree = "<group>"; };
		B5E9B6CF150C836500DF50F7 /* en */ = {isa = PBXFileReference; lastKnownFileType = file.storyboard; name = en; path = en.lproj/MainStoryboard_iPad.storyboard; sourceTree = "<group>"; };
		B5E9B6D1150C836500DF50F7 /* ViewController.h */ = {isa = PBXFileReference; path = ViewController.h; sourceTree = "<group>"; };
		B5E9B6D2150C836500DF50F7 /* ViewController.m */ = {isa = PBXFileReference; lastKnownFileType = sourcecode.c.objc; path = ViewController.m; sourceTree = "<group>"; };
		B5E9B6D9150C836500DF50F7 /* SimpleAppTests.octest */ = {isa = PBXFileReference; explicitFileType = wrapper.cfbundle; includeInIndex = 0; path = SimpleAppTests.octest; sourceTree = BUILT_PRODUCTS_DIR; };
		B5E9B6DA150C836500DF50F7 /* SenTestingKit.framework */ = {isa = PBXFileReference; lastKnownFileType = wrapper.framework; name = SenTestingKit.framework; path = Library/Frameworks/SenTestingKit.framework; sourceTree = DEVELOPER_DIR; };
		B5E9B6E2150C836500DF50F7 /* SimpleAppTests-Info.plist */ = {isa = PBXFileReference; path = "SimpleAppTests-Info.plist"; sourceTree = "<group>"; };
		B5E9B6E4150C836500DF50F7 /* en */ = {isa = PBXFileReference; lastKnownFileType = text.plist.strings; name = en; path = en.lproj/InfoPlist.strings; sourceTree = "<group>"; };
		B5E9B6E6150C836500DF50F7 /* SimpleAppTests.h */ = {isa = PBXFileReference; path = SimpleAppTests.h; sourceTree = "<group>"; };
		B5E9B6E7150C836500DF50F7 /* SimpleAppTests.m */ = {isa = PBXFileReference; lastKnownFileType = sourcecode.c.objc; path = SimpleAppTests.m; sourceTree = "<group>"; };
/* End PBXFileReference section */

/* Begin PBXFrameworksBuildPhase section */
		B5E9B6B2150C836500DF50F7 /* Frameworks */ = {
			isa = PBXFrameworksBuildPhase;
			buildActionMask = 2147483647;
			files = (
				B5E9B6BA150C836500DF50F7 /* UIKit.framework in Frameworks */,
				B5E9B6BC150C836500DF50F7 /* Foundation.framework in Frameworks */,
				B5E9B6BE150C836500DF50F7 /* CoreGraphics.framework in Frameworks */,
			);
			runOnlyForDeploymentPostprocessing = 0;
		};
		B5E9B6D5150C836500DF50F7 /* Frameworks */ = {
			isa = PBXFrameworksBuildPhase;
			buildActionMask = 2147483647;
			files = (
				B5E9B6DB150C836500DF50F7 /* SenTestingKit.framework in Frameworks */,
				B5E9B6DC150C836500DF50F7 /* UIKit.framework in Frameworks */,
				B5E9B6DD150C836500DF50F7 /* Foundation.framework in Frameworks */,
			);
			runOnlyForDeploymentPostprocessing = 0;
		};
/* End PBXFrameworksBuildPhase section */

/* Begin PBXGroup section */
		B5E9B6AA150C836500DF50F7 = {
			isa = PBXGroup;
			children = (
				B5E9B6BF150C836500DF50F7 /* SimpleApp */,
				B5E9B6E0150C836500DF50F7 /* SimpleAppTests */,
				B5E9B6B8150C836500DF50F7 /* Frameworks */,
				B5E9B6B6150C836500DF50F7 /* Products */,
			);
			sourceTree = "<group>";
		};
		B5E9B6B6150C836500DF50F7 /* Products */ = {
			isa = PBXGroup;
			children = (
				B5E9B6B5150C836500DF50F7 /* SimpleApp.app */,
				B5E9B6D9150C836500DF50F7 /* SimpleAppTests.octest */,
			);
			name = Products;
			sourceTree = "<group>";
		};
		B5E9B6B8150C836500DF50F7 /* Frameworks */ = {
			isa = PBXGroup;
			children = (
				B5E9B6B9150C836500DF50F7 /* UIKit.framework */,
				B5E9B6BB150C836500DF50F7 /* Foundation.framework */,
				B5E9B6BD150C836500DF50F7 /* CoreGraphics.framework */,
				B5E9B6DA150C836500DF50F7 /* SenTestingKit.framework */,
			);
			name = Frameworks;
			sourceTree = "<group>";
		};
		B5E9B6BF150C836500DF50F7 /* SimpleApp */ = {
			isa = PBXGroup;
			children = (
				B5E9B6C8150C836500DF50F7 /* AppDelegate.h */,
				B5E9B6C9150C836500DF50F7 /* AppDelegate.m */,
				B5E9B6CB150C836500DF50F7 /* MainStoryboard_iPhone.storyboard */,
				B5E9B6CE150C836500DF50F7 /* MainStoryboard_iPad.storyboard */,
				B5E9B6D1150C836500DF50F7 /* ViewController.h */,
				B5E9B6D2150C836500DF50F7 /* ViewController.m */,
				B5E9B6C0150C836500DF50F7 /* Supporting Files */,
			);
			path = SimpleApp;
			sourceTree = "<group>";
		};
		B5E9B6C0150C836500DF50F7 /* Supporting Files */ = {
			isa = PBXGroup;
			children = (
				B5E9B6C1150C836500DF50F7 /* SimpleApp-Info.plist */,
				B5E9B6C2150C836500DF50F7 /* InfoPlist.strings */,
				B5E9B6C5150C836500DF50F7 /* main.m */,
				B5E9B6C7150C836500DF50F7 /* SimpleApp-Prefix.pch */,
			);
			name = "Supporting Files";
			sourceTree = "<group>";
		};
		B5E9B6E0150C836500DF50F7 /* SimpleAppTests */ = {
			isa = PBXGroup;
			children = (
				B5E9B6E6150C836500DF50F7 /* SimpleAppTests.h */,
				B5E9B6E7150C836500DF50F7 /* SimpleAppTests.m */,
				B5E9B6E1150C836500DF50F7 /* Supporting Files */,
			);
			path = SimpleAppTests;
			sourceTree = "<group>";
		};
		B5E9B6E1150C836500DF50F7 /* Supporting Files */ = {
			isa = PBXGroup;
			children = (
				B5E9B6E2150C836500DF50F7 /* SimpleAppTests-Info.plist */,
				B5E9B6E3150C836500DF50F7 /* InfoPlist.strings */,
			);
			name = "Supporting Files";
			sourceTree = "<group>";
		};
/* End PBXGroup section */

/* Begin PBXNativeTarget section */
		B5E9B6B4150C836500DF50F7 /* SimpleApp */ = {
			isa = PBXNativeTarget;
			buildConfigurationList = B5E9B6EB150C836500DF50F7 /* Build configuration list for PBXNativeTarget "SimpleApp" */;
			buildPhases = (
				B5E9B6B1150C836500DF50F7 /* Sources */,
				B5E9B6B2150C836500DF50F7 /* Frameworks */,
				B5E9B6B3150C836500DF50F7 /* Resources */,
			);
			buildRules = (
			);
			dependencies = (
			);
			name = SimpleApp;
			productName = SimpleApp;
			productReference = B5E9B6B5150C836500DF50F7 /* SimpleApp.app */;
			productType = "com.apple.product-type.application";
		};
		B5E9B6D8150C836500DF50F7 /* SimpleAppTests */ = {
			isa = PBXNativeTarget;
			buildConfigurationList = B5E9B6EE150C836500DF50F7 /* Build configuration list for PBXNativeTarget "SimpleAppTests" */;
			buildPhases = (
				B5E9B6D4150C836500DF50F7 /* Sources */,
				B5E9B6D5150C836500DF50F7 /* Frameworks */,
				B5E9B6D6150C836500DF50F7 /* Resources */,
				B5E9B6D7150C836500DF50F7 /* ShellScript */,
			);
			buildRules = (
			);
			dependencies = (
				B5E9B6DF150C836500DF50F7 /* PBXTargetDependency */,
			);
			name = SimpleAppTests;
			productName = SimpleAppTests;
			productReference = B5E9B6D9150C836500DF50F7 /* SimpleAppTests.octest */;
			productType = "com.apple.product-type.bundle";
		};
/* End PBXNativeTarget section */

/* Begin PBXProject section */
		B5E9B6AC150C836500DF50F7 /* Project object */ = {
			isa = PBXProject;
			attributes = {
				LastUpgradeCheck = 0430;
			};
			buildConfigurationList = B5E9B6AF150C836500DF50F7 /* Build configuration list for PBXProject "SimpleApp" */;
			compatibilityVersion = "Xcode 3.2";
			developmentRegion = English;
			hasScannedForEncodings = 0;
			knownRegions = (
				en,
			);
			mainGroup = B5E9B6AA150C836500DF50F7;
			productRefGroup = B5E9B6B6150C836500DF50F7 /* Products */;
			projectDirPath = "";
			projectRoot = "";
			targets = (
				B5E9B6B4150C836500DF50F7 /* SimpleApp */,
				B5E9B6D8150C836500DF50F7 /* SimpleAppTests */,
			);
		};
/* End PBXProject section */

/* Begin PBXResourcesBuildPhase section */
		B5E9B6B3150C836500DF50F7 /* Resources */ = {
			isa = PBXResourcesBuildPhase;
			buildActionMask = 2147483647;
			files = (
				B5E9B6C4150C836500DF50F7 /* InfoPlist.strings in Resources */,
				B5E9B6CD150C836500DF50F7 /* MainStoryboard_iPhone.storyboard in Resources */,
				B5E9B6D0150C836500DF50F7 /* MainStoryboard_iPad.storyboard in Resources */,
			);
			runOnlyForDeploymentPostprocessing = 0;
		};
		B5E9B6D6150C836500DF50F7 /* Resources */ = {
			isa = PBXResourcesBuildPhase;
			buildActionMask = 2147483647;
			files = (
				B5E9B6E5150C836500DF50F7 /* InfoPlist.strings in Resources */,
			);
			runOnlyForDeploymentPostprocessing = 0;
		};
/* End PBXResourcesBuildPhase section */

/* Begin PBXShellScriptBuildPhase section */
		B5E9B6D7150C836500DF50F7 /* ShellScript */ = {
			isa = PBXShellScriptBuildPhase;
			buildActionMask = 2147483647;
			files = (
			);
			inputPaths = (
			);
			outputPaths = (
			);
			runOnlyForDeploymentPostprocessing = 0;
			shellPath = /bin/sh;
			shellScript = "# Run the unit tests in this test bundle.\n\"${SYSTEM_DEVELOPER_DIR}/Tools/RunUnitTests\"\n";
		};
/* End PBXShellScriptBuildPhase section */

/* Begin PBXSourcesBuildPhase section */
		B5E9B6B1150C836500DF50F7 /* Sources */ = {
			isa = PBXSourcesBuildPhase;
			buildActionMask = 2147483647;
			files = (
				B5E9B6C6150C836500DF50F7 /* main.m in Sources */,
				B5E9B6CA150C836500DF50F7 /* AppDelegate.m in Sources */,
				B5E9B6D3150C836500DF50F7 /* ViewController.m in Sources */,
			);
			runOnlyForDeploymentPostprocessing = 0;
		};
		B5E9B6D4150C836500DF50F7 /* Sources */ = {
			isa = PBXSourcesBuildPhase;
			buildActionMask = 2147483647;
			files = (
				B5E9B6E8150C836500DF50F7 /* SimpleAppTests.m in Sources */,
			);
			runOnlyForDeploymentPostprocessing = 0;
		};
/* End PBXSourcesBuildPhase section */

/* Begin PBXTargetDependency section */
		B5E9B6DF150C836500DF50F7 /* PBXTargetDependency */ = {
			isa = PBXTargetDependency;
			target = B5E9B6B4150C836500DF50F7 /* SimpleApp */;
			targetProxy = B5E9B6DE150C836500DF50F7 /* PBXContainerItemProxy */;
		};
/* End PBXTargetDependency section */

/* Begin PBXVariantGroup section */
		B5E9B6C2150C836500DF50F7 /* InfoPlist.strings */ = {
			isa = PBXVariantGroup;
			children = (
				B5E9B6C3150C836500DF50F7 /* en */,
			);
			name = InfoPlist.strings;
			sourceTree = "<group>";
		};
		B5E9B6CB150C836500DF50F7 /* MainStoryboard_iPhone.storyboard */ = {
			isa = PBXVariantGroup;
			children = (
				B5E9B6CC150C836500DF50F7 /* en */,
			);
			name = MainStoryboard_iPhone.storyboard;
			sourceTree = "<group>";
		};
		B5E9B6CE150C836500DF50F7 /* MainStoryboard_iPad.storyboard */ = {
			isa = PBXVariantGroup;
			children = (
				B5E9B6CF150C836500DF50F7 /* en */,
			);
			name = MainStoryboard_iPad.storyboard;
			sourceTree = "<group>";
		};
		B5E9B6E3150C836500DF50F7 /* InfoPlist.strings */ = {
			isa = PBXVariantGroup;
			children = (
				B5E9B6E4150C836500DF50F7 /* en */,
			);
			name = InfoPlist.strings;
			sourceTree = "<group>";
		};
/* End PBXVariantGroup section */

/* Begin XCBuildConfiguration section */
		B5E9B6E9150C836500DF50F7 /* Debug */ = {
			isa = XCBuildConfiguration;
			buildSettings = {
				ALWAYS_SEARCH_USER_PATHS = NO;
				ARCHS = "$(ARCHS_STANDARD_32_BIT)";
				CLANG_ENABLE_OBJC_ARC = YES;
				"CODE_SIGN_IDENTITY[sdk=iphoneos*]" = "iPhone Developer";
				COPY_PHASE_STRIP = NO;
				GCC_C_LANGUAGE_STANDARD = gnu99;
				GCC_DYNAMIC_NO_PIC = NO;
				GCC_OPTIMIZATION_LEVEL = 0;
				GCC_PREPROCESSOR_DEFINITIONS = (
					"DEBUG=1",
					"$(inherited)",
				);
				GCC_SYMBOLS_PRIVATE_EXTERN = NO;
				GCC_VERSION = com.apple.compilers.llvm.clang.1_0;
				GCC_WARN_ABOUT_RETURN_TYPE = YES;
				GCC_WARN_UNINITIALIZED_AUTOS = YES;
				GCC_WARN_UNUSED_VARIABLE = YES;
				IPHONEOS_DEPLOYMENT_TARGET = 5.1;
				SDKROOT = iphoneos;
				TARGETED_DEVICE_FAMILY = "1,2";
			};
			name = Debug;
		};
		B5E9B6EA150C836500DF50F7 /* Release */ = {
			isa = XCBuildConfiguration;
			buildSettings = {
				ALWAYS_SEARCH_USER_PATHS = NO;
				ARCHS = "$(ARCHS_STANDARD_32_BIT)";
				CLANG_ENABLE_OBJC_ARC = YES;
				"CODE_SIGN_IDENTITY[sdk=iphoneos*]" = "iPhone Developer";
				COPY_PHASE_STRIP = YES;
				GCC_C_LANGUAGE_STANDARD = gnu99;
				GCC_VERSION = com.apple.compilers.llvm.clang.1_0;
				GCC_WARN_ABOUT_RETURN_TYPE = YES;
				GCC_WARN_UNINITIALIZED_AUTOS = YES;
				GCC_WARN_UNUSED_VARIABLE = YES;
				IPHONEOS_DEPLOYMENT_TARGET = 5.1;
				OTHER_CFLAGS = "-DNS_BLOCK_ASSERTIONS=1";
				SDKROOT = iphoneos;
				TARGETED_DEVICE_FAMILY = "1,2";
				VALIDATE_PRODUCT = YES;
			};
			name = Release;
		};
		B5E9B6EC150C836500DF50F7 /* Debug */ = {
			isa = XCBuildConfiguration;
			buildSettings = {
				GCC_PRECOMPILE_PREFIX_HEADER = YES;
				GCC_PREFIX_HEADER = "SimpleApp/SimpleApp-Prefix.pch";
				INFOPLIST_FILE = "SimpleApp/SimpleApp-Info.plist";
				PRODUCT_NAME = "$(TARGET_NAME)";
				WRAPPER_EXTENSION = app;
			};
			name = Debug;
		};
		B5E9B6ED150C836500DF50F7 /* Release */ = {
			isa = XCBuildConfiguration;
			buildSettings = {
				GCC_PRECOMPILE_PREFIX_HEADER = YES;
				GCC_PREFIX_HEADER = "SimpleApp/SimpleApp-Prefix.pch";
				INFOPLIST_FILE = "SimpleApp/SimpleApp-Info.plist";
				PRODUCT_NAME = "$(TARGET_NAME)";
				WRAPPER_EXTENSION = app;
			};
			name = Release;
		};
		B5E9B6EF150C836500DF50F7 /* Debug */ = {
			isa = XCBuildConfiguration;
			buildSettings = {
				BUNDLE_LOADER = "$(BUILT_PRODUCTS_DIR)/SimpleApp.app/SimpleApp";
				FRAMEWORK_SEARCH_PATHS = (
					"$(SDKROOT)/Developer/Library/Frameworks",
					"$(DEVELOPER_LIBRARY_DIR)/Frameworks",
				);
				GCC_PRECOMPILE_PREFIX_HEADER = YES;
				GCC_PREFIX_HEADER = "SimpleApp/SimpleApp-Prefix.pch";
				INFOPLIST_FILE = "SimpleAppTests/SimpleAppTests-Info.plist";
				PRODUCT_NAME = "$(TARGET_NAME)";
				TEST_HOST = "$(BUNDLE_LOADER)";
				WRAPPER_EXTENSION = octest;
			};
			name = Debug;
		};
		B5E9B6F0150C836500DF50F7 /* Release */ = {
			isa = XCBuildConfiguration;
			buildSettings = {
				BUNDLE_LOADER = "$(BUILT_PRODUCTS_DIR)/SimpleApp.app/SimpleApp";
				FRAMEWORK_SEARCH_PATHS = (
					"$(SDKROOT)/Developer/Library/Frameworks",
					"$(DEVELOPER_LIBRARY_DIR)/Frameworks",
				);
				GCC_PRECOMPILE_PREFIX_HEADER = YES;
				GCC_PREFIX_HEADER = "SimpleApp/SimpleApp-Prefix.pch";
				INFOPLIST_FILE = "SimpleAppTests/SimpleAppTests-Info.plist";
				PRODUCT_NAME = "$(TARGET_NAME)";
				TEST_HOST = "$(BUNDLE_LOADER)";
				WRAPPER_EXTENSION = octest;
			};
			name = Release;
		};
/* End XCBuildConfiguration section */

/* Begin XCConfigurationList section */
		B5E9B6AF150C836500DF50F7 /* Build configuration list for PBXProject "SimpleApp" */ = {
			isa = XCConfigurationList;
			buildConfigurations = (
				B5E9B6E9150C836500DF50F7 /* Debug */,
				B5E9B6EA150C836500DF50F7 /* Release */,
			);
			defaultConfigurationIsVisible = 0;
			defaultConfigurationName = Release;
		};
		B5E9B6EB150C836500DF50F7 /* Build configuration list for PBXNativeTarget "SimpleApp" */ = {
			isa = XCConfigurationList;
			buildConfigurations = (
				B5E9B6EC150C836500DF50F7 /* Debug */,
				B5E9B6ED150C836500DF50F7 /* Release */,
			);
			defaultConfigurationIsVisible = 0;
		};
		B5E9B6EE150C836500DF50F7 /* Build configuration list for PBXNativeTarget "SimpleAppTests" */ = {
			isa = XCConfigurationList;
			buildConfigurations = (
				B5E9B6EF150C836500DF50F7 /* Debug */,
				B5E9B6F0150C836500DF50F7 /* Release */,
			);
			defaultConfigurationIsVisible = 0;
		};
/* End XCConfigurationList section */
	};
	rootObject = B5E9B6AC150C836500DF50F7 /* Project object */;
}
